// !$*UTF8*$!
{
	archiveVersion = 1;
	classes = {
	};
	objectVersion = 46;
	objects = {

/* Begin PBXBuildFile section */
		623F5D60196EDB0400DC3EA5 /* Grid.m in Sources */ = {isa = PBXBuildFile; fileRef = 623F5D5F196EDB0400DC3EA5 /* Grid.m */; };
		623F5D6C196F0C7000DC3EA5 /* Gameplay.m in Sources */ = {isa = PBXBuildFile; fileRef = 623F5D6B196F0C7000DC3EA5 /* Gameplay.m */; };
		623F5D71196F128100DC3EA5 /* Dice.m in Sources */ = {isa = PBXBuildFile; fileRef = 623F5D70196F128100DC3EA5 /* Dice.m */; };
		624577E619955C700017D267 /* GameState.m in Sources */ = {isa = PBXBuildFile; fileRef = 624577E519955C700017D267 /* GameState.m */; };
		6264682A199EAB8E00E4FAE2 /* click2.wav in Resources */ = {isa = PBXBuildFile; fileRef = 62646827199EAB8E00E4FAE2 /* click2.wav */; };
		6264682B199EAB8E00E4FAE2 /* pop5.wav in Resources */ = {isa = PBXBuildFile; fileRef = 62646828199EAB8E00E4FAE2 /* pop5.wav */; };
		6264682C199EAB8E00E4FAE2 /* success.wav in Resources */ = {isa = PBXBuildFile; fileRef = 62646829199EAB8E00E4FAE2 /* success.wav */; };
		62646830199EC55C00E4FAE2 /* Credits.m in Sources */ = {isa = PBXBuildFile; fileRef = 6264682F199EC55C00E4FAE2 /* Credits.m */; };
		629019961994FA4F00ADF4DD /* PauseMenu.m in Sources */ = {isa = PBXBuildFile; fileRef = 629019951994FA4F00ADF4DD /* PauseMenu.m */; };
		629AA3671977017C003FA512 /* CATchy.wav in Resources */ = {isa = PBXBuildFile; fileRef = 629AA3661977017C003FA512 /* CATchy.wav */; };
		62C89899199D9327007E6CD2 /* Images.xcassets in Resources */ = {isa = PBXBuildFile; fileRef = 62C89898199D9327007E6CD2 /* Images.xcassets */; };
		62C8989B199DA915007E6CD2 /* libz.dylib in Frameworks */ = {isa = PBXBuildFile; fileRef = 62C8989A199DA915007E6CD2 /* libz.dylib */; };
		62C8989D199DA920007E6CD2 /* MessageUI.framework in Frameworks */ = {isa = PBXBuildFile; fileRef = 62C8989C199DA920007E6CD2 /* MessageUI.framework */; };
		62C8989F199DA929007E6CD2 /* Social.framework in Frameworks */ = {isa = PBXBuildFile; fileRef = 62C8989E199DA929007E6CD2 /* Social.framework */; settings = {ATTRIBUTES = (Weak, ); }; };
		62C898A1199DA93C007E6CD2 /* StoreKit.framework in Frameworks */ = {isa = PBXBuildFile; fileRef = 62C898A0199DA93C007E6CD2 /* StoreKit.framework */; };
		62C898A3199DA973007E6CD2 /* SystemConfiguration.framework in Frameworks */ = {isa = PBXBuildFile; fileRef = 62C898A2199DA973007E6CD2 /* SystemConfiguration.framework */; };
		62C898A5199DA98D007E6CD2 /* Twitter.framework in Frameworks */ = {isa = PBXBuildFile; fileRef = 62C898A4199DA98D007E6CD2 /* Twitter.framework */; settings = {ATTRIBUTES = (Weak, ); }; };
		62C898EE199DAAFD007E6CD2 /* mgwuSDK.framework in Frameworks */ = {isa = PBXBuildFile; fileRef = 62C898A7199DAAFD007E6CD2 /* mgwuSDK.framework */; };
		62C898EF199DAAFD007E6CD2 /* aqua.png in Resources */ = {isa = PBXBuildFile; fileRef = 62C898A9199DAAFD007E6CD2 /* aqua.png */; };
		62C898F0199DAAFD007E6CD2 /* bluechatbubble.png in Resources */ = {isa = PBXBuildFile; fileRef = 62C898AA199DAAFD007E6CD2 /* bluechatbubble.png */; };
		62C898F1199DAAFD007E6CD2 /* CrossPromoViewController.nib in Resources */ = {isa = PBXBuildFile; fileRef = 62C898AB199DAAFD007E6CD2 /* CrossPromoViewController.nib */; };
		62C898F2199DAAFD007E6CD2 /* FacebookIcon.png in Resources */ = {isa = PBXBuildFile; fileRef = 62C898AC199DAAFD007E6CD2 /* FacebookIcon.png */; };
		62C898F3199DAAFD007E6CD2 /* fb_connect.png in Resources */ = {isa = PBXBuildFile; fileRef = 62C898AD199DAAFD007E6CD2 /* fb_connect.png */; };
		62C898F4199DAAFD007E6CD2 /* FBLoginButton.png in Resources */ = {isa = PBXBuildFile; fileRef = 62C898AE199DAAFD007E6CD2 /* FBLoginButton.png */; };
		62C898F5199DAAFD007E6CD2 /* FBLoginButton@2x.png in Resources */ = {isa = PBXBuildFile; fileRef = 62C898AF199DAAFD007E6CD2 /* FBLoginButton@2x.png */; };
		62C898F6199DAAFD007E6CD2 /* FBLoginButtonPressed.png in Resources */ = {isa = PBXBuildFile; fileRef = 62C898B0199DAAFD007E6CD2 /* FBLoginButtonPressed.png */; };
		62C898F7199DAAFD007E6CD2 /* FBLoginButtonPressed@2x.png in Resources */ = {isa = PBXBuildFile; fileRef = 62C898B1199DAAFD007E6CD2 /* FBLoginButtonPressed@2x.png */; };
		62C898F8199DAAFD007E6CD2 /* FBNoThanksButton.png in Resources */ = {isa = PBXBuildFile; fileRef = 62C898B2199DAAFD007E6CD2 /* FBNoThanksButton.png */; };
		62C898F9199DAAFD007E6CD2 /* FBNoThanksButton@2x.png in Resources */ = {isa = PBXBuildFile; fileRef = 62C898B3199DAAFD007E6CD2 /* FBNoThanksButton@2x.png */; };
		62C898FA199DAAFD007E6CD2 /* FBNoThanksButtonPressed.png in Resources */ = {isa = PBXBuildFile; fileRef = 62C898B4199DAAFD007E6CD2 /* FBNoThanksButtonPressed.png */; };
		62C898FB199DAAFD007E6CD2 /* FBNoThanksButtonPressed@2x.png in Resources */ = {isa = PBXBuildFile; fileRef = 62C898B5199DAAFD007E6CD2 /* FBNoThanksButtonPressed@2x.png */; };
		62C898FC199DAAFD007E6CD2 /* green.png in Resources */ = {isa = PBXBuildFile; fileRef = 62C898B6199DAAFD007E6CD2 /* green.png */; };
		62C898FD199DAAFD007E6CD2 /* grey-background.png in Resources */ = {isa = PBXBuildFile; fileRef = 62C898B7199DAAFD007E6CD2 /* grey-background.png */; };
		62C898FE199DAAFD007E6CD2 /* hipmob.back.btn.png in Resources */ = {isa = PBXBuildFile; fileRef = 62C898B8199DAAFD007E6CD2 /* hipmob.back.btn.png */; };
		62C898FF199DAAFD007E6CD2 /* hipmob.send.png in Resources */ = {isa = PBXBuildFile; fileRef = 62C898B9199DAAFD007E6CD2 /* hipmob.send.png */; };
		62C89900199DAAFD007E6CD2 /* hipmobsend_field.png in Resources */ = {isa = PBXBuildFile; fileRef = 62C898BA199DAAFD007E6CD2 /* hipmobsend_field.png */; };
		62C89901199DAAFD007E6CD2 /* hipmobsend_field@2x.png in Resources */ = {isa = PBXBuildFile; fileRef = 62C898BB199DAAFD007E6CD2 /* hipmobsend_field@2x.png */; };
		62C89902199DAAFD007E6CD2 /* mgwu-gk-notification.png in Resources */ = {isa = PBXBuildFile; fileRef = 62C898BC199DAAFD007E6CD2 /* mgwu-gk-notification.png */; };
		62C89903199DAAFD007E6CD2 /* mgwu-gk-notification@2x.png in Resources */ = {isa = PBXBuildFile; fileRef = 62C898BD199DAAFD007E6CD2 /* mgwu-gk-notification@2x.png */; };
		62C89904199DAAFD007E6CD2 /* mgwu-m.png in Resources */ = {isa = PBXBuildFile; fileRef = 62C898BE199DAAFD007E6CD2 /* mgwu-m.png */; };
		62C89905199DAAFD007E6CD2 /* mgwu-m@2x.png in Resources */ = {isa = PBXBuildFile; fileRef = 62C898BF199DAAFD007E6CD2 /* mgwu-m@2x.png */; };
		62C89906199DAAFD007E6CD2 /* MGWUAboutFooter-Landscape-568h@2x~iphone.png in Resources */ = {isa = PBXBuildFile; fileRef = 62C898C0199DAAFD007E6CD2 /* MGWUAboutFooter-Landscape-568h@2x~iphone.png */; };
		62C89907199DAAFD007E6CD2 /* MGWUAboutFooter-Landscape@2x~ipad.png in Resources */ = {isa = PBXBuildFile; fileRef = 62C898C1199DAAFD007E6CD2 /* MGWUAboutFooter-Landscape@2x~ipad.png */; };
		62C89908199DAAFD007E6CD2 /* MGWUAboutFooter-Landscape@2x~iphone.png in Resources */ = {isa = PBXBuildFile; fileRef = 62C898C2199DAAFD007E6CD2 /* MGWUAboutFooter-Landscape@2x~iphone.png */; };
		62C89909199DAAFD007E6CD2 /* MGWUAboutFooter-Landscape~ipad.png in Resources */ = {isa = PBXBuildFile; fileRef = 62C898C3199DAAFD007E6CD2 /* MGWUAboutFooter-Landscape~ipad.png */; };
		62C8990A199DAAFD007E6CD2 /* MGWUAboutFooter-Landscape~iphone.png in Resources */ = {isa = PBXBuildFile; fileRef = 62C898C4199DAAFD007E6CD2 /* MGWUAboutFooter-Landscape~iphone.png */; };
		62C8990B199DAAFD007E6CD2 /* MGWUAboutFooter-Portrait@2x~ipad.png in Resources */ = {isa = PBXBuildFile; fileRef = 62C898C5199DAAFD007E6CD2 /* MGWUAboutFooter-Portrait@2x~ipad.png */; };
		62C8990C199DAAFD007E6CD2 /* MGWUAboutFooter-Portrait@2x~iphone.png in Resources */ = {isa = PBXBuildFile; fileRef = 62C898C6199DAAFD007E6CD2 /* MGWUAboutFooter-Portrait@2x~iphone.png */; };
		62C8990D199DAAFD007E6CD2 /* MGWUAboutFooter-Portrait~ipad.png in Resources */ = {isa = PBXBuildFile; fileRef = 62C898C7199DAAFD007E6CD2 /* MGWUAboutFooter-Portrait~ipad.png */; };
		62C8990E199DAAFD007E6CD2 /* MGWUAboutFooter-Portrait~iphone.png in Resources */ = {isa = PBXBuildFile; fileRef = 62C898C8199DAAFD007E6CD2 /* MGWUAboutFooter-Portrait~iphone.png */; };
		62C8990F199DAAFD007E6CD2 /* MGWUBackground-Landscape@2x~ipad.png in Resources */ = {isa = PBXBuildFile; fileRef = 62C898C9199DAAFD007E6CD2 /* MGWUBackground-Landscape@2x~ipad.png */; };
		62C89910199DAAFD007E6CD2 /* MGWUBackground-Landscape@2x~iphone.png in Resources */ = {isa = PBXBuildFile; fileRef = 62C898CA199DAAFD007E6CD2 /* MGWUBackground-Landscape@2x~iphone.png */; };
		62C89911199DAAFD007E6CD2 /* MGWUBackground-Landscape~ipad.png in Resources */ = {isa = PBXBuildFile; fileRef = 62C898CB199DAAFD007E6CD2 /* MGWUBackground-Landscape~ipad.png */; };
		62C89912199DAAFD007E6CD2 /* MGWUBackground-Landscape~iphone.png in Resources */ = {isa = PBXBuildFile; fileRef = 62C898CC199DAAFD007E6CD2 /* MGWUBackground-Landscape~iphone.png */; };
		62C89913199DAAFD007E6CD2 /* MGWUBackground-Portrait@2x~ipad.png in Resources */ = {isa = PBXBuildFile; fileRef = 62C898CD199DAAFD007E6CD2 /* MGWUBackground-Portrait@2x~ipad.png */; };
		62C89914199DAAFD007E6CD2 /* MGWUBackground-Portrait@2x~iphone.png in Resources */ = {isa = PBXBuildFile; fileRef = 62C898CE199DAAFD007E6CD2 /* MGWUBackground-Portrait@2x~iphone.png */; };
		62C89915199DAAFD007E6CD2 /* MGWUBackground-Portrait~ipad.png in Resources */ = {isa = PBXBuildFile; fileRef = 62C898CF199DAAFD007E6CD2 /* MGWUBackground-Portrait~ipad.png */; };
		62C89916199DAAFD007E6CD2 /* MGWUBackground-Portrait~iphone.png in Resources */ = {isa = PBXBuildFile; fileRef = 62C898D0199DAAFD007E6CD2 /* MGWUBackground-Portrait~iphone.png */; };
		62C89917199DAAFD007E6CD2 /* MGWUBackgroundDark-Landscape@2x~ipad.png in Resources */ = {isa = PBXBuildFile; fileRef = 62C898D1199DAAFD007E6CD2 /* MGWUBackgroundDark-Landscape@2x~ipad.png */; };
		62C89918199DAAFD007E6CD2 /* MGWUBackgroundDark-Landscape@2x~iphone.png in Resources */ = {isa = PBXBuildFile; fileRef = 62C898D2199DAAFD007E6CD2 /* MGWUBackgroundDark-Landscape@2x~iphone.png */; };
		62C89919199DAAFD007E6CD2 /* MGWUBackgroundDark-Landscape~ipad.png in Resources */ = {isa = PBXBuildFile; fileRef = 62C898D3199DAAFD007E6CD2 /* MGWUBackgroundDark-Landscape~ipad.png */; };
		62C8991A199DAAFD007E6CD2 /* MGWUBackgroundDark-Landscape~iphone.png in Resources */ = {isa = PBXBuildFile; fileRef = 62C898D4199DAAFD007E6CD2 /* MGWUBackgroundDark-Landscape~iphone.png */; };
		62C8991B199DAAFD007E6CD2 /* MGWUBackgroundDark-Portrait@2x~ipad.png in Resources */ = {isa = PBXBuildFile; fileRef = 62C898D5199DAAFD007E6CD2 /* MGWUBackgroundDark-Portrait@2x~ipad.png */; };
		62C8991C199DAAFD007E6CD2 /* MGWUBackgroundDark-Portrait@2x~iphone.png in Resources */ = {isa = PBXBuildFile; fileRef = 62C898D6199DAAFD007E6CD2 /* MGWUBackgroundDark-Portrait@2x~iphone.png */; };
		62C8991D199DAAFD007E6CD2 /* MGWUBackgroundDark-Portrait~ipad.png in Resources */ = {isa = PBXBuildFile; fileRef = 62C898D7199DAAFD007E6CD2 /* MGWUBackgroundDark-Portrait~ipad.png */; };
		62C8991E199DAAFD007E6CD2 /* MGWUBackgroundDark-Portrait~iphone.png in Resources */ = {isa = PBXBuildFile; fileRef = 62C898D8199DAAFD007E6CD2 /* MGWUBackgroundDark-Portrait~iphone.png */; };
		62C8991F199DAAFD007E6CD2 /* MGWUClose.png in Resources */ = {isa = PBXBuildFile; fileRef = 62C898D9199DAAFD007E6CD2 /* MGWUClose.png */; };
		62C89920199DAAFD007E6CD2 /* MGWUClose@2x.png in Resources */ = {isa = PBXBuildFile; fileRef = 62C898DA199DAAFD007E6CD2 /* MGWUClose@2x.png */; };
		62C89921199DAAFD007E6CD2 /* MGWUFacebookLoginLandscape.nib in Resources */ = {isa = PBXBuildFile; fileRef = 62C898DB199DAAFD007E6CD2 /* MGWUFacebookLoginLandscape.nib */; };
		62C89922199DAAFD007E6CD2 /* MGWUFacebookLoginLandscapeDark.nib in Resources */ = {isa = PBXBuildFile; fileRef = 62C898DC199DAAFD007E6CD2 /* MGWUFacebookLoginLandscapeDark.nib */; };
		62C89923199DAAFD007E6CD2 /* MGWUFacebookLoginPortrait.nib in Resources */ = {isa = PBXBuildFile; fileRef = 62C898DD199DAAFD007E6CD2 /* MGWUFacebookLoginPortrait.nib */; };
		62C89924199DAAFD007E6CD2 /* MGWUFacebookLoginPortraitDark.nib in Resources */ = {isa = PBXBuildFile; fileRef = 62C898DE199DAAFD007E6CD2 /* MGWUFacebookLoginPortraitDark.nib */; };
		62C89925199DAAFD007E6CD2 /* mgwuLogo.png in Resources */ = {isa = PBXBuildFile; fileRef = 62C898DF199DAAFD007E6CD2 /* mgwuLogo.png */; };
		62C89926199DAAFD007E6CD2 /* mgwuLogo@2x.png in Resources */ = {isa = PBXBuildFile; fileRef = 62C898E0199DAAFD007E6CD2 /* mgwuLogo@2x.png */; };
		62C89927199DAAFD007E6CD2 /* mgwuLogoDark.png in Resources */ = {isa = PBXBuildFile; fileRef = 62C898E1199DAAFD007E6CD2 /* mgwuLogoDark.png */; };
		62C89928199DAAFD007E6CD2 /* mgwuLogoDark@2x.png in Resources */ = {isa = PBXBuildFile; fileRef = 62C898E2199DAAFD007E6CD2 /* mgwuLogoDark@2x.png */; };
		62C89929199DAAFD007E6CD2 /* mgwuPlaceholderIcon.png in Resources */ = {isa = PBXBuildFile; fileRef = 62C898E3199DAAFD007E6CD2 /* mgwuPlaceholderIcon.png */; };
		62C8992A199DAAFD007E6CD2 /* mgwuPlaceholderIcon@2x.png in Resources */ = {isa = PBXBuildFile; fileRef = 62C898E4199DAAFD007E6CD2 /* mgwuPlaceholderIcon@2x.png */; };
		62C8992B199DAAFD007E6CD2 /* mgwuPlaceholderIconDark.png in Resources */ = {isa = PBXBuildFile; fileRef = 62C898E5199DAAFD007E6CD2 /* mgwuPlaceholderIconDark.png */; };
		62C8992C199DAAFD007E6CD2 /* mgwuPlaceholderIconDark@2x.png in Resources */ = {isa = PBXBuildFile; fileRef = 62C898E6199DAAFD007E6CD2 /* mgwuPlaceholderIconDark@2x.png */; };
		62C8992D199DAAFD007E6CD2 /* operator.available.png in Resources */ = {isa = PBXBuildFile; fileRef = 62C898E7199DAAFD007E6CD2 /* operator.available.png */; };
		62C8992E199DAAFD007E6CD2 /* operator.connecting.png in Resources */ = {isa = PBXBuildFile; fileRef = 62C898E8199DAAFD007E6CD2 /* operator.connecting.png */; };
		62C8992F199DAAFD007E6CD2 /* operator.unavailable.png in Resources */ = {isa = PBXBuildFile; fileRef = 62C898E9199DAAFD007E6CD2 /* operator.unavailable.png */; };
		62C89930199DAAFD007E6CD2 /* send-button-active.png in Resources */ = {isa = PBXBuildFile; fileRef = 62C898EA199DAAFD007E6CD2 /* send-button-active.png */; };
		62C89931199DAAFD007E6CD2 /* send-button-inactive.png in Resources */ = {isa = PBXBuildFile; fileRef = 62C898EB199DAAFD007E6CD2 /* send-button-inactive.png */; };
		62C89932199DAAFD007E6CD2 /* send-button-instate.png in Resources */ = {isa = PBXBuildFile; fileRef = 62C898EC199DAAFD007E6CD2 /* send-button-instate.png */; };
		62C89933199DAAFD007E6CD2 /* send-field-landscape.png in Resources */ = {isa = PBXBuildFile; fileRef = 62C898ED199DAAFD007E6CD2 /* send-field-landscape.png */; };
		62C91DA919997D69008A6C9D /* GameEnd.m in Sources */ = {isa = PBXBuildFile; fileRef = 62C91DA819997D69008A6C9D /* GameEnd.m */; };
		62C91DAD1999F4D9008A6C9D /* StatsMenu.m in Sources */ = {isa = PBXBuildFile; fileRef = 62C91DAC1999F4D9008A6C9D /* StatsMenu.m */; };
		62C91DB4199B307B008A6C9D /* HelpMenu.m in Sources */ = {isa = PBXBuildFile; fileRef = 62C91DB3199B307A008A6C9D /* HelpMenu.m */; };
		62EF7F31198814DC001BF598 /* Chain.m in Sources */ = {isa = PBXBuildFile; fileRef = 62EF7F30198814DC001BF598 /* Chain.m */; };
		62FD140B198BEAD8001D87FF /* Levels.plist in Resources */ = {isa = PBXBuildFile; fileRef = 62FD140A198BEAD8001D87FF /* Levels.plist */; };
		8392007A18EE8E3300B6C429 /* GLKit.framework in Frameworks */ = {isa = PBXBuildFile; fileRef = 8392007918EE8E3300B6C429 /* GLKit.framework */; };
		B71F5911188484E7003F4D28 /* iPad-old.png in Resources */ = {isa = PBXBuildFile; fileRef = B71F5907188484E7003F4D28 /* iPad-old.png */; };
		B71F5912188484E7003F4D28 /* iPad-old@2x.png in Resources */ = {isa = PBXBuildFile; fileRef = B71F5908188484E7003F4D28 /* iPad-old@2x.png */; };
		B71F5913188484E7003F4D28 /* iPad.png in Resources */ = {isa = PBXBuildFile; fileRef = B71F5909188484E7003F4D28 /* iPad.png */; };
		B71F5914188484E7003F4D28 /* iPad@2x.png in Resources */ = {isa = PBXBuildFile; fileRef = B71F590A188484E7003F4D28 /* iPad@2x.png */; };
		B71F5915188484E7003F4D28 /* iPhone-old.png in Resources */ = {isa = PBXBuildFile; fileRef = B71F590B188484E7003F4D28 /* iPhone-old.png */; };
		B71F5916188484E7003F4D28 /* iPhone-old@2x.png in Resources */ = {isa = PBXBuildFile; fileRef = B71F590C188484E7003F4D28 /* iPhone-old@2x.png */; };
		B71F5917188484E7003F4D28 /* iPhone.png in Resources */ = {isa = PBXBuildFile; fileRef = B71F590D188484E7003F4D28 /* iPhone.png */; };
		B71F5918188484E7003F4D28 /* iPhone@2x.png in Resources */ = {isa = PBXBuildFile; fileRef = B71F590E188484E7003F4D28 /* iPhone@2x.png */; };
		B71F5919188484E7003F4D28 /* Settings.png in Resources */ = {isa = PBXBuildFile; fileRef = B71F590F188484E7003F4D28 /* Settings.png */; };
		B71F591A188484E7003F4D28 /* Settings@2x.png in Resources */ = {isa = PBXBuildFile; fileRef = B71F5910188484E7003F4D28 /* Settings@2x.png */; };
		B737893B180761570076A88C /* Published-iOS in Resources */ = {isa = PBXBuildFile; fileRef = B737893A180761570076A88C /* Published-iOS */; };
		B737893F1807617C0076A88C /* AppDelegate.m in Sources */ = {isa = PBXBuildFile; fileRef = B737893E1807617C0076A88C /* AppDelegate.m */; };
		B7378975180762440076A88C /* Default-568h@2x.png in Resources */ = {isa = PBXBuildFile; fileRef = B737896B180762440076A88C /* Default-568h@2x.png */; };
		B7378976180762440076A88C /* Default-Landscape~ipad.png in Resources */ = {isa = PBXBuildFile; fileRef = B737896C180762440076A88C /* Default-Landscape~ipad.png */; };
		B7378977180762440076A88C /* Default.png in Resources */ = {isa = PBXBuildFile; fileRef = B737896D180762440076A88C /* Default.png */; };
		B7378978180762440076A88C /* Default@2x.png in Resources */ = {isa = PBXBuildFile; fileRef = B737896E180762440076A88C /* Default@2x.png */; };
		B73789871807631A0076A88C /* main.m in Sources */ = {isa = PBXBuildFile; fileRef = B73789851807631A0076A88C /* main.m */; };
		B737898A1807642B0076A88C /* libcocos2d.a in Frameworks */ = {isa = PBXBuildFile; fileRef = B737894B180761A90076A88C /* libcocos2d.a */; };
		B7378994180767190076A88C /* MainScene.m in Sources */ = {isa = PBXBuildFile; fileRef = B7378993180767190076A88C /* MainScene.m */; };
		B77F1B3217B978D7009739AE /* QuartzCore.framework in Frameworks */ = {isa = PBXBuildFile; fileRef = B77F1B3117B978D7009739AE /* QuartzCore.framework */; };
		B77F1B3417B978D7009739AE /* OpenGLES.framework in Frameworks */ = {isa = PBXBuildFile; fileRef = B77F1B3317B978D7009739AE /* OpenGLES.framework */; };
		B77F1B3617B978D7009739AE /* OpenAL.framework in Frameworks */ = {isa = PBXBuildFile; fileRef = B77F1B3517B978D7009739AE /* OpenAL.framework */; };
		B77F1B3817B978D7009739AE /* AudioToolbox.framework in Frameworks */ = {isa = PBXBuildFile; fileRef = B77F1B3717B978D7009739AE /* AudioToolbox.framework */; };
		B77F1B3A17B978D7009739AE /* AVFoundation.framework in Frameworks */ = {isa = PBXBuildFile; fileRef = B77F1B3917B978D7009739AE /* AVFoundation.framework */; };
		B77F1B3C17B978D7009739AE /* UIKit.framework in Frameworks */ = {isa = PBXBuildFile; fileRef = B77F1B3B17B978D7009739AE /* UIKit.framework */; };
		B77F1B3E17B978D7009739AE /* Foundation.framework in Frameworks */ = {isa = PBXBuildFile; fileRef = B77F1B3D17B978D7009739AE /* Foundation.framework */; };
		B77F1B4017B978D7009739AE /* CoreGraphics.framework in Frameworks */ = {isa = PBXBuildFile; fileRef = B77F1B3F17B978D7009739AE /* CoreGraphics.framework */; };
		B77F1B4217B978D7009739AE /* CoreText.framework in Frameworks */ = {isa = PBXBuildFile; fileRef = B77F1B4117B978D7009739AE /* CoreText.framework */; };
/* End PBXBuildFile section */

/* Begin PBXContainerItemProxy section */
		B737894A180761A90076A88C /* PBXContainerItemProxy */ = {
			isa = PBXContainerItemProxy;
			containerPortal = B7378940180761A80076A88C /* cocos2d-ios.xcodeproj */;
			proxyType = 2;
			remoteGlobalIDString = 5018F24D0DFDEAC400C013A5;
			remoteInfo = cocos2d;
		};
		B7378988180764180076A88C /* PBXContainerItemProxy */ = {
			isa = PBXContainerItemProxy;
			containerPortal = B7378940180761A80076A88C /* cocos2d-ios.xcodeproj */;
			proxyType = 1;
			remoteGlobalIDString = 5018F24C0DFDEAC400C013A5;
			remoteInfo = cocos2d;
		};
/* End PBXContainerItemProxy section */

/* Begin PBXFileReference section */
		623F5D5E196EDB0400DC3EA5 /* Grid.h */ = {isa = PBXFileReference; fileEncoding = 4; lastKnownFileType = sourcecode.c.h; name = Grid.h; path = Source/Grid.h; sourceTree = "<group>"; };
		623F5D5F196EDB0400DC3EA5 /* Grid.m */ = {isa = PBXFileReference; fileEncoding = 4; lastKnownFileType = sourcecode.c.objc; name = Grid.m; path = Source/Grid.m; sourceTree = "<group>"; };
		623F5D6A196F0C7000DC3EA5 /* Gameplay.h */ = {isa = PBXFileReference; fileEncoding = 4; lastKnownFileType = sourcecode.c.h; name = Gameplay.h; path = Source/Gameplay.h; sourceTree = "<group>"; };
		623F5D6B196F0C7000DC3EA5 /* Gameplay.m */ = {isa = PBXFileReference; fileEncoding = 4; lastKnownFileType = sourcecode.c.objc; name = Gameplay.m; path = Source/Gameplay.m; sourceTree = "<group>"; };
		623F5D6F196F128100DC3EA5 /* Dice.h */ = {isa = PBXFileReference; fileEncoding = 4; lastKnownFileType = sourcecode.c.h; name = Dice.h; path = Source/Dice.h; sourceTree = "<group>"; };
		623F5D70196F128100DC3EA5 /* Dice.m */ = {isa = PBXFileReference; fileEncoding = 4; lastKnownFileType = sourcecode.c.objc; name = Dice.m; path = Source/Dice.m; sourceTree = "<group>"; };
		624577E419955C700017D267 /* GameState.h */ = {isa = PBXFileReference; fileEncoding = 4; lastKnownFileType = sourcecode.c.h; name = GameState.h; path = Source/GameState.h; sourceTree = "<group>"; };
		624577E519955C700017D267 /* GameState.m */ = {isa = PBXFileReference; fileEncoding = 4; lastKnownFileType = sourcecode.c.objc; name = GameState.m; path = Source/GameState.m; sourceTree = "<group>"; };
		62646827199EAB8E00E4FAE2 /* click2.wav */ = {isa = PBXFileReference; lastKnownFileType = audio.wav; path = click2.wav; sourceTree = "<group>"; };
		62646828199EAB8E00E4FAE2 /* pop5.wav */ = {isa = PBXFileReference; lastKnownFileType = audio.wav; path = pop5.wav; sourceTree = "<group>"; };
		62646829199EAB8E00E4FAE2 /* success.wav */ = {isa = PBXFileReference; lastKnownFileType = audio.wav; path = success.wav; sourceTree = "<group>"; };
		6264682E199EC55C00E4FAE2 /* Credits.h */ = {isa = PBXFileReference; fileEncoding = 4; lastKnownFileType = sourcecode.c.h; name = Credits.h; path = Source/Credits.h; sourceTree = "<group>"; };
		6264682F199EC55C00E4FAE2 /* Credits.m */ = {isa = PBXFileReference; fileEncoding = 4; lastKnownFileType = sourcecode.c.objc; name = Credits.m; path = Source/Credits.m; sourceTree = "<group>"; };
		629019941994FA4F00ADF4DD /* PauseMenu.h */ = {isa = PBXFileReference; fileEncoding = 4; lastKnownFileType = sourcecode.c.h; name = PauseMenu.h; path = Source/PauseMenu.h; sourceTree = "<group>"; };
		629019951994FA4F00ADF4DD /* PauseMenu.m */ = {isa = PBXFileReference; fileEncoding = 4; lastKnownFileType = sourcecode.c.objc; name = PauseMenu.m; path = Source/PauseMenu.m; sourceTree = "<group>"; };
		629AA3661977017C003FA512 /* CATchy.wav */ = {isa = PBXFileReference; lastKnownFileType = audio.wav; path = CATchy.wav; sourceTree = "<group>"; };
		62C89898199D9327007E6CD2 /* Images.xcassets */ = {isa = PBXFileReference; lastKnownFileType = folder.assetcatalog; name = Images.xcassets; path = "Dicecream Sandwich/Images.xcassets"; sourceTree = SOURCE_ROOT; };
		62C8989A199DA915007E6CD2 /* libz.dylib */ = {isa = PBXFileReference; lastKnownFileType = "compiled.mach-o.dylib"; name = libz.dylib; path = usr/lib/libz.dylib; sourceTree = SDKROOT; };
		62C8989C199DA920007E6CD2 /* MessageUI.framework */ = {isa = PBXFileReference; lastKnownFileType = wrapper.framework; name = MessageUI.framework; path = System/Library/Frameworks/MessageUI.framework; sourceTree = SDKROOT; };
		62C8989E199DA929007E6CD2 /* Social.framework */ = {isa = PBXFileReference; lastKnownFileType = wrapper.framework; name = Social.framework; path = System/Library/Frameworks/Social.framework; sourceTree = SDKROOT; };
		62C898A0199DA93C007E6CD2 /* StoreKit.framework */ = {isa = PBXFileReference; lastKnownFileType = wrapper.framework; name = StoreKit.framework; path = System/Library/Frameworks/StoreKit.framework; sourceTree = SDKROOT; };
		62C898A2199DA973007E6CD2 /* SystemConfiguration.framework */ = {isa = PBXFileReference; lastKnownFileType = wrapper.framework; name = SystemConfiguration.framework; path = System/Library/Frameworks/SystemConfiguration.framework; sourceTree = SDKROOT; };
		62C898A4199DA98D007E6CD2 /* Twitter.framework */ = {isa = PBXFileReference; lastKnownFileType = wrapper.framework; name = Twitter.framework; path = System/Library/Frameworks/Twitter.framework; sourceTree = SDKROOT; };
		62C898A7199DAAFD007E6CD2 /* mgwuSDK.framework */ = {isa = PBXFileReference; lastKnownFileType = wrapper.framework; path = mgwuSDK.framework; sourceTree = "<group>"; };
		62C898A9199DAAFD007E6CD2 /* aqua.png */ = {isa = PBXFileReference; lastKnownFileType = image.png; path = aqua.png; sourceTree = "<group>"; };
		62C898AA199DAAFD007E6CD2 /* bluechatbubble.png */ = {isa = PBXFileReference; lastKnownFileType = image.png; path = bluechatbubble.png; sourceTree = "<group>"; };
		62C898AB199DAAFD007E6CD2 /* CrossPromoViewController.nib */ = {isa = PBXFileReference; lastKnownFileType = file.bplist; path = CrossPromoViewController.nib; sourceTree = "<group>"; };
		62C898AC199DAAFD007E6CD2 /* FacebookIcon.png */ = {isa = PBXFileReference; lastKnownFileType = image.png; path = FacebookIcon.png; sourceTree = "<group>"; };
		62C898AD199DAAFD007E6CD2 /* fb_connect.png */ = {isa = PBXFileReference; lastKnownFileType = image.png; path = fb_connect.png; sourceTree = "<group>"; };
		62C898AE199DAAFD007E6CD2 /* FBLoginButton.png */ = {isa = PBXFileReference; lastKnownFileType = image.png; path = FBLoginButton.png; sourceTree = "<group>"; };
		62C898AF199DAAFD007E6CD2 /* FBLoginButton@2x.png */ = {isa = PBXFileReference; lastKnownFileType = image.png; path = "FBLoginButton@2x.png"; sourceTree = "<group>"; };
		62C898B0199DAAFD007E6CD2 /* FBLoginButtonPressed.png */ = {isa = PBXFileReference; lastKnownFileType = image.png; path = FBLoginButtonPressed.png; sourceTree = "<group>"; };
		62C898B1199DAAFD007E6CD2 /* FBLoginButtonPressed@2x.png */ = {isa = PBXFileReference; lastKnownFileType = image.png; path = "FBLoginButtonPressed@2x.png"; sourceTree = "<group>"; };
		62C898B2199DAAFD007E6CD2 /* FBNoThanksButton.png */ = {isa = PBXFileReference; lastKnownFileType = image.png; path = FBNoThanksButton.png; sourceTree = "<group>"; };
		62C898B3199DAAFD007E6CD2 /* FBNoThanksButton@2x.png */ = {isa = PBXFileReference; lastKnownFileType = image.png; path = "FBNoThanksButton@2x.png"; sourceTree = "<group>"; };
		62C898B4199DAAFD007E6CD2 /* FBNoThanksButtonPressed.png */ = {isa = PBXFileReference; lastKnownFileType = image.png; path = FBNoThanksButtonPressed.png; sourceTree = "<group>"; };
		62C898B5199DAAFD007E6CD2 /* FBNoThanksButtonPressed@2x.png */ = {isa = PBXFileReference; lastKnownFileType = image.png; path = "FBNoThanksButtonPressed@2x.png"; sourceTree = "<group>"; };
		62C898B6199DAAFD007E6CD2 /* green.png */ = {isa = PBXFileReference; lastKnownFileType = image.png; path = green.png; sourceTree = "<group>"; };
		62C898B7199DAAFD007E6CD2 /* grey-background.png */ = {isa = PBXFileReference; lastKnownFileType = image.png; path = "grey-background.png"; sourceTree = "<group>"; };
		62C898B8199DAAFD007E6CD2 /* hipmob.back.btn.png */ = {isa = PBXFileReference; lastKnownFileType = image.png; path = hipmob.back.btn.png; sourceTree = "<group>"; };
		62C898B9199DAAFD007E6CD2 /* hipmob.send.png */ = {isa = PBXFileReference; lastKnownFileType = image.png; path = hipmob.send.png; sourceTree = "<group>"; };
		62C898BA199DAAFD007E6CD2 /* hipmobsend_field.png */ = {isa = PBXFileReference; lastKnownFileType = image.png; path = hipmobsend_field.png; sourceTree = "<group>"; };
		62C898BB199DAAFD007E6CD2 /* hipmobsend_field@2x.png */ = {isa = PBXFileReference; lastKnownFileType = image.png; path = "hipmobsend_field@2x.png"; sourceTree = "<group>"; };
		62C898BC199DAAFD007E6CD2 /* mgwu-gk-notification.png */ = {isa = PBXFileReference; lastKnownFileType = image.png; path = "mgwu-gk-notification.png"; sourceTree = "<group>"; };
		62C898BD199DAAFD007E6CD2 /* mgwu-gk-notification@2x.png */ = {isa = PBXFileReference; lastKnownFileType = image.png; path = "mgwu-gk-notification@2x.png"; sourceTree = "<group>"; };
		62C898BE199DAAFD007E6CD2 /* mgwu-m.png */ = {isa = PBXFileReference; lastKnownFileType = image.png; path = "mgwu-m.png"; sourceTree = "<group>"; };
		62C898BF199DAAFD007E6CD2 /* mgwu-m@2x.png */ = {isa = PBXFileReference; lastKnownFileType = image.png; path = "mgwu-m@2x.png"; sourceTree = "<group>"; };
		62C898C0199DAAFD007E6CD2 /* MGWUAboutFooter-Landscape-568h@2x~iphone.png */ = {isa = PBXFileReference; lastKnownFileType = image.png; path = "MGWUAboutFooter-Landscape-568h@2x~iphone.png"; sourceTree = "<group>"; };
		62C898C1199DAAFD007E6CD2 /* MGWUAboutFooter-Landscape@2x~ipad.png */ = {isa = PBXFileReference; lastKnownFileType = image.png; path = "MGWUAboutFooter-Landscape@2x~ipad.png"; sourceTree = "<group>"; };
		62C898C2199DAAFD007E6CD2 /* MGWUAboutFooter-Landscape@2x~iphone.png */ = {isa = PBXFileReference; lastKnownFileType = image.png; path = "MGWUAboutFooter-Landscape@2x~iphone.png"; sourceTree = "<group>"; };
		62C898C3199DAAFD007E6CD2 /* MGWUAboutFooter-Landscape~ipad.png */ = {isa = PBXFileReference; lastKnownFileType = image.png; path = "MGWUAboutFooter-Landscape~ipad.png"; sourceTree = "<group>"; };
		62C898C4199DAAFD007E6CD2 /* MGWUAboutFooter-Landscape~iphone.png */ = {isa = PBXFileReference; lastKnownFileType = image.png; path = "MGWUAboutFooter-Landscape~iphone.png"; sourceTree = "<group>"; };
		62C898C5199DAAFD007E6CD2 /* MGWUAboutFooter-Portrait@2x~ipad.png */ = {isa = PBXFileReference; lastKnownFileType = image.png; path = "MGWUAboutFooter-Portrait@2x~ipad.png"; sourceTree = "<group>"; };
		62C898C6199DAAFD007E6CD2 /* MGWUAboutFooter-Portrait@2x~iphone.png */ = {isa = PBXFileReference; lastKnownFileType = image.png; path = "MGWUAboutFooter-Portrait@2x~iphone.png"; sourceTree = "<group>"; };
		62C898C7199DAAFD007E6CD2 /* MGWUAboutFooter-Portrait~ipad.png */ = {isa = PBXFileReference; lastKnownFileType = image.png; path = "MGWUAboutFooter-Portrait~ipad.png"; sourceTree = "<group>"; };
		62C898C8199DAAFD007E6CD2 /* MGWUAboutFooter-Portrait~iphone.png */ = {isa = PBXFileReference; lastKnownFileType = image.png; path = "MGWUAboutFooter-Portrait~iphone.png"; sourceTree = "<group>"; };
		62C898C9199DAAFD007E6CD2 /* MGWUBackground-Landscape@2x~ipad.png */ = {isa = PBXFileReference; lastKnownFileType = image.png; path = "MGWUBackground-Landscape@2x~ipad.png"; sourceTree = "<group>"; };
		62C898CA199DAAFD007E6CD2 /* MGWUBackground-Landscape@2x~iphone.png */ = {isa = PBXFileReference; lastKnownFileType = image.png; path = "MGWUBackground-Landscape@2x~iphone.png"; sourceTree = "<group>"; };
		62C898CB199DAAFD007E6CD2 /* MGWUBackground-Landscape~ipad.png */ = {isa = PBXFileReference; lastKnownFileType = image.png; path = "MGWUBackground-Landscape~ipad.png"; sourceTree = "<group>"; };
		62C898CC199DAAFD007E6CD2 /* MGWUBackground-Landscape~iphone.png */ = {isa = PBXFileReference; lastKnownFileType = image.png; path = "MGWUBackground-Landscape~iphone.png"; sourceTree = "<group>"; };
		62C898CD199DAAFD007E6CD2 /* MGWUBackground-Portrait@2x~ipad.png */ = {isa = PBXFileReference; lastKnownFileType = image.png; path = "MGWUBackground-Portrait@2x~ipad.png"; sourceTree = "<group>"; };
		62C898CE199DAAFD007E6CD2 /* MGWUBackground-Portrait@2x~iphone.png */ = {isa = PBXFileReference; lastKnownFileType = image.png; path = "MGWUBackground-Portrait@2x~iphone.png"; sourceTree = "<group>"; };
		62C898CF199DAAFD007E6CD2 /* MGWUBackground-Portrait~ipad.png */ = {isa = PBXFileReference; lastKnownFileType = image.png; path = "MGWUBackground-Portrait~ipad.png"; sourceTree = "<group>"; };
		62C898D0199DAAFD007E6CD2 /* MGWUBackground-Portrait~iphone.png */ = {isa = PBXFileReference; lastKnownFileType = image.png; path = "MGWUBackground-Portrait~iphone.png"; sourceTree = "<group>"; };
		62C898D1199DAAFD007E6CD2 /* MGWUBackgroundDark-Landscape@2x~ipad.png */ = {isa = PBXFileReference; lastKnownFileType = image.png; path = "MGWUBackgroundDark-Landscape@2x~ipad.png"; sourceTree = "<group>"; };
		62C898D2199DAAFD007E6CD2 /* MGWUBackgroundDark-Landscape@2x~iphone.png */ = {isa = PBXFileReference; lastKnownFileType = image.png; path = "MGWUBackgroundDark-Landscape@2x~iphone.png"; sourceTree = "<group>"; };
		62C898D3199DAAFD007E6CD2 /* MGWUBackgroundDark-Landscape~ipad.png */ = {isa = PBXFileReference; lastKnownFileType = image.png; path = "MGWUBackgroundDark-Landscape~ipad.png"; sourceTree = "<group>"; };
		62C898D4199DAAFD007E6CD2 /* MGWUBackgroundDark-Landscape~iphone.png */ = {isa = PBXFileReference; lastKnownFileType = image.png; path = "MGWUBackgroundDark-Landscape~iphone.png"; sourceTree = "<group>"; };
		62C898D5199DAAFD007E6CD2 /* MGWUBackgroundDark-Portrait@2x~ipad.png */ = {isa = PBXFileReference; lastKnownFileType = image.png; path = "MGWUBackgroundDark-Portrait@2x~ipad.png"; sourceTree = "<group>"; };
		62C898D6199DAAFD007E6CD2 /* MGWUBackgroundDark-Portrait@2x~iphone.png */ = {isa = PBXFileReference; lastKnownFileType = image.png; path = "MGWUBackgroundDark-Portrait@2x~iphone.png"; sourceTree = "<group>"; };
		62C898D7199DAAFD007E6CD2 /* MGWUBackgroundDark-Portrait~ipad.png */ = {isa = PBXFileReference; lastKnownFileType = image.png; path = "MGWUBackgroundDark-Portrait~ipad.png"; sourceTree = "<group>"; };
		62C898D8199DAAFD007E6CD2 /* MGWUBackgroundDark-Portrait~iphone.png */ = {isa = PBXFileReference; lastKnownFileType = image.png; path = "MGWUBackgroundDark-Portrait~iphone.png"; sourceTree = "<group>"; };
		62C898D9199DAAFD007E6CD2 /* MGWUClose.png */ = {isa = PBXFileReference; lastKnownFileType = image.png; path = MGWUClose.png; sourceTree = "<group>"; };
		62C898DA199DAAFD007E6CD2 /* MGWUClose@2x.png */ = {isa = PBXFileReference; lastKnownFileType = image.png; path = "MGWUClose@2x.png"; sourceTree = "<group>"; };
		62C898DB199DAAFD007E6CD2 /* MGWUFacebookLoginLandscape.nib */ = {isa = PBXFileReference; lastKnownFileType = file.bplist; path = MGWUFacebookLoginLandscape.nib; sourceTree = "<group>"; };
		62C898DC199DAAFD007E6CD2 /* MGWUFacebookLoginLandscapeDark.nib */ = {isa = PBXFileReference; lastKnownFileType = file.bplist; path = MGWUFacebookLoginLandscapeDark.nib; sourceTree = "<group>"; };
		62C898DD199DAAFD007E6CD2 /* MGWUFacebookLoginPortrait.nib */ = {isa = PBXFileReference; lastKnownFileType = file.bplist; path = MGWUFacebookLoginPortrait.nib; sourceTree = "<group>"; };
		62C898DE199DAAFD007E6CD2 /* MGWUFacebookLoginPortraitDark.nib */ = {isa = PBXFileReference; lastKnownFileType = file.bplist; path = MGWUFacebookLoginPortraitDark.nib; sourceTree = "<group>"; };
		62C898DF199DAAFD007E6CD2 /* mgwuLogo.png */ = {isa = PBXFileReference; lastKnownFileType = image.png; path = mgwuLogo.png; sourceTree = "<group>"; };
		62C898E0199DAAFD007E6CD2 /* mgwuLogo@2x.png */ = {isa = PBXFileReference; lastKnownFileType = image.png; path = "mgwuLogo@2x.png"; sourceTree = "<group>"; };
		62C898E1199DAAFD007E6CD2 /* mgwuLogoDark.png */ = {isa = PBXFileReference; lastKnownFileType = image.png; path = mgwuLogoDark.png; sourceTree = "<group>"; };
		62C898E2199DAAFD007E6CD2 /* mgwuLogoDark@2x.png */ = {isa = PBXFileReference; lastKnownFileType = image.png; path = "mgwuLogoDark@2x.png"; sourceTree = "<group>"; };
		62C898E3199DAAFD007E6CD2 /* mgwuPlaceholderIcon.png */ = {isa = PBXFileReference; lastKnownFileType = image.png; path = mgwuPlaceholderIcon.png; sourceTree = "<group>"; };
		62C898E4199DAAFD007E6CD2 /* mgwuPlaceholderIcon@2x.png */ = {isa = PBXFileReference; lastKnownFileType = image.png; path = "mgwuPlaceholderIcon@2x.png"; sourceTree = "<group>"; };
		62C898E5199DAAFD007E6CD2 /* mgwuPlaceholderIconDark.png */ = {isa = PBXFileReference; lastKnownFileType = image.png; path = mgwuPlaceholderIconDark.png; sourceTree = "<group>"; };
		62C898E6199DAAFD007E6CD2 /* mgwuPlaceholderIconDark@2x.png */ = {isa = PBXFileReference; lastKnownFileType = image.png; path = "mgwuPlaceholderIconDark@2x.png"; sourceTree = "<group>"; };
		62C898E7199DAAFD007E6CD2 /* operator.available.png */ = {isa = PBXFileReference; lastKnownFileType = image.png; path = operator.available.png; sourceTree = "<group>"; };
		62C898E8199DAAFD007E6CD2 /* operator.connecting.png */ = {isa = PBXFileReference; lastKnownFileType = image.png; path = operator.connecting.png; sourceTree = "<group>"; };
		62C898E9199DAAFD007E6CD2 /* operator.unavailable.png */ = {isa = PBXFileReference; lastKnownFileType = image.png; path = operator.unavailable.png; sourceTree = "<group>"; };
		62C898EA199DAAFD007E6CD2 /* send-button-active.png */ = {isa = PBXFileReference; lastKnownFileType = image.png; path = "send-button-active.png"; sourceTree = "<group>"; };
		62C898EB199DAAFD007E6CD2 /* send-button-inactive.png */ = {isa = PBXFileReference; lastKnownFileType = image.png; path = "send-button-inactive.png"; sourceTree = "<group>"; };
		62C898EC199DAAFD007E6CD2 /* send-button-instate.png */ = {isa = PBXFileReference; lastKnownFileType = image.png; path = "send-button-instate.png"; sourceTree = "<group>"; };
		62C898ED199DAAFD007E6CD2 /* send-field-landscape.png */ = {isa = PBXFileReference; lastKnownFileType = image.png; path = "send-field-landscape.png"; sourceTree = "<group>"; };
		62C91DA719997D69008A6C9D /* GameEnd.h */ = {isa = PBXFileReference; fileEncoding = 4; lastKnownFileType = sourcecode.c.h; name = GameEnd.h; path = Source/GameEnd.h; sourceTree = "<group>"; };
		62C91DA819997D69008A6C9D /* GameEnd.m */ = {isa = PBXFileReference; fileEncoding = 4; lastKnownFileType = sourcecode.c.objc; name = GameEnd.m; path = Source/GameEnd.m; sourceTree = "<group>"; };
		62C91DAB1999F4D9008A6C9D /* StatsMenu.h */ = {isa = PBXFileReference; fileEncoding = 4; lastKnownFileType = sourcecode.c.h; name = StatsMenu.h; path = Source/Resources/StatsMenu.h; sourceTree = "<group>"; };
		62C91DAC1999F4D9008A6C9D /* StatsMenu.m */ = {isa = PBXFileReference; fileEncoding = 4; lastKnownFileType = sourcecode.c.objc; name = StatsMenu.m; path = Source/Resources/StatsMenu.m; sourceTree = "<group>"; };
		62C91DB2199B307A008A6C9D /* HelpMenu.h */ = {isa = PBXFileReference; fileEncoding = 4; lastKnownFileType = sourcecode.c.h; name = HelpMenu.h; path = Source/HelpMenu.h; sourceTree = "<group>"; };
		62C91DB3199B307A008A6C9D /* HelpMenu.m */ = {isa = PBXFileReference; fileEncoding = 4; lastKnownFileType = sourcecode.c.objc; name = HelpMenu.m; path = Source/HelpMenu.m; sourceTree = "<group>"; };
		62EF7F2F198814DC001BF598 /* Chain.h */ = {isa = PBXFileReference; fileEncoding = 4; lastKnownFileType = sourcecode.c.h; name = Chain.h; path = Source/Chain.h; sourceTree = "<group>"; };
		62EF7F30198814DC001BF598 /* Chain.m */ = {isa = PBXFileReference; fileEncoding = 4; lastKnownFileType = sourcecode.c.objc; name = Chain.m; path = Source/Chain.m; sourceTree = "<group>"; };
		62FD140A198BEAD8001D87FF /* Levels.plist */ = {isa = PBXFileReference; fileEncoding = 4; lastKnownFileType = text.plist.xml; name = Levels.plist; path = Source/Levels.plist; sourceTree = "<group>"; };
		8392007918EE8E3300B6C429 /* GLKit.framework */ = {isa = PBXFileReference; lastKnownFileType = wrapper.framework; name = GLKit.framework; path = System/Library/Frameworks/GLKit.framework; sourceTree = SDKROOT; };
		B71F5907188484E7003F4D28 /* iPad-old.png */ = {isa = PBXFileReference; lastKnownFileType = image.png; name = "iPad-old.png"; path = "Icons/iPad-old.png"; sourceTree = "<group>"; };
		B71F5908188484E7003F4D28 /* iPad-old@2x.png */ = {isa = PBXFileReference; lastKnownFileType = image.png; name = "iPad-old@2x.png"; path = "Icons/iPad-old@2x.png"; sourceTree = "<group>"; };
		B71F5909188484E7003F4D28 /* iPad.png */ = {isa = PBXFileReference; lastKnownFileType = image.png; name = iPad.png; path = Icons/iPad.png; sourceTree = "<group>"; };
		B71F590A188484E7003F4D28 /* iPad@2x.png */ = {isa = PBXFileReference; lastKnownFileType = image.png; name = "iPad@2x.png"; path = "Icons/iPad@2x.png"; sourceTree = "<group>"; };
		B71F590B188484E7003F4D28 /* iPhone-old.png */ = {isa = PBXFileReference; lastKnownFileType = image.png; name = "iPhone-old.png"; path = "Icons/iPhone-old.png"; sourceTree = "<group>"; };
		B71F590C188484E7003F4D28 /* iPhone-old@2x.png */ = {isa = PBXFileReference; lastKnownFileType = image.png; name = "iPhone-old@2x.png"; path = "Icons/iPhone-old@2x.png"; sourceTree = "<group>"; };
		B71F590D188484E7003F4D28 /* iPhone.png */ = {isa = PBXFileReference; lastKnownFileType = image.png; name = iPhone.png; path = Icons/iPhone.png; sourceTree = "<group>"; };
		B71F590E188484E7003F4D28 /* iPhone@2x.png */ = {isa = PBXFileReference; lastKnownFileType = image.png; name = "iPhone@2x.png"; path = "Icons/iPhone@2x.png"; sourceTree = "<group>"; };
		B71F590F188484E7003F4D28 /* Settings.png */ = {isa = PBXFileReference; lastKnownFileType = image.png; name = Settings.png; path = Icons/Settings.png; sourceTree = "<group>"; };
		B71F5910188484E7003F4D28 /* Settings@2x.png */ = {isa = PBXFileReference; lastKnownFileType = image.png; name = "Settings@2x.png"; path = "Icons/Settings@2x.png"; sourceTree = "<group>"; };
		B737893A180761570076A88C /* Published-iOS */ = {isa = PBXFileReference; lastKnownFileType = folder; name = "Published-iOS"; path = "Source/Resources/Published-iOS"; sourceTree = SOURCE_ROOT; };
		B737893D1807617C0076A88C /* AppDelegate.h */ = {isa = PBXFileReference; fileEncoding = 4; lastKnownFileType = sourcecode.c.h; name = AppDelegate.h; path = Source/AppDelegate.h; sourceTree = "<group>"; };
		B737893E1807617C0076A88C /* AppDelegate.m */ = {isa = PBXFileReference; fileEncoding = 4; lastKnownFileType = sourcecode.c.objc; name = AppDelegate.m; path = Source/AppDelegate.m; sourceTree = "<group>"; };
		B7378940180761A80076A88C /* cocos2d-ios.xcodeproj */ = {isa = PBXFileReference; lastKnownFileType = "wrapper.pb-project"; name = "cocos2d-ios.xcodeproj"; path = "Source/libs/cocos2d-iphone/cocos2d-ios.xcodeproj"; sourceTree = SOURCE_ROOT; };
		B737896B180762440076A88C /* Default-568h@2x.png */ = {isa = PBXFileReference; lastKnownFileType = image.png; name = "Default-568h@2x.png"; path = "Source/Resources/Default-568h@2x.png"; sourceTree = SOURCE_ROOT; };
		B737896C180762440076A88C /* Default-Landscape~ipad.png */ = {isa = PBXFileReference; lastKnownFileType = image.png; name = "Default-Landscape~ipad.png"; path = "Source/Resources/Default-Landscape~ipad.png"; sourceTree = SOURCE_ROOT; };
		B737896D180762440076A88C /* Default.png */ = {isa = PBXFileReference; lastKnownFileType = image.png; name = Default.png; path = Source/Resources/Default.png; sourceTree = SOURCE_ROOT; };
		B737896E180762440076A88C /* Default@2x.png */ = {isa = PBXFileReference; lastKnownFileType = image.png; name = "Default@2x.png"; path = "Source/Resources/Default@2x.png"; sourceTree = SOURCE_ROOT; };
		B73789851807631A0076A88C /* main.m */ = {isa = PBXFileReference; fileEncoding = 4; lastKnownFileType = sourcecode.c.objc; name = main.m; path = Source/main.m; sourceTree = SOURCE_ROOT; };
		B73789861807631A0076A88C /* Prefix.pch */ = {isa = PBXFileReference; fileEncoding = 4; lastKnownFileType = sourcecode.c.h; name = Prefix.pch; path = Source/Prefix.pch; sourceTree = SOURCE_ROOT; wrapsLines = 0; };
		B7378992180767190076A88C /* MainScene.h */ = {isa = PBXFileReference; fileEncoding = 4; lastKnownFileType = sourcecode.c.h; name = MainScene.h; path = Source/MainScene.h; sourceTree = "<group>"; };
		B7378993180767190076A88C /* MainScene.m */ = {isa = PBXFileReference; fileEncoding = 4; lastKnownFileType = sourcecode.c.objc; name = MainScene.m; path = Source/MainScene.m; sourceTree = "<group>"; };
		B77F1B2E17B978D7009739AE /* Dicecream Sandwich.app */ = {isa = PBXFileReference; explicitFileType = wrapper.application; includeInIndex = 0; path = "Dicecream Sandwich.app"; sourceTree = BUILT_PRODUCTS_DIR; };
		B77F1B3117B978D7009739AE /* QuartzCore.framework */ = {isa = PBXFileReference; lastKnownFileType = wrapper.framework; name = QuartzCore.framework; path = System/Library/Frameworks/QuartzCore.framework; sourceTree = SDKROOT; };
		B77F1B3317B978D7009739AE /* OpenGLES.framework */ = {isa = PBXFileReference; lastKnownFileType = wrapper.framework; name = OpenGLES.framework; path = System/Library/Frameworks/OpenGLES.framework; sourceTree = SDKROOT; };
		B77F1B3517B978D7009739AE /* OpenAL.framework */ = {isa = PBXFileReference; lastKnownFileType = wrapper.framework; name = OpenAL.framework; path = System/Library/Frameworks/OpenAL.framework; sourceTree = SDKROOT; };
		B77F1B3717B978D7009739AE /* AudioToolbox.framework */ = {isa = PBXFileReference; lastKnownFileType = wrapper.framework; name = AudioToolbox.framework; path = System/Library/Frameworks/AudioToolbox.framework; sourceTree = SDKROOT; };
		B77F1B3917B978D7009739AE /* AVFoundation.framework */ = {isa = PBXFileReference; lastKnownFileType = wrapper.framework; name = AVFoundation.framework; path = System/Library/Frameworks/AVFoundation.framework; sourceTree = SDKROOT; };
		B77F1B3B17B978D7009739AE /* UIKit.framework */ = {isa = PBXFileReference; lastKnownFileType = wrapper.framework; name = UIKit.framework; path = System/Library/Frameworks/UIKit.framework; sourceTree = SDKROOT; };
		B77F1B3D17B978D7009739AE /* Foundation.framework */ = {isa = PBXFileReference; lastKnownFileType = wrapper.framework; name = Foundation.framework; path = System/Library/Frameworks/Foundation.framework; sourceTree = SDKROOT; };
		B77F1B3F17B978D7009739AE /* CoreGraphics.framework */ = {isa = PBXFileReference; lastKnownFileType = wrapper.framework; name = CoreGraphics.framework; path = System/Library/Frameworks/CoreGraphics.framework; sourceTree = SDKROOT; };
		B77F1B4117B978D7009739AE /* CoreText.framework */ = {isa = PBXFileReference; lastKnownFileType = wrapper.framework; name = CoreText.framework; path = System/Library/Frameworks/CoreText.framework; sourceTree = SDKROOT; };
		B7B3713D180358F1007369CC /* libObjectiveChipmunk.a */ = {isa = PBXFileReference; lastKnownFileType = archive.ar; name = libObjectiveChipmunk.a; path = "../libs/cocos2d-iphone/external/Chipmunk/xcode/build/Debug-iphoneos/libObjectiveChipmunk.a"; sourceTree = "<group>"; };
/* End PBXFileReference section */

/* Begin PBXFrameworksBuildPhase section */
		B77F1B2B17B978D7009739AE /* Frameworks */ = {
			isa = PBXFrameworksBuildPhase;
			buildActionMask = 2147483647;
			files = (
				62C898A5199DA98D007E6CD2 /* Twitter.framework in Frameworks */,
				62C898A3199DA973007E6CD2 /* SystemConfiguration.framework in Frameworks */,
				62C898A1199DA93C007E6CD2 /* StoreKit.framework in Frameworks */,
				62C8989F199DA929007E6CD2 /* Social.framework in Frameworks */,
				62C8989D199DA920007E6CD2 /* MessageUI.framework in Frameworks */,
				62C898EE199DAAFD007E6CD2 /* mgwuSDK.framework in Frameworks */,
				62C8989B199DA915007E6CD2 /* libz.dylib in Frameworks */,
				8392007A18EE8E3300B6C429 /* GLKit.framework in Frameworks */,
				B737898A1807642B0076A88C /* libcocos2d.a in Frameworks */,
				B77F1B3217B978D7009739AE /* QuartzCore.framework in Frameworks */,
				B77F1B3417B978D7009739AE /* OpenGLES.framework in Frameworks */,
				B77F1B3617B978D7009739AE /* OpenAL.framework in Frameworks */,
				B77F1B3817B978D7009739AE /* AudioToolbox.framework in Frameworks */,
				B77F1B3A17B978D7009739AE /* AVFoundation.framework in Frameworks */,
				B77F1B3C17B978D7009739AE /* UIKit.framework in Frameworks */,
				B77F1B3E17B978D7009739AE /* Foundation.framework in Frameworks */,
				B77F1B4017B978D7009739AE /* CoreGraphics.framework in Frameworks */,
				B77F1B4217B978D7009739AE /* CoreText.framework in Frameworks */,
			);
			runOnlyForDeploymentPostprocessing = 0;
		};
/* End PBXFrameworksBuildPhase section */

/* Begin PBXGroup section */
		62C898A6199DAAFD007E6CD2 /* mgwuSDK.embeddedframework */ = {
			isa = PBXGroup;
			children = (
				62C898A7199DAAFD007E6CD2 /* mgwuSDK.framework */,
				62C898A8199DAAFD007E6CD2 /* Resources */,
			);
			path = mgwuSDK.embeddedframework;
			sourceTree = "<group>";
		};
		62C898A8199DAAFD007E6CD2 /* Resources */ = {
			isa = PBXGroup;
			children = (
				62C898A9199DAAFD007E6CD2 /* aqua.png */,
				62C898AA199DAAFD007E6CD2 /* bluechatbubble.png */,
				62C898AB199DAAFD007E6CD2 /* CrossPromoViewController.nib */,
				62C898AC199DAAFD007E6CD2 /* FacebookIcon.png */,
				62C898AD199DAAFD007E6CD2 /* fb_connect.png */,
				62C898AE199DAAFD007E6CD2 /* FBLoginButton.png */,
				62C898AF199DAAFD007E6CD2 /* FBLoginButton@2x.png */,
				62C898B0199DAAFD007E6CD2 /* FBLoginButtonPressed.png */,
				62C898B1199DAAFD007E6CD2 /* FBLoginButtonPressed@2x.png */,
				62C898B2199DAAFD007E6CD2 /* FBNoThanksButton.png */,
				62C898B3199DAAFD007E6CD2 /* FBNoThanksButton@2x.png */,
				62C898B4199DAAFD007E6CD2 /* FBNoThanksButtonPressed.png */,
				62C898B5199DAAFD007E6CD2 /* FBNoThanksButtonPressed@2x.png */,
				62C898B6199DAAFD007E6CD2 /* green.png */,
				62C898B7199DAAFD007E6CD2 /* grey-background.png */,
				62C898B8199DAAFD007E6CD2 /* hipmob.back.btn.png */,
				62C898B9199DAAFD007E6CD2 /* hipmob.send.png */,
				62C898BA199DAAFD007E6CD2 /* hipmobsend_field.png */,
				62C898BB199DAAFD007E6CD2 /* hipmobsend_field@2x.png */,
				62C898BC199DAAFD007E6CD2 /* mgwu-gk-notification.png */,
				62C898BD199DAAFD007E6CD2 /* mgwu-gk-notification@2x.png */,
				62C898BE199DAAFD007E6CD2 /* mgwu-m.png */,
				62C898BF199DAAFD007E6CD2 /* mgwu-m@2x.png */,
				62C898C0199DAAFD007E6CD2 /* MGWUAboutFooter-Landscape-568h@2x~iphone.png */,
				62C898C1199DAAFD007E6CD2 /* MGWUAboutFooter-Landscape@2x~ipad.png */,
				62C898C2199DAAFD007E6CD2 /* MGWUAboutFooter-Landscape@2x~iphone.png */,
				62C898C3199DAAFD007E6CD2 /* MGWUAboutFooter-Landscape~ipad.png */,
				62C898C4199DAAFD007E6CD2 /* MGWUAboutFooter-Landscape~iphone.png */,
				62C898C5199DAAFD007E6CD2 /* MGWUAboutFooter-Portrait@2x~ipad.png */,
				62C898C6199DAAFD007E6CD2 /* MGWUAboutFooter-Portrait@2x~iphone.png */,
				62C898C7199DAAFD007E6CD2 /* MGWUAboutFooter-Portrait~ipad.png */,
				62C898C8199DAAFD007E6CD2 /* MGWUAboutFooter-Portrait~iphone.png */,
				62C898C9199DAAFD007E6CD2 /* MGWUBackground-Landscape@2x~ipad.png */,
				62C898CA199DAAFD007E6CD2 /* MGWUBackground-Landscape@2x~iphone.png */,
				62C898CB199DAAFD007E6CD2 /* MGWUBackground-Landscape~ipad.png */,
				62C898CC199DAAFD007E6CD2 /* MGWUBackground-Landscape~iphone.png */,
				62C898CD199DAAFD007E6CD2 /* MGWUBackground-Portrait@2x~ipad.png */,
				62C898CE199DAAFD007E6CD2 /* MGWUBackground-Portrait@2x~iphone.png */,
				62C898CF199DAAFD007E6CD2 /* MGWUBackground-Portrait~ipad.png */,
				62C898D0199DAAFD007E6CD2 /* MGWUBackground-Portrait~iphone.png */,
				62C898D1199DAAFD007E6CD2 /* MGWUBackgroundDark-Landscape@2x~ipad.png */,
				62C898D2199DAAFD007E6CD2 /* MGWUBackgroundDark-Landscape@2x~iphone.png */,
				62C898D3199DAAFD007E6CD2 /* MGWUBackgroundDark-Landscape~ipad.png */,
				62C898D4199DAAFD007E6CD2 /* MGWUBackgroundDark-Landscape~iphone.png */,
				62C898D5199DAAFD007E6CD2 /* MGWUBackgroundDark-Portrait@2x~ipad.png */,
				62C898D6199DAAFD007E6CD2 /* MGWUBackgroundDark-Portrait@2x~iphone.png */,
				62C898D7199DAAFD007E6CD2 /* MGWUBackgroundDark-Portrait~ipad.png */,
				62C898D8199DAAFD007E6CD2 /* MGWUBackgroundDark-Portrait~iphone.png */,
				62C898D9199DAAFD007E6CD2 /* MGWUClose.png */,
				62C898DA199DAAFD007E6CD2 /* MGWUClose@2x.png */,
				62C898DB199DAAFD007E6CD2 /* MGWUFacebookLoginLandscape.nib */,
				62C898DC199DAAFD007E6CD2 /* MGWUFacebookLoginLandscapeDark.nib */,
				62C898DD199DAAFD007E6CD2 /* MGWUFacebookLoginPortrait.nib */,
				62C898DE199DAAFD007E6CD2 /* MGWUFacebookLoginPortraitDark.nib */,
				62C898DF199DAAFD007E6CD2 /* mgwuLogo.png */,
				62C898E0199DAAFD007E6CD2 /* mgwuLogo@2x.png */,
				62C898E1199DAAFD007E6CD2 /* mgwuLogoDark.png */,
				62C898E2199DAAFD007E6CD2 /* mgwuLogoDark@2x.png */,
				62C898E3199DAAFD007E6CD2 /* mgwuPlaceholderIcon.png */,
				62C898E4199DAAFD007E6CD2 /* mgwuPlaceholderIcon@2x.png */,
				62C898E5199DAAFD007E6CD2 /* mgwuPlaceholderIconDark.png */,
				62C898E6199DAAFD007E6CD2 /* mgwuPlaceholderIconDark@2x.png */,
				62C898E7199DAAFD007E6CD2 /* operator.available.png */,
				62C898E8199DAAFD007E6CD2 /* operator.connecting.png */,
				62C898E9199DAAFD007E6CD2 /* operator.unavailable.png */,
				62C898EA199DAAFD007E6CD2 /* send-button-active.png */,
				62C898EB199DAAFD007E6CD2 /* send-button-inactive.png */,
				62C898EC199DAAFD007E6CD2 /* send-button-instate.png */,
				62C898ED199DAAFD007E6CD2 /* send-field-landscape.png */,
			);
			path = Resources;
			sourceTree = "<group>";
		};
		9222E2B918734FF800A246C7 /* libs */ = {
			isa = PBXGroup;
			children = (
				B7378940180761A80076A88C /* cocos2d-ios.xcodeproj */,
			);
			name = libs;
			sourceTree = "<group>";
		};
		B737893C1807616C0076A88C /* Source */ = {
			isa = PBXGroup;
			children = (
				B737893D1807617C0076A88C /* AppDelegate.h */,
				B737893E1807617C0076A88C /* AppDelegate.m */,
				624577E419955C700017D267 /* GameState.h */,
				624577E519955C700017D267 /* GameState.m */,
				B7378992180767190076A88C /* MainScene.h */,
				B7378993180767190076A88C /* MainScene.m */,
				623F5D6A196F0C7000DC3EA5 /* Gameplay.h */,
				623F5D6B196F0C7000DC3EA5 /* Gameplay.m */,
				6264682E199EC55C00E4FAE2 /* Credits.h */,
				6264682F199EC55C00E4FAE2 /* Credits.m */,
				623F5D5E196EDB0400DC3EA5 /* Grid.h */,
				623F5D5F196EDB0400DC3EA5 /* Grid.m */,
				623F5D6F196F128100DC3EA5 /* Dice.h */,
				623F5D70196F128100DC3EA5 /* Dice.m */,
				62EF7F2F198814DC001BF598 /* Chain.h */,
				62EF7F30198814DC001BF598 /* Chain.m */,
				629019941994FA4F00ADF4DD /* PauseMenu.h */,
				629019951994FA4F00ADF4DD /* PauseMenu.m */,
				62C91DB2199B307A008A6C9D /* HelpMenu.h */,
				62C91DB3199B307A008A6C9D /* HelpMenu.m */,
				62C91DA719997D69008A6C9D /* GameEnd.h */,
				62C91DA819997D69008A6C9D /* GameEnd.m */,
				62C91DAB1999F4D9008A6C9D /* StatsMenu.h */,
				62C91DAC1999F4D9008A6C9D /* StatsMenu.m */,
				62FD140A198BEAD8001D87FF /* Levels.plist */,
			);
			name = Source;
			sourceTree = "<group>";
		};
		B7378941180761A80076A88C /* Products */ = {
			isa = PBXGroup;
			children = (
				B737894B180761A90076A88C /* libcocos2d.a */,
			);
			name = Products;
			sourceTree = "<group>";
		};
		B73789911807667A0076A88C /* Icons */ = {
			isa = PBXGroup;
			children = (
				B71F5907188484E7003F4D28 /* iPad-old.png */,
				B71F5908188484E7003F4D28 /* iPad-old@2x.png */,
				B71F5909188484E7003F4D28 /* iPad.png */,
				B71F590A188484E7003F4D28 /* iPad@2x.png */,
				B71F590B188484E7003F4D28 /* iPhone-old.png */,
				B71F590C188484E7003F4D28 /* iPhone-old@2x.png */,
				B71F590D188484E7003F4D28 /* iPhone.png */,
				B71F590E188484E7003F4D28 /* iPhone@2x.png */,
				B71F590F188484E7003F4D28 /* Settings.png */,
				B71F5910188484E7003F4D28 /* Settings@2x.png */,
				B737896B180762440076A88C /* Default-568h@2x.png */,
				B737896C180762440076A88C /* Default-Landscape~ipad.png */,
				B737896D180762440076A88C /* Default.png */,
				B737896E180762440076A88C /* Default@2x.png */,
			);
			name = Icons;
			sourceTree = "<group>";
		};
		B77F1B2517B978D7009739AE = {
			isa = PBXGroup;
			children = (
				B737893C1807616C0076A88C /* Source */,
				B77F1B4617B978D7009739AE /* Resources */,
				9222E2B918734FF800A246C7 /* libs */,
				B77F1CCF17B978D8009739AE /* Supporting Files */,
				B77F1B3017B978D7009739AE /* Frameworks */,
				B77F1B2F17B978D7009739AE /* Products */,
			);
			sourceTree = "<group>";
		};
		B77F1B2F17B978D7009739AE /* Products */ = {
			isa = PBXGroup;
			children = (
				B77F1B2E17B978D7009739AE /* Dicecream Sandwich.app */,
			);
			name = Products;
			sourceTree = "<group>";
		};
		B77F1B3017B978D7009739AE /* Frameworks */ = {
			isa = PBXGroup;
			children = (
				62C898A6199DAAFD007E6CD2 /* mgwuSDK.embeddedframework */,
				62C898A4199DA98D007E6CD2 /* Twitter.framework */,
				62C898A2199DA973007E6CD2 /* SystemConfiguration.framework */,
				62C898A0199DA93C007E6CD2 /* StoreKit.framework */,
				62C8989E199DA929007E6CD2 /* Social.framework */,
				62C8989C199DA920007E6CD2 /* MessageUI.framework */,
				62C8989A199DA915007E6CD2 /* libz.dylib */,
				8392007918EE8E3300B6C429 /* GLKit.framework */,
				B7B3713D180358F1007369CC /* libObjectiveChipmunk.a */,
				B77F1B3117B978D7009739AE /* QuartzCore.framework */,
				B77F1B3317B978D7009739AE /* OpenGLES.framework */,
				B77F1B3517B978D7009739AE /* OpenAL.framework */,
				B77F1B3717B978D7009739AE /* AudioToolbox.framework */,
				B77F1B3917B978D7009739AE /* AVFoundation.framework */,
				B77F1B3B17B978D7009739AE /* UIKit.framework */,
				B77F1B3D17B978D7009739AE /* Foundation.framework */,
				B77F1B3F17B978D7009739AE /* CoreGraphics.framework */,
				B77F1B4117B978D7009739AE /* CoreText.framework */,
			);
			name = Frameworks;
			sourceTree = "<group>";
		};
		B77F1B4617B978D7009739AE /* Resources */ = {
			isa = PBXGroup;
			children = (
				62646827199EAB8E00E4FAE2 /* click2.wav */,
				62646828199EAB8E00E4FAE2 /* pop5.wav */,
				62646829199EAB8E00E4FAE2 /* success.wav */,
				62C89898199D9327007E6CD2 /* Images.xcassets */,
				629AA3661977017C003FA512 /* CATchy.wav */,
				B73789911807667A0076A88C /* Icons */,
				B737893A180761570076A88C /* Published-iOS */,
			);
			name = Resources;
			path = Source/Resources;
			sourceTree = "<group>";
		};
		B77F1CCF17B978D8009739AE /* Supporting Files */ = {
			isa = PBXGroup;
			children = (
				B73789851807631A0076A88C /* main.m */,
				B73789861807631A0076A88C /* Prefix.pch */,
			);
			name = "Supporting Files";
			sourceTree = "<group>";
		};
/* End PBXGroup section */

/* Begin PBXNativeTarget section */
		B77F1B2D17B978D7009739AE /* Dicecream Sandwich */ = {
			isa = PBXNativeTarget;
			buildConfigurationList = B77F1CDE17B978D8009739AE /* Build configuration list for PBXNativeTarget "Dicecream Sandwich" */;
			buildPhases = (
				D2E0167A18D782EC00927430 /* Run Script */,
				B77F1B2A17B978D7009739AE /* Sources */,
				B77F1B2B17B978D7009739AE /* Frameworks */,
				B77F1B2C17B978D7009739AE /* Resources */,
			);
			buildRules = (
			);
			dependencies = (
				B7378989180764180076A88C /* PBXTargetDependency */,
			);
			name = "Dicecream Sandwich";
			productName = Example;
			productReference = B77F1B2E17B978D7009739AE /* Dicecream Sandwich.app */;
			productType = "com.apple.product-type.application";
		};
/* End PBXNativeTarget section */

/* Begin PBXProject section */
		B77F1B2617B978D7009739AE /* Project object */ = {
			isa = PBXProject;
			attributes = {
				LastUpgradeCheck = 0510;
				ORGANIZATIONNAME = Apportable;
				TargetAttributes = {
					B77F1B2D17B978D7009739AE = {
						DevelopmentTeam = SBVP8ED765;
						SystemCapabilities = {
							com.apple.GameCenter = {
								enabled = 0;
							};
						};
					};
				};
			};
			buildConfigurationList = B77F1B2917B978D7009739AE /* Build configuration list for PBXProject "Dicecream Sandwich" */;
			compatibilityVersion = "Xcode 3.2";
			developmentRegion = English;
			hasScannedForEncodings = 0;
			knownRegions = (
				en,
			);
			mainGroup = B77F1B2517B978D7009739AE;
			productRefGroup = B77F1B2F17B978D7009739AE /* Products */;
			projectDirPath = "";
			projectReferences = (
				{
					ProductGroup = B7378941180761A80076A88C /* Products */;
					ProjectRef = B7378940180761A80076A88C /* cocos2d-ios.xcodeproj */;
				},
			);
			projectRoot = "";
			targets = (
				B77F1B2D17B978D7009739AE /* Dicecream Sandwich */,
			);
		};
/* End PBXProject section */

/* Begin PBXReferenceProxy section */
		B737894B180761A90076A88C /* libcocos2d.a */ = {
			isa = PBXReferenceProxy;
			fileType = archive.ar;
			path = libcocos2d.a;
			remoteRef = B737894A180761A90076A88C /* PBXContainerItemProxy */;
			sourceTree = BUILT_PRODUCTS_DIR;
		};
/* End PBXReferenceProxy section */

/* Begin PBXResourcesBuildPhase section */
		B77F1B2C17B978D7009739AE /* Resources */ = {
			isa = PBXResourcesBuildPhase;
			buildActionMask = 2147483647;
			files = (
				62C8990C199DAAFD007E6CD2 /* MGWUAboutFooter-Portrait@2x~iphone.png in Resources */,
				B71F5919188484E7003F4D28 /* Settings.png in Resources */,
				62C89931199DAAFD007E6CD2 /* send-button-inactive.png in Resources */,
				62C898F4199DAAFD007E6CD2 /* FBLoginButton.png in Resources */,
				B7378978180762440076A88C /* Default@2x.png in Resources */,
				629AA3671977017C003FA512 /* CATchy.wav in Resources */,
				62C89919199DAAFD007E6CD2 /* MGWUBackgroundDark-Landscape~ipad.png in Resources */,
				62C89914199DAAFD007E6CD2 /* MGWUBackground-Portrait@2x~iphone.png in Resources */,
				62C89913199DAAFD007E6CD2 /* MGWUBackground-Portrait@2x~ipad.png in Resources */,
				62C89903199DAAFD007E6CD2 /* mgwu-gk-notification@2x.png in Resources */,
				B71F5914188484E7003F4D28 /* iPad@2x.png in Resources */,
				62C898F8199DAAFD007E6CD2 /* FBNoThanksButton.png in Resources */,
				62C8991C199DAAFD007E6CD2 /* MGWUBackgroundDark-Portrait@2x~iphone.png in Resources */,
				62C89918199DAAFD007E6CD2 /* MGWUBackgroundDark-Landscape@2x~iphone.png in Resources */,
				6264682A199EAB8E00E4FAE2 /* click2.wav in Resources */,
				62C89930199DAAFD007E6CD2 /* send-button-active.png in Resources */,
				62C89916199DAAFD007E6CD2 /* MGWUBackground-Portrait~iphone.png in Resources */,
				62C89904199DAAFD007E6CD2 /* mgwu-m.png in Resources */,
				62C89902199DAAFD007E6CD2 /* mgwu-gk-notification.png in Resources */,
				6264682B199EAB8E00E4FAE2 /* pop5.wav in Resources */,
				62C8991F199DAAFD007E6CD2 /* MGWUClose.png in Resources */,
				B71F5913188484E7003F4D28 /* iPad.png in Resources */,
				B71F5912188484E7003F4D28 /* iPad-old@2x.png in Resources */,
				62C898F5199DAAFD007E6CD2 /* FBLoginButton@2x.png in Resources */,
				62C8990A199DAAFD007E6CD2 /* MGWUAboutFooter-Landscape~iphone.png in Resources */,
				62C89929199DAAFD007E6CD2 /* mgwuPlaceholderIcon.png in Resources */,
				62C89917199DAAFD007E6CD2 /* MGWUBackgroundDark-Landscape@2x~ipad.png in Resources */,
				62C8991B199DAAFD007E6CD2 /* MGWUBackgroundDark-Portrait@2x~ipad.png in Resources */,
				62C8992D199DAAFD007E6CD2 /* operator.available.png in Resources */,
				62C89907199DAAFD007E6CD2 /* MGWUAboutFooter-Landscape@2x~ipad.png in Resources */,
				B71F5916188484E7003F4D28 /* iPhone-old@2x.png in Resources */,
				62C898FE199DAAFD007E6CD2 /* hipmob.back.btn.png in Resources */,
				62C8991D199DAAFD007E6CD2 /* MGWUBackgroundDark-Portrait~ipad.png in Resources */,
				62C8992F199DAAFD007E6CD2 /* operator.unavailable.png in Resources */,
				62C8991E199DAAFD007E6CD2 /* MGWUBackgroundDark-Portrait~iphone.png in Resources */,
				62C89923199DAAFD007E6CD2 /* MGWUFacebookLoginPortrait.nib in Resources */,
				62C8990E199DAAFD007E6CD2 /* MGWUAboutFooter-Portrait~iphone.png in Resources */,
				62C89922199DAAFD007E6CD2 /* MGWUFacebookLoginLandscapeDark.nib in Resources */,
				62C89911199DAAFD007E6CD2 /* MGWUBackground-Landscape~ipad.png in Resources */,
				62C89925199DAAFD007E6CD2 /* mgwuLogo.png in Resources */,
				6264682C199EAB8E00E4FAE2 /* success.wav in Resources */,
				62C89908199DAAFD007E6CD2 /* MGWUAboutFooter-Landscape@2x~iphone.png in Resources */,
				B737893B180761570076A88C /* Published-iOS in Resources */,
				62C8990F199DAAFD007E6CD2 /* MGWUBackground-Landscape@2x~ipad.png in Resources */,
				62C898FB199DAAFD007E6CD2 /* FBNoThanksButtonPressed@2x.png in Resources */,
				62C898F9199DAAFD007E6CD2 /* FBNoThanksButton@2x.png in Resources */,
				62C89921199DAAFD007E6CD2 /* MGWUFacebookLoginLandscape.nib in Resources */,
				62C89924199DAAFD007E6CD2 /* MGWUFacebookLoginPortraitDark.nib in Resources */,
				62C898FC199DAAFD007E6CD2 /* green.png in Resources */,
				62C89910199DAAFD007E6CD2 /* MGWUBackground-Landscape@2x~iphone.png in Resources */,
				B71F591A188484E7003F4D28 /* Settings@2x.png in Resources */,
				62C89926199DAAFD007E6CD2 /* mgwuLogo@2x.png in Resources */,
				62C898F0199DAAFD007E6CD2 /* bluechatbubble.png in Resources */,
				62C898F2199DAAFD007E6CD2 /* FacebookIcon.png in Resources */,
				62C89905199DAAFD007E6CD2 /* mgwu-m@2x.png in Resources */,
				62C8992B199DAAFD007E6CD2 /* mgwuPlaceholderIconDark.png in Resources */,
				62C89928199DAAFD007E6CD2 /* mgwuLogoDark@2x.png in Resources */,
				62C89899199D9327007E6CD2 /* Images.xcassets in Resources */,
				62C89927199DAAFD007E6CD2 /* mgwuLogoDark.png in Resources */,
				62C898FA199DAAFD007E6CD2 /* FBNoThanksButtonPressed.png in Resources */,
				B7378976180762440076A88C /* Default-Landscape~ipad.png in Resources */,
				62C898FD199DAAFD007E6CD2 /* grey-background.png in Resources */,
				B71F5915188484E7003F4D28 /* iPhone-old.png in Resources */,
				62C898EF199DAAFD007E6CD2 /* aqua.png in Resources */,
				62C8992C199DAAFD007E6CD2 /* mgwuPlaceholderIconDark@2x.png in Resources */,
				62C898FF199DAAFD007E6CD2 /* hipmob.send.png in Resources */,
				62C898F7199DAAFD007E6CD2 /* FBLoginButtonPressed@2x.png in Resources */,
				62C8990D199DAAFD007E6CD2 /* MGWUAboutFooter-Portrait~ipad.png in Resources */,
				62C89909199DAAFD007E6CD2 /* MGWUAboutFooter-Landscape~ipad.png in Resources */,
				62C8990B199DAAFD007E6CD2 /* MGWUAboutFooter-Portrait@2x~ipad.png in Resources */,
				B71F5917188484E7003F4D28 /* iPhone.png in Resources */,
				62C89900199DAAFD007E6CD2 /* hipmobsend_field.png in Resources */,
				B7378975180762440076A88C /* Default-568h@2x.png in Resources */,
				62C89920199DAAFD007E6CD2 /* MGWUClose@2x.png in Resources */,
				62FD140B198BEAD8001D87FF /* Levels.plist in Resources */,
				62C8991A199DAAFD007E6CD2 /* MGWUBackgroundDark-Landscape~iphone.png in Resources */,
				B71F5918188484E7003F4D28 /* iPhone@2x.png in Resources */,
				62C89932199DAAFD007E6CD2 /* send-button-instate.png in Resources */,
				62C89901199DAAFD007E6CD2 /* hipmobsend_field@2x.png in Resources */,
				62C8992A199DAAFD007E6CD2 /* mgwuPlaceholderIcon@2x.png in Resources */,
				B7378977180762440076A88C /* Default.png in Resources */,
				62C898F6199DAAFD007E6CD2 /* FBLoginButtonPressed.png in Resources */,
				62C89906199DAAFD007E6CD2 /* MGWUAboutFooter-Landscape-568h@2x~iphone.png in Resources */,
				62C8992E199DAAFD007E6CD2 /* operator.connecting.png in Resources */,
				62C89933199DAAFD007E6CD2 /* send-field-landscape.png in Resources */,
				B71F5911188484E7003F4D28 /* iPad-old.png in Resources */,
				62C89912199DAAFD007E6CD2 /* MGWUBackground-Landscape~iphone.png in Resources */,
				62C898F3199DAAFD007E6CD2 /* fb_connect.png in Resources */,
				62C898F1199DAAFD007E6CD2 /* CrossPromoViewController.nib in Resources */,
				62C89915199DAAFD007E6CD2 /* MGWUBackground-Portrait~ipad.png in Resources */,
			);
			runOnlyForDeploymentPostprocessing = 0;
		};
/* End PBXResourcesBuildPhase section */

/* Begin PBXShellScriptBuildPhase section */
		D2E0167A18D782EC00927430 /* Run Script */ = {
			isa = PBXShellScriptBuildPhase;
			buildActionMask = 2147483647;
			files = (
			);
			inputPaths = (
			);
			name = "Run Script";
			outputPaths = (
			);
			runOnlyForDeploymentPostprocessing = 0;
			shellPath = /bin/sh;
			shellScript = "osascript -e 'tell application \"System Events\"' -e 'set ProcessList to name of every process' -e 'if \"SpriteBuilder\" is in ProcessList then' -e 'tell application \"SpriteBuilder\" to publish' -e 'end if' -e 'end tell'";
		};
/* End PBXShellScriptBuildPhase section */

/* Begin PBXSourcesBuildPhase section */
		B77F1B2A17B978D7009739AE /* Sources */ = {
			isa = PBXSourcesBuildPhase;
			buildActionMask = 2147483647;
			files = (
				623F5D71196F128100DC3EA5 /* Dice.m in Sources */,
				629019961994FA4F00ADF4DD /* PauseMenu.m in Sources */,
				62646830199EC55C00E4FAE2 /* Credits.m in Sources */,
				B737893F1807617C0076A88C /* AppDelegate.m in Sources */,
				62C91DA919997D69008A6C9D /* GameEnd.m in Sources */,
				62C91DAD1999F4D9008A6C9D /* StatsMenu.m in Sources */,
				624577E619955C700017D267 /* GameState.m in Sources */,
				623F5D6C196F0C7000DC3EA5 /* Gameplay.m in Sources */,
				62C91DB4199B307B008A6C9D /* HelpMenu.m in Sources */,
				62EF7F31198814DC001BF598 /* Chain.m in Sources */,
				B7378994180767190076A88C /* MainScene.m in Sources */,
				B73789871807631A0076A88C /* main.m in Sources */,
				623F5D60196EDB0400DC3EA5 /* Grid.m in Sources */,
			);
			runOnlyForDeploymentPostprocessing = 0;
		};
/* End PBXSourcesBuildPhase section */

/* Begin PBXTargetDependency section */
		B7378989180764180076A88C /* PBXTargetDependency */ = {
			isa = PBXTargetDependency;
			name = cocos2d;
			targetProxy = B7378988180764180076A88C /* PBXContainerItemProxy */;
		};
/* End PBXTargetDependency section */

/* Begin XCBuildConfiguration section */
		B77F1CDC17B978D8009739AE /* Debug */ = {
			isa = XCBuildConfiguration;
			buildSettings = {
				CLANG_WARN_BOOL_CONVERSION = YES;
				CLANG_WARN_CONSTANT_CONVERSION = YES;
				CLANG_WARN_EMPTY_BODY = YES;
				CLANG_WARN_ENUM_CONVERSION = YES;
				CLANG_WARN_INT_CONVERSION = YES;
				CLANG_WARN__DUPLICATE_METHOD_MATCH = YES;
				"CODE_SIGN_IDENTITY[sdk=iphoneos*]" = "iPhone Developer";
				GCC_C_LANGUAGE_STANDARD = gnu99;
				GCC_OPTIMIZATION_LEVEL = 0;
				GCC_PREPROCESSOR_DEFINITIONS = (
					DEBUG,
					"COCOS2D_DEBUG=1",
				);
				GCC_SYMBOLS_PRIVATE_EXTERN = NO;
				GCC_VERSION = com.apple.compilers.llvm.clang.1_0;
				GCC_WARN_64_TO_32_BIT_CONVERSION = YES;
				GCC_WARN_ABOUT_RETURN_TYPE = YES;
				GCC_WARN_UNDECLARED_SELECTOR = YES;
				GCC_WARN_UNINITIALIZED_AUTOS = YES;
				GCC_WARN_UNUSED_FUNCTION = YES;
				GCC_WARN_UNUSED_VARIABLE = YES;
				IPHONEOS_DEPLOYMENT_TARGET = 4.0;
				ONLY_ACTIVE_ARCH = YES;
				SDKROOT = iphoneos;
				TARGETED_DEVICE_FAMILY = "1,2";
			};
			name = Debug;
		};
		B77F1CDD17B978D8009739AE /* Release */ = {
			isa = XCBuildConfiguration;
			buildSettings = {
				CLANG_WARN_BOOL_CONVERSION = YES;
				CLANG_WARN_CONSTANT_CONVERSION = YES;
				CLANG_WARN_EMPTY_BODY = YES;
				CLANG_WARN_ENUM_CONVERSION = YES;
				CLANG_WARN_INT_CONVERSION = YES;
				CLANG_WARN__DUPLICATE_METHOD_MATCH = YES;
				"CODE_SIGN_IDENTITY[sdk=iphoneos*]" = "iPhone Developer";
				GCC_C_LANGUAGE_STANDARD = gnu99;
				GCC_PREPROCESSOR_DEFINITIONS = (
					NDEBUG,
					"NS_BLOCK_ASSERTIONS=1",
				);
				GCC_VERSION = com.apple.compilers.llvm.clang.1_0;
				GCC_WARN_64_TO_32_BIT_CONVERSION = YES;
				GCC_WARN_ABOUT_RETURN_TYPE = YES;
				GCC_WARN_UNDECLARED_SELECTOR = YES;
				GCC_WARN_UNINITIALIZED_AUTOS = YES;
				GCC_WARN_UNUSED_FUNCTION = YES;
				GCC_WARN_UNUSED_VARIABLE = YES;
				IPHONEOS_DEPLOYMENT_TARGET = 4.0;
				SDKROOT = iphoneos;
				TARGETED_DEVICE_FAMILY = "1,2";
			};
			name = Release;
		};
		B77F1CDF17B978D8009739AE /* Debug */ = {
			isa = XCBuildConfiguration;
			buildSettings = {
				ALWAYS_SEARCH_USER_PATHS = NO;
				ASSETCATALOG_COMPILER_APPICON_NAME = AppIcon;
				ASSETCATALOG_COMPILER_LAUNCHIMAGE_NAME = LaunchImage;
				CLANG_ENABLE_OBJC_ARC = YES;
				CODE_SIGN_IDENTITY = "iPhone Developer";
				"CODE_SIGN_IDENTITY[sdk=iphoneos*]" = "iPhone Developer";
				COPY_PHASE_STRIP = NO;
				FRAMEWORK_SEARCH_PATHS = (
					"$(inherited)",
					"$(PROJECT_DIR)/mgwuSDK.embeddedframework",
				);
				GCC_DYNAMIC_NO_PIC = NO;
				GCC_PRECOMPILE_PREFIX_HEADER = YES;
				GCC_PREFIX_HEADER = Source/Prefix.pch;
				HEADER_SEARCH_PATHS = (
					"\"Source/libs/cocos2d-iphone/external/kazmath/include\"/**",
					"\"Source/libs/cocos2d-iphone/cocos2d\"/**",
					"Source/libs/cocos2d-iphone/external/Chipmunk/objectivec/include",
					"Source/libs/cocos2d-iphone/external/Chipmunk/include",
					"\"Source/libs/cocos2d-iphone/cocos2d-ui\"/**",
					"\"Source/libs/cocos2d-iphone/external/ObjectAL\"/**",
				);
				INFOPLIST_FILE = Source/Resources/Info.plist;
				IPHONEOS_DEPLOYMENT_TARGET = 6.0;
				ONLY_ACTIVE_ARCH = YES;
				OTHER_LDFLAGS = (
					"-lz",
					"-lsqlite3",
					"-ObjC",
				);
				PRODUCT_NAME = "Dicecream Sandwich";
				PROVISIONING_PROFILE = "6E1998EB-320D-4966-B4C9-853B315A4F94";
				WRAPPER_EXTENSION = app;
			};
			name = Debug;
		};
		B77F1CE017B978D8009739AE /* Release */ = {
			isa = XCBuildConfiguration;
			buildSettings = {
				ALWAYS_SEARCH_USER_PATHS = NO;
				ASSETCATALOG_COMPILER_APPICON_NAME = AppIcon;
				ASSETCATALOG_COMPILER_LAUNCHIMAGE_NAME = LaunchImage;
				CLANG_ENABLE_OBJC_ARC = YES;
				CODE_SIGN_IDENTITY = "iPhone Developer";
				"CODE_SIGN_IDENTITY[sdk=iphoneos*]" = "iPhone Developer";
				COPY_PHASE_STRIP = YES;
				FRAMEWORK_SEARCH_PATHS = (
					"$(inherited)",
					"$(PROJECT_DIR)/mgwuSDK.embeddedframework",
				);
				GCC_PRECOMPILE_PREFIX_HEADER = YES;
				GCC_PREFIX_HEADER = Source/Prefix.pch;
				HEADER_SEARCH_PATHS = (
					"\"Source/libs/cocos2d-iphone/external/kazmath/include\"/**",
					"\"Source/libs/cocos2d-iphone/cocos2d\"/**",
					"Source/libs/cocos2d-iphone/external/Chipmunk/objectivec/include",
					"Source/libs/cocos2d-iphone/external/Chipmunk/include",
					"\"Source/libs/cocos2d-iphone/cocos2d-ui\"/**",
					"\"Source/libs/cocos2d-iphone/external/ObjectAL\"/**",
				);
				INFOPLIST_FILE = Source/Resources/Info.plist;
				IPHONEOS_DEPLOYMENT_TARGET = 6.0;
				OTHER_LDFLAGS = (
					"-lz",
					"-lsqlite3",
					"-ObjC",
				);
				PRODUCT_NAME = "Dicecream Sandwich";
				PROVISIONING_PROFILE = "6E1998EB-320D-4966-B4C9-853B315A4F94";
				VALIDATE_PRODUCT = YES;
				WRAPPER_EXTENSION = app;
			};
			name = Release;
		};
/* End XCBuildConfiguration section */

/* Begin XCConfigurationList section */
		B77F1B2917B978D7009739AE /* Build configuration list for PBXProject "Dicecream Sandwich" */ = {
			isa = XCConfigurationList;
			buildConfigurations = (
				B77F1CDC17B978D8009739AE /* Debug */,
				B77F1CDD17B978D8009739AE /* Release */,
			);
			defaultConfigurationIsVisible = 0;
			defaultConfigurationName = Release;
		};
		B77F1CDE17B978D8009739AE /* Build configuration list for PBXNativeTarget "Dicecream Sandwich" */ = {
			isa = XCConfigurationList;
			buildConfigurations = (
				B77F1CDF17B978D8009739AE /* Debug */,
				B77F1CE017B978D8009739AE /* Release */,
			);
			defaultConfigurationIsVisible = 0;
			defaultConfigurationName = Release;
		};
/* End XCConfigurationList section */
	};
	rootObject = B77F1B2617B978D7009739AE /* Project object */;
}
