// !$*UTF8*$!
{
	archiveVersion = 1;
	classes = {
	};
	objectVersion = 46;
	objects = {

/* Begin PBXBuildFile section */
		623F5D60196EDB0400DC3EA5 /* Grid.m in Sources */ = {isa = PBXBuildFile; fileRef = 623F5D5F196EDB0400DC3EA5 /* Grid.m */; };
		623F5D6C196F0C7000DC3EA5 /* Gameplay.m in Sources */ = {isa = PBXBuildFile; fileRef = 623F5D6B196F0C7000DC3EA5 /* Gameplay.m */; };
		623F5D71196F128100DC3EA5 /* Dice.m in Sources */ = {isa = PBXBuildFile; fileRef = 623F5D70196F128100DC3EA5 /* Dice.m */; };
		624577E619955C700017D267 /* GameState.m in Sources */ = {isa = PBXBuildFile; fileRef = 624577E519955C700017D267 /* GameState.m */; };
		6260CB7F1A6449A3007A3B46 /* GameAudio.m in Sources */ = {isa = PBXBuildFile; fileRef = 6260CB7E1A6449A3007A3B46 /* GameAudio.m */; };
		6260CB821A644A37007A3B46 /* HelpMenu.m in Sources */ = {isa = PBXBuildFile; fileRef = 6260CB801A644A37007A3B46 /* HelpMenu.m */; };
		6260CB831A644A37007A3B46 /* MainScene.m in Sources */ = {isa = PBXBuildFile; fileRef = 6260CB811A644A37007A3B46 /* MainScene.m */; };
		6264682A199EAB8E00E4FAE2 /* click2.wav in Resources */ = {isa = PBXBuildFile; fileRef = 62646827199EAB8E00E4FAE2 /* click2.wav */; };
		6264682B199EAB8E00E4FAE2 /* pop5.wav in Resources */ = {isa = PBXBuildFile; fileRef = 62646828199EAB8E00E4FAE2 /* pop5.wav */; };
		6264682C199EAB8E00E4FAE2 /* success.wav in Resources */ = {isa = PBXBuildFile; fileRef = 62646829199EAB8E00E4FAE2 /* success.wav */; };
		62646830199EC55C00E4FAE2 /* Credits.m in Sources */ = {isa = PBXBuildFile; fileRef = 6264682F199EC55C00E4FAE2 /* Credits.m */; };
		62646832199F9C7300E4FAE2 /* GameOver.wav in Resources */ = {isa = PBXBuildFile; fileRef = 62646831199F9C7300E4FAE2 /* GameOver.wav */; };
		62646834199F9C8A00E4FAE2 /* 8-bit-boing.wav in Resources */ = {isa = PBXBuildFile; fileRef = 62646833199F9C8A00E4FAE2 /* 8-bit-boing.wav */; };
		62646838199F9CB000E4FAE2 /* levelUp.wav in Resources */ = {isa = PBXBuildFile; fileRef = 62646837199F9CB000E4FAE2 /* levelUp.wav */; };
		6264683A19A1450C00E4FAE2 /* oneBlastWhistle.wav in Resources */ = {isa = PBXBuildFile; fileRef = 6264683919A1450C00E4FAE2 /* oneBlastWhistle.wav */; };
		6273BC291A093B58001F0C71 /* mgwuSDK.framework in Frameworks */ = {isa = PBXBuildFile; fileRef = 6273BBE21A093B58001F0C71 /* mgwuSDK.framework */; };
		6273BC2A1A093B58001F0C71 /* aqua.png in Resources */ = {isa = PBXBuildFile; fileRef = 6273BBE41A093B58001F0C71 /* aqua.png */; };
		6273BC2B1A093B58001F0C71 /* bluechatbubble.png in Resources */ = {isa = PBXBuildFile; fileRef = 6273BBE51A093B58001F0C71 /* bluechatbubble.png */; };
		6273BC2C1A093B58001F0C71 /* CrossPromoViewController.nib in Resources */ = {isa = PBXBuildFile; fileRef = 6273BBE61A093B58001F0C71 /* CrossPromoViewController.nib */; };
		6273BC2D1A093B58001F0C71 /* FacebookIcon.png in Resources */ = {isa = PBXBuildFile; fileRef = 6273BBE71A093B58001F0C71 /* FacebookIcon.png */; };
		6273BC2E1A093B58001F0C71 /* fb_connect.png in Resources */ = {isa = PBXBuildFile; fileRef = 6273BBE81A093B58001F0C71 /* fb_connect.png */; };
		6273BC2F1A093B58001F0C71 /* FBLoginButton.png in Resources */ = {isa = PBXBuildFile; fileRef = 6273BBE91A093B58001F0C71 /* FBLoginButton.png */; };
		6273BC301A093B58001F0C71 /* FBLoginButton@2x.png in Resources */ = {isa = PBXBuildFile; fileRef = 6273BBEA1A093B58001F0C71 /* FBLoginButton@2x.png */; };
		6273BC311A093B58001F0C71 /* FBLoginButtonPressed.png in Resources */ = {isa = PBXBuildFile; fileRef = 6273BBEB1A093B58001F0C71 /* FBLoginButtonPressed.png */; };
		6273BC321A093B58001F0C71 /* FBLoginButtonPressed@2x.png in Resources */ = {isa = PBXBuildFile; fileRef = 6273BBEC1A093B58001F0C71 /* FBLoginButtonPressed@2x.png */; };
		6273BC331A093B58001F0C71 /* FBNoThanksButton.png in Resources */ = {isa = PBXBuildFile; fileRef = 6273BBED1A093B58001F0C71 /* FBNoThanksButton.png */; };
		6273BC341A093B58001F0C71 /* FBNoThanksButton@2x.png in Resources */ = {isa = PBXBuildFile; fileRef = 6273BBEE1A093B58001F0C71 /* FBNoThanksButton@2x.png */; };
		6273BC351A093B58001F0C71 /* FBNoThanksButtonPressed.png in Resources */ = {isa = PBXBuildFile; fileRef = 6273BBEF1A093B58001F0C71 /* FBNoThanksButtonPressed.png */; };
		6273BC361A093B58001F0C71 /* FBNoThanksButtonPressed@2x.png in Resources */ = {isa = PBXBuildFile; fileRef = 6273BBF01A093B58001F0C71 /* FBNoThanksButtonPressed@2x.png */; };
		6273BC371A093B58001F0C71 /* green.png in Resources */ = {isa = PBXBuildFile; fileRef = 6273BBF11A093B58001F0C71 /* green.png */; };
		6273BC381A093B58001F0C71 /* grey-background.png in Resources */ = {isa = PBXBuildFile; fileRef = 6273BBF21A093B58001F0C71 /* grey-background.png */; };
		6273BC391A093B58001F0C71 /* hipmob.back.btn.png in Resources */ = {isa = PBXBuildFile; fileRef = 6273BBF31A093B58001F0C71 /* hipmob.back.btn.png */; };
		6273BC3A1A093B58001F0C71 /* hipmob.send.png in Resources */ = {isa = PBXBuildFile; fileRef = 6273BBF41A093B58001F0C71 /* hipmob.send.png */; };
		6273BC3B1A093B58001F0C71 /* hipmobsend_field.png in Resources */ = {isa = PBXBuildFile; fileRef = 6273BBF51A093B58001F0C71 /* hipmobsend_field.png */; };
		6273BC3C1A093B58001F0C71 /* hipmobsend_field@2x.png in Resources */ = {isa = PBXBuildFile; fileRef = 6273BBF61A093B58001F0C71 /* hipmobsend_field@2x.png */; };
		6273BC3D1A093B58001F0C71 /* mgwu-gk-notification.png in Resources */ = {isa = PBXBuildFile; fileRef = 6273BBF71A093B58001F0C71 /* mgwu-gk-notification.png */; };
		6273BC3E1A093B58001F0C71 /* mgwu-gk-notification@2x.png in Resources */ = {isa = PBXBuildFile; fileRef = 6273BBF81A093B58001F0C71 /* mgwu-gk-notification@2x.png */; };
		6273BC3F1A093B58001F0C71 /* mgwu-m.png in Resources */ = {isa = PBXBuildFile; fileRef = 6273BBF91A093B58001F0C71 /* mgwu-m.png */; };
		6273BC401A093B58001F0C71 /* mgwu-m@2x.png in Resources */ = {isa = PBXBuildFile; fileRef = 6273BBFA1A093B58001F0C71 /* mgwu-m@2x.png */; };
		6273BC411A093B58001F0C71 /* MGWUAboutFooter-Landscape-568h@2x~iphone.png in Resources */ = {isa = PBXBuildFile; fileRef = 6273BBFB1A093B58001F0C71 /* MGWUAboutFooter-Landscape-568h@2x~iphone.png */; };
		6273BC421A093B58001F0C71 /* MGWUAboutFooter-Landscape@2x~ipad.png in Resources */ = {isa = PBXBuildFile; fileRef = 6273BBFC1A093B58001F0C71 /* MGWUAboutFooter-Landscape@2x~ipad.png */; };
		6273BC431A093B58001F0C71 /* MGWUAboutFooter-Landscape@2x~iphone.png in Resources */ = {isa = PBXBuildFile; fileRef = 6273BBFD1A093B58001F0C71 /* MGWUAboutFooter-Landscape@2x~iphone.png */; };
		6273BC441A093B58001F0C71 /* MGWUAboutFooter-Landscape~ipad.png in Resources */ = {isa = PBXBuildFile; fileRef = 6273BBFE1A093B58001F0C71 /* MGWUAboutFooter-Landscape~ipad.png */; };
		6273BC451A093B58001F0C71 /* MGWUAboutFooter-Landscape~iphone.png in Resources */ = {isa = PBXBuildFile; fileRef = 6273BBFF1A093B58001F0C71 /* MGWUAboutFooter-Landscape~iphone.png */; };
		6273BC461A093B58001F0C71 /* MGWUAboutFooter-Portrait@2x~ipad.png in Resources */ = {isa = PBXBuildFile; fileRef = 6273BC001A093B58001F0C71 /* MGWUAboutFooter-Portrait@2x~ipad.png */; };
		6273BC471A093B58001F0C71 /* MGWUAboutFooter-Portrait@2x~iphone.png in Resources */ = {isa = PBXBuildFile; fileRef = 6273BC011A093B58001F0C71 /* MGWUAboutFooter-Portrait@2x~iphone.png */; };
		6273BC481A093B58001F0C71 /* MGWUAboutFooter-Portrait~ipad.png in Resources */ = {isa = PBXBuildFile; fileRef = 6273BC021A093B58001F0C71 /* MGWUAboutFooter-Portrait~ipad.png */; };
		6273BC491A093B58001F0C71 /* MGWUAboutFooter-Portrait~iphone.png in Resources */ = {isa = PBXBuildFile; fileRef = 6273BC031A093B58001F0C71 /* MGWUAboutFooter-Portrait~iphone.png */; };
		6273BC4A1A093B58001F0C71 /* MGWUBackground-Landscape@2x~ipad.png in Resources */ = {isa = PBXBuildFile; fileRef = 6273BC041A093B58001F0C71 /* MGWUBackground-Landscape@2x~ipad.png */; };
		6273BC4B1A093B58001F0C71 /* MGWUBackground-Landscape@2x~iphone.png in Resources */ = {isa = PBXBuildFile; fileRef = 6273BC051A093B58001F0C71 /* MGWUBackground-Landscape@2x~iphone.png */; };
		6273BC4C1A093B58001F0C71 /* MGWUBackground-Landscape~ipad.png in Resources */ = {isa = PBXBuildFile; fileRef = 6273BC061A093B58001F0C71 /* MGWUBackground-Landscape~ipad.png */; };
		6273BC4D1A093B58001F0C71 /* MGWUBackground-Landscape~iphone.png in Resources */ = {isa = PBXBuildFile; fileRef = 6273BC071A093B58001F0C71 /* MGWUBackground-Landscape~iphone.png */; };
		6273BC4E1A093B58001F0C71 /* MGWUBackground-Portrait@2x~ipad.png in Resources */ = {isa = PBXBuildFile; fileRef = 6273BC081A093B58001F0C71 /* MGWUBackground-Portrait@2x~ipad.png */; };
		6273BC4F1A093B58001F0C71 /* MGWUBackground-Portrait@2x~iphone.png in Resources */ = {isa = PBXBuildFile; fileRef = 6273BC091A093B58001F0C71 /* MGWUBackground-Portrait@2x~iphone.png */; };
		6273BC501A093B58001F0C71 /* MGWUBackground-Portrait~ipad.png in Resources */ = {isa = PBXBuildFile; fileRef = 6273BC0A1A093B58001F0C71 /* MGWUBackground-Portrait~ipad.png */; };
		6273BC511A093B58001F0C71 /* MGWUBackground-Portrait~iphone.png in Resources */ = {isa = PBXBuildFile; fileRef = 6273BC0B1A093B58001F0C71 /* MGWUBackground-Portrait~iphone.png */; };
		6273BC521A093B58001F0C71 /* MGWUBackgroundDark-Landscape@2x~ipad.png in Resources */ = {isa = PBXBuildFile; fileRef = 6273BC0C1A093B58001F0C71 /* MGWUBackgroundDark-Landscape@2x~ipad.png */; };
		6273BC531A093B58001F0C71 /* MGWUBackgroundDark-Landscape@2x~iphone.png in Resources */ = {isa = PBXBuildFile; fileRef = 6273BC0D1A093B58001F0C71 /* MGWUBackgroundDark-Landscape@2x~iphone.png */; };
		6273BC541A093B58001F0C71 /* MGWUBackgroundDark-Landscape~ipad.png in Resources */ = {isa = PBXBuildFile; fileRef = 6273BC0E1A093B58001F0C71 /* MGWUBackgroundDark-Landscape~ipad.png */; };
		6273BC551A093B58001F0C71 /* MGWUBackgroundDark-Landscape~iphone.png in Resources */ = {isa = PBXBuildFile; fileRef = 6273BC0F1A093B58001F0C71 /* MGWUBackgroundDark-Landscape~iphone.png */; };
		6273BC561A093B58001F0C71 /* MGWUBackgroundDark-Portrait@2x~ipad.png in Resources */ = {isa = PBXBuildFile; fileRef = 6273BC101A093B58001F0C71 /* MGWUBackgroundDark-Portrait@2x~ipad.png */; };
		6273BC571A093B58001F0C71 /* MGWUBackgroundDark-Portrait@2x~iphone.png in Resources */ = {isa = PBXBuildFile; fileRef = 6273BC111A093B58001F0C71 /* MGWUBackgroundDark-Portrait@2x~iphone.png */; };
		6273BC581A093B58001F0C71 /* MGWUBackgroundDark-Portrait~ipad.png in Resources */ = {isa = PBXBuildFile; fileRef = 6273BC121A093B58001F0C71 /* MGWUBackgroundDark-Portrait~ipad.png */; };
		6273BC591A093B58001F0C71 /* MGWUBackgroundDark-Portrait~iphone.png in Resources */ = {isa = PBXBuildFile; fileRef = 6273BC131A093B58001F0C71 /* MGWUBackgroundDark-Portrait~iphone.png */; };
		6273BC5A1A093B58001F0C71 /* MGWUClose.png in Resources */ = {isa = PBXBuildFile; fileRef = 6273BC141A093B58001F0C71 /* MGWUClose.png */; };
		6273BC5B1A093B58001F0C71 /* MGWUClose@2x.png in Resources */ = {isa = PBXBuildFile; fileRef = 6273BC151A093B58001F0C71 /* MGWUClose@2x.png */; };
		6273BC5C1A093B58001F0C71 /* MGWUFacebookLoginLandscape.nib in Resources */ = {isa = PBXBuildFile; fileRef = 6273BC161A093B58001F0C71 /* MGWUFacebookLoginLandscape.nib */; };
		6273BC5D1A093B58001F0C71 /* MGWUFacebookLoginLandscapeDark.nib in Resources */ = {isa = PBXBuildFile; fileRef = 6273BC171A093B58001F0C71 /* MGWUFacebookLoginLandscapeDark.nib */; };
		6273BC5E1A093B58001F0C71 /* MGWUFacebookLoginPortrait.nib in Resources */ = {isa = PBXBuildFile; fileRef = 6273BC181A093B58001F0C71 /* MGWUFacebookLoginPortrait.nib */; };
		6273BC5F1A093B58001F0C71 /* MGWUFacebookLoginPortraitDark.nib in Resources */ = {isa = PBXBuildFile; fileRef = 6273BC191A093B58001F0C71 /* MGWUFacebookLoginPortraitDark.nib */; };
		6273BC601A093B58001F0C71 /* mgwuLogo.png in Resources */ = {isa = PBXBuildFile; fileRef = 6273BC1A1A093B58001F0C71 /* mgwuLogo.png */; };
		6273BC611A093B58001F0C71 /* mgwuLogo@2x.png in Resources */ = {isa = PBXBuildFile; fileRef = 6273BC1B1A093B58001F0C71 /* mgwuLogo@2x.png */; };
		6273BC621A093B58001F0C71 /* mgwuLogoDark.png in Resources */ = {isa = PBXBuildFile; fileRef = 6273BC1C1A093B58001F0C71 /* mgwuLogoDark.png */; };
		6273BC631A093B58001F0C71 /* mgwuLogoDark@2x.png in Resources */ = {isa = PBXBuildFile; fileRef = 6273BC1D1A093B58001F0C71 /* mgwuLogoDark@2x.png */; };
		6273BC641A093B58001F0C71 /* mgwuPlaceholderIcon.png in Resources */ = {isa = PBXBuildFile; fileRef = 6273BC1E1A093B58001F0C71 /* mgwuPlaceholderIcon.png */; };
		6273BC651A093B58001F0C71 /* mgwuPlaceholderIcon@2x.png in Resources */ = {isa = PBXBuildFile; fileRef = 6273BC1F1A093B58001F0C71 /* mgwuPlaceholderIcon@2x.png */; };
		6273BC661A093B58001F0C71 /* mgwuPlaceholderIconDark.png in Resources */ = {isa = PBXBuildFile; fileRef = 6273BC201A093B58001F0C71 /* mgwuPlaceholderIconDark.png */; };
		6273BC671A093B58001F0C71 /* mgwuPlaceholderIconDark@2x.png in Resources */ = {isa = PBXBuildFile; fileRef = 6273BC211A093B58001F0C71 /* mgwuPlaceholderIconDark@2x.png */; };
		6273BC681A093B58001F0C71 /* operator.available.png in Resources */ = {isa = PBXBuildFile; fileRef = 6273BC221A093B58001F0C71 /* operator.available.png */; };
		6273BC691A093B58001F0C71 /* operator.connecting.png in Resources */ = {isa = PBXBuildFile; fileRef = 6273BC231A093B58001F0C71 /* operator.connecting.png */; };
		6273BC6A1A093B58001F0C71 /* operator.unavailable.png in Resources */ = {isa = PBXBuildFile; fileRef = 6273BC241A093B58001F0C71 /* operator.unavailable.png */; };
		6273BC6B1A093B58001F0C71 /* send-button-active.png in Resources */ = {isa = PBXBuildFile; fileRef = 6273BC251A093B58001F0C71 /* send-button-active.png */; };
		6273BC6C1A093B58001F0C71 /* send-button-inactive.png in Resources */ = {isa = PBXBuildFile; fileRef = 6273BC261A093B58001F0C71 /* send-button-inactive.png */; };
		6273BC6D1A093B58001F0C71 /* send-button-instate.png in Resources */ = {isa = PBXBuildFile; fileRef = 6273BC271A093B58001F0C71 /* send-button-instate.png */; };
		6273BC6E1A093B58001F0C71 /* send-field-landscape.png in Resources */ = {isa = PBXBuildFile; fileRef = 6273BC281A093B58001F0C71 /* send-field-landscape.png */; };
		62889D2419AFDA37005EE75F /* powerUp.wav in Resources */ = {isa = PBXBuildFile; fileRef = 62889D2319AFDA37005EE75F /* powerUp.wav */; };
		62889D2619AFEACD005EE75F /* bubble-pop1.wav in Resources */ = {isa = PBXBuildFile; fileRef = 62889D2519AFEACD005EE75F /* bubble-pop1.wav */; };
		628A6BA31A095C3F00A496AC /* beats.wav in Resources */ = {isa = PBXBuildFile; fileRef = 628A6BA21A095C3F00A496AC /* beats.wav */; };
		629019961994FA4F00ADF4DD /* PauseMenu.m in Sources */ = {isa = PBXBuildFile; fileRef = 629019951994FA4F00ADF4DD /* PauseMenu.m */; };
		629AA3671977017C003FA512 /* CATchy.wav in Resources */ = {isa = PBXBuildFile; fileRef = 629AA3661977017C003FA512 /* CATchy.wav */; };
		62A74A461A5CBA4F00FB0D65 /* ABGameKitHelper.m in Sources */ = {isa = PBXBuildFile; fileRef = 62A74A451A5CBA4E00FB0D65 /* ABGameKitHelper.m */; };
		62A74A481A5CBB8600FB0D65 /* GameKit.framework in Frameworks */ = {isa = PBXBuildFile; fileRef = 62A74A471A5CBB8600FB0D65 /* GameKit.framework */; };
		62A74A4A1A5CBC4E00FB0D65 /* CFNetwork.framework in Frameworks */ = {isa = PBXBuildFile; fileRef = 62A74A491A5CBC4E00FB0D65 /* CFNetwork.framework */; };
		62A74A4C1A5CBC6600FB0D65 /* Security.framework in Frameworks */ = {isa = PBXBuildFile; fileRef = 62A74A4B1A5CBC6600FB0D65 /* Security.framework */; };
		62A74A4E1A5CBF0000FB0D65 /* StoreKit.framework in Frameworks */ = {isa = PBXBuildFile; fileRef = 62A74A4D1A5CBF0000FB0D65 /* StoreKit.framework */; };
		62C89899199D9327007E6CD2 /* Images.xcassets in Resources */ = {isa = PBXBuildFile; fileRef = 62C89898199D9327007E6CD2 /* Images.xcassets */; };
		62C8989B199DA915007E6CD2 /* libz.dylib in Frameworks */ = {isa = PBXBuildFile; fileRef = 62C8989A199DA915007E6CD2 /* libz.dylib */; };
		62C8989D199DA920007E6CD2 /* MessageUI.framework in Frameworks */ = {isa = PBXBuildFile; fileRef = 62C8989C199DA920007E6CD2 /* MessageUI.framework */; };
		62C8989F199DA929007E6CD2 /* Social.framework in Frameworks */ = {isa = PBXBuildFile; fileRef = 62C8989E199DA929007E6CD2 /* Social.framework */; settings = {ATTRIBUTES = (Weak, ); }; };
		62C898A3199DA973007E6CD2 /* SystemConfiguration.framework in Frameworks */ = {isa = PBXBuildFile; fileRef = 62C898A2199DA973007E6CD2 /* SystemConfiguration.framework */; };
		62C898A5199DA98D007E6CD2 /* Twitter.framework in Frameworks */ = {isa = PBXBuildFile; fileRef = 62C898A4199DA98D007E6CD2 /* Twitter.framework */; settings = {ATTRIBUTES = (Weak, ); }; };
		62C91DA919997D69008A6C9D /* GameEnd.m in Sources */ = {isa = PBXBuildFile; fileRef = 62C91DA819997D69008A6C9D /* GameEnd.m */; };
		62C91DAD1999F4D9008A6C9D /* StatsMenu.m in Sources */ = {isa = PBXBuildFile; fileRef = 62C91DAC1999F4D9008A6C9D /* StatsMenu.m */; };
		62E279C21A62178400F003F5 /* Icecream.m in Sources */ = {isa = PBXBuildFile; fileRef = 62E279C11A62178400F003F5 /* Icecream.m */; };
		62EE9B9319B622FA00935BA2 /* LevelMenu.m in Sources */ = {isa = PBXBuildFile; fileRef = 62EE9B9219B622FA00935BA2 /* LevelMenu.m */; };
		62EF7F31198814DC001BF598 /* Chain.m in Sources */ = {isa = PBXBuildFile; fileRef = 62EF7F30198814DC001BF598 /* Chain.m */; };
		62FD140B198BEAD8001D87FF /* Levels.plist in Resources */ = {isa = PBXBuildFile; fileRef = 62FD140A198BEAD8001D87FF /* Levels.plist */; };
		62FF76C71A60795E008EB8D7 /* Afterglow.wav in Resources */ = {isa = PBXBuildFile; fileRef = 62FF76C61A60795D008EB8D7 /* Afterglow.wav */; };
		8392007A18EE8E3300B6C429 /* GLKit.framework in Frameworks */ = {isa = PBXBuildFile; fileRef = 8392007918EE8E3300B6C429 /* GLKit.framework */; };
		B71F5911188484E7003F4D28 /* iPad-old.png in Resources */ = {isa = PBXBuildFile; fileRef = B71F5907188484E7003F4D28 /* iPad-old.png */; };
		B71F5912188484E7003F4D28 /* iPad-old@2x.png in Resources */ = {isa = PBXBuildFile; fileRef = B71F5908188484E7003F4D28 /* iPad-old@2x.png */; };
		B71F5913188484E7003F4D28 /* iPad.png in Resources */ = {isa = PBXBuildFile; fileRef = B71F5909188484E7003F4D28 /* iPad.png */; };
		B71F5914188484E7003F4D28 /* iPad@2x.png in Resources */ = {isa = PBXBuildFile; fileRef = B71F590A188484E7003F4D28 /* iPad@2x.png */; };
		B71F5915188484E7003F4D28 /* iPhone-old.png in Resources */ = {isa = PBXBuildFile; fileRef = B71F590B188484E7003F4D28 /* iPhone-old.png */; };
		B71F5916188484E7003F4D28 /* iPhone-old@2x.png in Resources */ = {isa = PBXBuildFile; fileRef = B71F590C188484E7003F4D28 /* iPhone-old@2x.png */; };
		B71F5917188484E7003F4D28 /* iPhone.png in Resources */ = {isa = PBXBuildFile; fileRef = B71F590D188484E7003F4D28 /* iPhone.png */; };
		B71F5918188484E7003F4D28 /* iPhone@2x.png in Resources */ = {isa = PBXBuildFile; fileRef = B71F590E188484E7003F4D28 /* iPhone@2x.png */; };
		B71F5919188484E7003F4D28 /* Settings.png in Resources */ = {isa = PBXBuildFile; fileRef = B71F590F188484E7003F4D28 /* Settings.png */; };
		B71F591A188484E7003F4D28 /* Settings@2x.png in Resources */ = {isa = PBXBuildFile; fileRef = B71F5910188484E7003F4D28 /* Settings@2x.png */; };
		B737893B180761570076A88C /* Published-iOS in Resources */ = {isa = PBXBuildFile; fileRef = B737893A180761570076A88C /* Published-iOS */; };
		B737893F1807617C0076A88C /* AppDelegate.m in Sources */ = {isa = PBXBuildFile; fileRef = B737893E1807617C0076A88C /* AppDelegate.m */; };
		B7378975180762440076A88C /* Default-568h@2x.png in Resources */ = {isa = PBXBuildFile; fileRef = B737896B180762440076A88C /* Default-568h@2x.png */; };
		B7378976180762440076A88C /* Default-Landscape~ipad.png in Resources */ = {isa = PBXBuildFile; fileRef = B737896C180762440076A88C /* Default-Landscape~ipad.png */; };
		B7378977180762440076A88C /* Default.png in Resources */ = {isa = PBXBuildFile; fileRef = B737896D180762440076A88C /* Default.png */; };
		B7378978180762440076A88C /* Default@2x.png in Resources */ = {isa = PBXBuildFile; fileRef = B737896E180762440076A88C /* Default@2x.png */; };
		B73789871807631A0076A88C /* main.m in Sources */ = {isa = PBXBuildFile; fileRef = B73789851807631A0076A88C /* main.m */; };
		B737898A1807642B0076A88C /* libcocos2d.a in Frameworks */ = {isa = PBXBuildFile; fileRef = B737894B180761A90076A88C /* libcocos2d.a */; };
		B77F1B3217B978D7009739AE /* QuartzCore.framework in Frameworks */ = {isa = PBXBuildFile; fileRef = B77F1B3117B978D7009739AE /* QuartzCore.framework */; };
		B77F1B3417B978D7009739AE /* OpenGLES.framework in Frameworks */ = {isa = PBXBuildFile; fileRef = B77F1B3317B978D7009739AE /* OpenGLES.framework */; };
		B77F1B3617B978D7009739AE /* OpenAL.framework in Frameworks */ = {isa = PBXBuildFile; fileRef = B77F1B3517B978D7009739AE /* OpenAL.framework */; };
		B77F1B3817B978D7009739AE /* AudioToolbox.framework in Frameworks */ = {isa = PBXBuildFile; fileRef = B77F1B3717B978D7009739AE /* AudioToolbox.framework */; };
		B77F1B3A17B978D7009739AE /* AVFoundation.framework in Frameworks */ = {isa = PBXBuildFile; fileRef = B77F1B3917B978D7009739AE /* AVFoundation.framework */; };
		B77F1B3C17B978D7009739AE /* UIKit.framework in Frameworks */ = {isa = PBXBuildFile; fileRef = B77F1B3B17B978D7009739AE /* UIKit.framework */; };
		B77F1B3E17B978D7009739AE /* Foundation.framework in Frameworks */ = {isa = PBXBuildFile; fileRef = B77F1B3D17B978D7009739AE /* Foundation.framework */; };
		B77F1B4017B978D7009739AE /* CoreGraphics.framework in Frameworks */ = {isa = PBXBuildFile; fileRef = B77F1B3F17B978D7009739AE /* CoreGraphics.framework */; };
		B77F1B4217B978D7009739AE /* CoreText.framework in Frameworks */ = {isa = PBXBuildFile; fileRef = B77F1B4117B978D7009739AE /* CoreText.framework */; };
/* End PBXBuildFile section */

/* Begin PBXContainerItemProxy section */
		6227AB761ABD13AB00C14A0B /* PBXContainerItemProxy */ = {
			isa = PBXContainerItemProxy;
			containerPortal = B7378940180761A80076A88C /* cocos2d-ios.xcodeproj */;
			proxyType = 2;
			remoteGlobalIDString = B7E7DE341A76DB7D004234B7;
			remoteInfo = cocos2dMacFramework;
		};
		62FF76C01A5FA2D3008EB8D7 /* PBXContainerItemProxy */ = {
			isa = PBXContainerItemProxy;
			containerPortal = B7378940180761A80076A88C /* cocos2d-ios.xcodeproj */;
			proxyType = 2;
			remoteGlobalIDString = D2FEB74F194F6C9E00FC0574;
			remoteInfo = cocos2dAndroid;
		};
		62FF76C41A5FA2D3008EB8D7 /* PBXContainerItemProxy */ = {
			isa = PBXContainerItemProxy;
			containerPortal = B7378940180761A80076A88C /* cocos2d-ios.xcodeproj */;
			proxyType = 2;
			remoteGlobalIDString = 7A4037A819E37038007B6E8F;
			remoteInfo = "cocos2d-mac";
		};
		B737894A180761A90076A88C /* PBXContainerItemProxy */ = {
			isa = PBXContainerItemProxy;
			containerPortal = B7378940180761A80076A88C /* cocos2d-ios.xcodeproj */;
			proxyType = 2;
			remoteGlobalIDString = 5018F24D0DFDEAC400C013A5;
			remoteInfo = cocos2d;
		};
		B7378988180764180076A88C /* PBXContainerItemProxy */ = {
			isa = PBXContainerItemProxy;
			containerPortal = B7378940180761A80076A88C /* cocos2d-ios.xcodeproj */;
			proxyType = 1;
			remoteGlobalIDString = 5018F24C0DFDEAC400C013A5;
			remoteInfo = cocos2d;
		};
/* End PBXContainerItemProxy section */

/* Begin PBXFileReference section */
		6227AC0B1ABD168400C14A0B /* Dicewich copy-Info.plist */ = {isa = PBXFileReference; lastKnownFileType = text.plist.xml; name = "Dicewich copy-Info.plist"; path = "/Users/blanks/GitHub/nina-baculinao/ninabaculinao.spritebuilder/Dicewich copy-Info.plist"; sourceTree = "<absolute>"; };
		623F5D5E196EDB0400DC3EA5 /* Grid.h */ = {isa = PBXFileReference; fileEncoding = 4; lastKnownFileType = sourcecode.c.h; name = Grid.h; path = Source/Grid.h; sourceTree = "<group>"; };
		623F5D5F196EDB0400DC3EA5 /* Grid.m */ = {isa = PBXFileReference; fileEncoding = 4; lastKnownFileType = sourcecode.c.objc; name = Grid.m; path = Source/Grid.m; sourceTree = "<group>"; };
		623F5D6A196F0C7000DC3EA5 /* Gameplay.h */ = {isa = PBXFileReference; fileEncoding = 4; lastKnownFileType = sourcecode.c.h; name = Gameplay.h; path = Source/Gameplay.h; sourceTree = "<group>"; };
		623F5D6B196F0C7000DC3EA5 /* Gameplay.m */ = {isa = PBXFileReference; fileEncoding = 4; lastKnownFileType = sourcecode.c.objc; name = Gameplay.m; path = Source/Gameplay.m; sourceTree = "<group>"; };
		623F5D6F196F128100DC3EA5 /* Dice.h */ = {isa = PBXFileReference; fileEncoding = 4; lastKnownFileType = sourcecode.c.h; name = Dice.h; path = Source/Dice.h; sourceTree = "<group>"; };
		623F5D70196F128100DC3EA5 /* Dice.m */ = {isa = PBXFileReference; fileEncoding = 4; lastKnownFileType = sourcecode.c.objc; name = Dice.m; path = Source/Dice.m; sourceTree = "<group>"; };
		624577E419955C700017D267 /* GameState.h */ = {isa = PBXFileReference; fileEncoding = 4; lastKnownFileType = sourcecode.c.h; name = GameState.h; path = Source/GameState.h; sourceTree = "<group>"; };
		624577E519955C700017D267 /* GameState.m */ = {isa = PBXFileReference; fileEncoding = 4; lastKnownFileType = sourcecode.c.objc; name = GameState.m; path = Source/GameState.m; sourceTree = "<group>"; };
		6260CB7D1A6449A3007A3B46 /* GameAudio.h */ = {isa = PBXFileReference; fileEncoding = 4; lastKnownFileType = sourcecode.c.h; name = GameAudio.h; path = Source/GameAudio.h; sourceTree = "<group>"; };
		6260CB7E1A6449A3007A3B46 /* GameAudio.m */ = {isa = PBXFileReference; fileEncoding = 4; lastKnownFileType = sourcecode.c.objc; name = GameAudio.m; path = Source/GameAudio.m; sourceTree = "<group>"; };
		6260CB801A644A37007A3B46 /* HelpMenu.m */ = {isa = PBXFileReference; fileEncoding = 4; lastKnownFileType = sourcecode.c.objc; name = HelpMenu.m; path = Source/HelpMenu.m; sourceTree = "<group>"; };
		6260CB811A644A37007A3B46 /* MainScene.m */ = {isa = PBXFileReference; fileEncoding = 4; lastKnownFileType = sourcecode.c.objc; name = MainScene.m; path = Source/MainScene.m; sourceTree = "<group>"; };
		62646827199EAB8E00E4FAE2 /* click2.wav */ = {isa = PBXFileReference; lastKnownFileType = audio.wav; path = click2.wav; sourceTree = "<group>"; };
		62646828199EAB8E00E4FAE2 /* pop5.wav */ = {isa = PBXFileReference; lastKnownFileType = audio.wav; path = pop5.wav; sourceTree = "<group>"; };
		62646829199EAB8E00E4FAE2 /* success.wav */ = {isa = PBXFileReference; lastKnownFileType = audio.wav; path = success.wav; sourceTree = "<group>"; };
		6264682E199EC55C00E4FAE2 /* Credits.h */ = {isa = PBXFileReference; fileEncoding = 4; lastKnownFileType = sourcecode.c.h; name = Credits.h; path = Source/Credits.h; sourceTree = "<group>"; };
		6264682F199EC55C00E4FAE2 /* Credits.m */ = {isa = PBXFileReference; fileEncoding = 4; lastKnownFileType = sourcecode.c.objc; name = Credits.m; path = Source/Credits.m; sourceTree = "<group>"; };
		62646831199F9C7300E4FAE2 /* GameOver.wav */ = {isa = PBXFileReference; lastKnownFileType = audio.wav; path = GameOver.wav; sourceTree = "<group>"; };
		62646833199F9C8A00E4FAE2 /* 8-bit-boing.wav */ = {isa = PBXFileReference; lastKnownFileType = audio.wav; path = "8-bit-boing.wav"; sourceTree = "<group>"; };
		62646837199F9CB000E4FAE2 /* levelUp.wav */ = {isa = PBXFileReference; lastKnownFileType = audio.wav; path = levelUp.wav; sourceTree = "<group>"; };
		6264683919A1450C00E4FAE2 /* oneBlastWhistle.wav */ = {isa = PBXFileReference; lastKnownFileType = audio.wav; path = oneBlastWhistle.wav; sourceTree = "<group>"; };
		6273BBE21A093B58001F0C71 /* mgwuSDK.framework */ = {isa = PBXFileReference; lastKnownFileType = wrapper.framework; path = mgwuSDK.framework; sourceTree = "<group>"; };
		6273BBE41A093B58001F0C71 /* aqua.png */ = {isa = PBXFileReference; lastKnownFileType = image.png; path = aqua.png; sourceTree = "<group>"; };
		6273BBE51A093B58001F0C71 /* bluechatbubble.png */ = {isa = PBXFileReference; lastKnownFileType = image.png; path = bluechatbubble.png; sourceTree = "<group>"; };
		6273BBE61A093B58001F0C71 /* CrossPromoViewController.nib */ = {isa = PBXFileReference; lastKnownFileType = file.bplist; path = CrossPromoViewController.nib; sourceTree = "<group>"; };
		6273BBE71A093B58001F0C71 /* FacebookIcon.png */ = {isa = PBXFileReference; lastKnownFileType = image.png; path = FacebookIcon.png; sourceTree = "<group>"; };
		6273BBE81A093B58001F0C71 /* fb_connect.png */ = {isa = PBXFileReference; lastKnownFileType = image.png; path = fb_connect.png; sourceTree = "<group>"; };
		6273BBE91A093B58001F0C71 /* FBLoginButton.png */ = {isa = PBXFileReference; lastKnownFileType = image.png; path = FBLoginButton.png; sourceTree = "<group>"; };
		6273BBEA1A093B58001F0C71 /* FBLoginButton@2x.png */ = {isa = PBXFileReference; lastKnownFileType = image.png; path = "FBLoginButton@2x.png"; sourceTree = "<group>"; };
		6273BBEB1A093B58001F0C71 /* FBLoginButtonPressed.png */ = {isa = PBXFileReference; lastKnownFileType = image.png; path = FBLoginButtonPressed.png; sourceTree = "<group>"; };
		6273BBEC1A093B58001F0C71 /* FBLoginButtonPressed@2x.png */ = {isa = PBXFileReference; lastKnownFileType = image.png; path = "FBLoginButtonPressed@2x.png"; sourceTree = "<group>"; };
		6273BBED1A093B58001F0C71 /* FBNoThanksButton.png */ = {isa = PBXFileReference; lastKnownFileType = image.png; path = FBNoThanksButton.png; sourceTree = "<group>"; };
		6273BBEE1A093B58001F0C71 /* FBNoThanksButton@2x.png */ = {isa = PBXFileReference; lastKnownFileType = image.png; path = "FBNoThanksButton@2x.png"; sourceTree = "<group>"; };
		6273BBEF1A093B58001F0C71 /* FBNoThanksButtonPressed.png */ = {isa = PBXFileReference; lastKnownFileType = image.png; path = FBNoThanksButtonPressed.png; sourceTree = "<group>"; };
		6273BBF01A093B58001F0C71 /* FBNoThanksButtonPressed@2x.png */ = {isa = PBXFileReference; lastKnownFileType = image.png; path = "FBNoThanksButtonPressed@2x.png"; sourceTree = "<group>"; };
		6273BBF11A093B58001F0C71 /* green.png */ = {isa = PBXFileReference; lastKnownFileType = image.png; path = green.png; sourceTree = "<group>"; };
		6273BBF21A093B58001F0C71 /* grey-background.png */ = {isa = PBXFileReference; lastKnownFileType = image.png; path = "grey-background.png"; sourceTree = "<group>"; };
		6273BBF31A093B58001F0C71 /* hipmob.back.btn.png */ = {isa = PBXFileReference; lastKnownFileType = image.png; path = hipmob.back.btn.png; sourceTree = "<group>"; };
		6273BBF41A093B58001F0C71 /* hipmob.send.png */ = {isa = PBXFileReference; lastKnownFileType = image.png; path = hipmob.send.png; sourceTree = "<group>"; };
		6273BBF51A093B58001F0C71 /* hipmobsend_field.png */ = {isa = PBXFileReference; lastKnownFileType = image.png; path = hipmobsend_field.png; sourceTree = "<group>"; };
		6273BBF61A093B58001F0C71 /* hipmobsend_field@2x.png */ = {isa = PBXFileReference; lastKnownFileType = image.png; path = "hipmobsend_field@2x.png"; sourceTree = "<group>"; };
		6273BBF71A093B58001F0C71 /* mgwu-gk-notification.png */ = {isa = PBXFileReference; lastKnownFileType = image.png; path = "mgwu-gk-notification.png"; sourceTree = "<group>"; };
		6273BBF81A093B58001F0C71 /* mgwu-gk-notification@2x.png */ = {isa = PBXFileReference; lastKnownFileType = image.png; path = "mgwu-gk-notification@2x.png"; sourceTree = "<group>"; };
		6273BBF91A093B58001F0C71 /* mgwu-m.png */ = {isa = PBXFileReference; lastKnownFileType = image.png; path = "mgwu-m.png"; sourceTree = "<group>"; };
		6273BBFA1A093B58001F0C71 /* mgwu-m@2x.png */ = {isa = PBXFileReference; lastKnownFileType = image.png; path = "mgwu-m@2x.png"; sourceTree = "<group>"; };
		6273BBFB1A093B58001F0C71 /* MGWUAboutFooter-Landscape-568h@2x~iphone.png */ = {isa = PBXFileReference; lastKnownFileType = image.png; path = "MGWUAboutFooter-Landscape-568h@2x~iphone.png"; sourceTree = "<group>"; };
		6273BBFC1A093B58001F0C71 /* MGWUAboutFooter-Landscape@2x~ipad.png */ = {isa = PBXFileReference; lastKnownFileType = image.png; path = "MGWUAboutFooter-Landscape@2x~ipad.png"; sourceTree = "<group>"; };
		6273BBFD1A093B58001F0C71 /* MGWUAboutFooter-Landscape@2x~iphone.png */ = {isa = PBXFileReference; lastKnownFileType = image.png; path = "MGWUAboutFooter-Landscape@2x~iphone.png"; sourceTree = "<group>"; };
		6273BBFE1A093B58001F0C71 /* MGWUAboutFooter-Landscape~ipad.png */ = {isa = PBXFileReference; lastKnownFileType = image.png; path = "MGWUAboutFooter-Landscape~ipad.png"; sourceTree = "<group>"; };
		6273BBFF1A093B58001F0C71 /* MGWUAboutFooter-Landscape~iphone.png */ = {isa = PBXFileReference; lastKnownFileType = image.png; path = "MGWUAboutFooter-Landscape~iphone.png"; sourceTree = "<group>"; };
		6273BC001A093B58001F0C71 /* MGWUAboutFooter-Portrait@2x~ipad.png */ = {isa = PBXFileReference; lastKnownFileType = image.png; path = "MGWUAboutFooter-Portrait@2x~ipad.png"; sourceTree = "<group>"; };
		6273BC011A093B58001F0C71 /* MGWUAboutFooter-Portrait@2x~iphone.png */ = {isa = PBXFileReference; lastKnownFileType = image.png; path = "MGWUAboutFooter-Portrait@2x~iphone.png"; sourceTree = "<group>"; };
		6273BC021A093B58001F0C71 /* MGWUAboutFooter-Portrait~ipad.png */ = {isa = PBXFileReference; lastKnownFileType = image.png; path = "MGWUAboutFooter-Portrait~ipad.png"; sourceTree = "<group>"; };
		6273BC031A093B58001F0C71 /* MGWUAboutFooter-Portrait~iphone.png */ = {isa = PBXFileReference; lastKnownFileType = image.png; path = "MGWUAboutFooter-Portrait~iphone.png"; sourceTree = "<group>"; };
		6273BC041A093B58001F0C71 /* MGWUBackground-Landscape@2x~ipad.png */ = {isa = PBXFileReference; lastKnownFileType = image.png; path = "MGWUBackground-Landscape@2x~ipad.png"; sourceTree = "<group>"; };
		6273BC051A093B58001F0C71 /* MGWUBackground-Landscape@2x~iphone.png */ = {isa = PBXFileReference; lastKnownFileType = image.png; path = "MGWUBackground-Landscape@2x~iphone.png"; sourceTree = "<group>"; };
		6273BC061A093B58001F0C71 /* MGWUBackground-Landscape~ipad.png */ = {isa = PBXFileReference; lastKnownFileType = image.png; path = "MGWUBackground-Landscape~ipad.png"; sourceTree = "<group>"; };
		6273BC071A093B58001F0C71 /* MGWUBackground-Landscape~iphone.png */ = {isa = PBXFileReference; lastKnownFileType = image.png; path = "MGWUBackground-Landscape~iphone.png"; sourceTree = "<group>"; };
		6273BC081A093B58001F0C71 /* MGWUBackground-Portrait@2x~ipad.png */ = {isa = PBXFileReference; lastKnownFileType = image.png; path = "MGWUBackground-Portrait@2x~ipad.png"; sourceTree = "<group>"; };
		6273BC091A093B58001F0C71 /* MGWUBackground-Portrait@2x~iphone.png */ = {isa = PBXFileReference; lastKnownFileType = image.png; path = "MGWUBackground-Portrait@2x~iphone.png"; sourceTree = "<group>"; };
		6273BC0A1A093B58001F0C71 /* MGWUBackground-Portrait~ipad.png */ = {isa = PBXFileReference; lastKnownFileType = image.png; path = "MGWUBackground-Portrait~ipad.png"; sourceTree = "<group>"; };
		6273BC0B1A093B58001F0C71 /* MGWUBackground-Portrait~iphone.png */ = {isa = PBXFileReference; lastKnownFileType = image.png; path = "MGWUBackground-Portrait~iphone.png"; sourceTree = "<group>"; };
		6273BC0C1A093B58001F0C71 /* MGWUBackgroundDark-Landscape@2x~ipad.png */ = {isa = PBXFileReference; lastKnownFileType = image.png; path = "MGWUBackgroundDark-Landscape@2x~ipad.png"; sourceTree = "<group>"; };
		6273BC0D1A093B58001F0C71 /* MGWUBackgroundDark-Landscape@2x~iphone.png */ = {isa = PBXFileReference; lastKnownFileType = image.png; path = "MGWUBackgroundDark-Landscape@2x~iphone.png"; sourceTree = "<group>"; };
		6273BC0E1A093B58001F0C71 /* MGWUBackgroundDark-Landscape~ipad.png */ = {isa = PBXFileReference; lastKnownFileType = image.png; path = "MGWUBackgroundDark-Landscape~ipad.png"; sourceTree = "<group>"; };
		6273BC0F1A093B58001F0C71 /* MGWUBackgroundDark-Landscape~iphone.png */ = {isa = PBXFileReference; lastKnownFileType = image.png; path = "MGWUBackgroundDark-Landscape~iphone.png"; sourceTree = "<group>"; };
		6273BC101A093B58001F0C71 /* MGWUBackgroundDark-Portrait@2x~ipad.png */ = {isa = PBXFileReference; lastKnownFileType = image.png; path = "MGWUBackgroundDark-Portrait@2x~ipad.png"; sourceTree = "<group>"; };
		6273BC111A093B58001F0C71 /* MGWUBackgroundDark-Portrait@2x~iphone.png */ = {isa = PBXFileReference; lastKnownFileType = image.png; path = "MGWUBackgroundDark-Portrait@2x~iphone.png"; sourceTree = "<group>"; };
		6273BC121A093B58001F0C71 /* MGWUBackgroundDark-Portrait~ipad.png */ = {isa = PBXFileReference; lastKnownFileType = image.png; path = "MGWUBackgroundDark-Portrait~ipad.png"; sourceTree = "<group>"; };
		6273BC131A093B58001F0C71 /* MGWUBackgroundDark-Portrait~iphone.png */ = {isa = PBXFileReference; lastKnownFileType = image.png; path = "MGWUBackgroundDark-Portrait~iphone.png"; sourceTree = "<group>"; };
		6273BC141A093B58001F0C71 /* MGWUClose.png */ = {isa = PBXFileReference; lastKnownFileType = image.png; path = MGWUClose.png; sourceTree = "<group>"; };
		6273BC151A093B58001F0C71 /* MGWUClose@2x.png */ = {isa = PBXFileReference; lastKnownFileType = image.png; path = "MGWUClose@2x.png"; sourceTree = "<group>"; };
		6273BC161A093B58001F0C71 /* MGWUFacebookLoginLandscape.nib */ = {isa = PBXFileReference; lastKnownFileType = file.bplist; path = MGWUFacebookLoginLandscape.nib; sourceTree = "<group>"; };
		6273BC171A093B58001F0C71 /* MGWUFacebookLoginLandscapeDark.nib */ = {isa = PBXFileReference; lastKnownFileType = file.bplist; path = MGWUFacebookLoginLandscapeDark.nib; sourceTree = "<group>"; };
		6273BC181A093B58001F0C71 /* MGWUFacebookLoginPortrait.nib */ = {isa = PBXFileReference; lastKnownFileType = file.bplist; path = MGWUFacebookLoginPortrait.nib; sourceTree = "<group>"; };
		6273BC191A093B58001F0C71 /* MGWUFacebookLoginPortraitDark.nib */ = {isa = PBXFileReference; lastKnownFileType = file.bplist; path = MGWUFacebookLoginPortraitDark.nib; sourceTree = "<group>"; };
		6273BC1A1A093B58001F0C71 /* mgwuLogo.png */ = {isa = PBXFileReference; lastKnownFileType = image.png; path = mgwuLogo.png; sourceTree = "<group>"; };
		6273BC1B1A093B58001F0C71 /* mgwuLogo@2x.png */ = {isa = PBXFileReference; lastKnownFileType = image.png; path = "mgwuLogo@2x.png"; sourceTree = "<group>"; };
		6273BC1C1A093B58001F0C71 /* mgwuLogoDark.png */ = {isa = PBXFileReference; lastKnownFileType = image.png; path = mgwuLogoDark.png; sourceTree = "<group>"; };
		6273BC1D1A093B58001F0C71 /* mgwuLogoDark@2x.png */ = {isa = PBXFileReference; lastKnownFileType = image.png; path = "mgwuLogoDark@2x.png"; sourceTree = "<group>"; };
		6273BC1E1A093B58001F0C71 /* mgwuPlaceholderIcon.png */ = {isa = PBXFileReference; lastKnownFileType = image.png; path = mgwuPlaceholderIcon.png; sourceTree = "<group>"; };
		6273BC1F1A093B58001F0C71 /* mgwuPlaceholderIcon@2x.png */ = {isa = PBXFileReference; lastKnownFileType = image.png; path = "mgwuPlaceholderIcon@2x.png"; sourceTree = "<group>"; };
		6273BC201A093B58001F0C71 /* mgwuPlaceholderIconDark.png */ = {isa = PBXFileReference; lastKnownFileType = image.png; path = mgwuPlaceholderIconDark.png; sourceTree = "<group>"; };
		6273BC211A093B58001F0C71 /* mgwuPlaceholderIconDark@2x.png */ = {isa = PBXFileReference; lastKnownFileType = image.png; path = "mgwuPlaceholderIconDark@2x.png"; sourceTree = "<group>"; };
		6273BC221A093B58001F0C71 /* operator.available.png */ = {isa = PBXFileReference; lastKnownFileType = image.png; path = operator.available.png; sourceTree = "<group>"; };
		6273BC231A093B58001F0C71 /* operator.connecting.png */ = {isa = PBXFileReference; lastKnownFileType = image.png; path = operator.connecting.png; sourceTree = "<group>"; };
		6273BC241A093B58001F0C71 /* operator.unavailable.png */ = {isa = PBXFileReference; lastKnownFileType = image.png; path = operator.unavailable.png; sourceTree = "<group>"; };
		6273BC251A093B58001F0C71 /* send-button-active.png */ = {isa = PBXFileReference; lastKnownFileType = image.png; path = "send-button-active.png"; sourceTree = "<group>"; };
		6273BC261A093B58001F0C71 /* send-button-inactive.png */ = {isa = PBXFileReference; lastKnownFileType = image.png; path = "send-button-inactive.png"; sourceTree = "<group>"; };
		6273BC271A093B58001F0C71 /* send-button-instate.png */ = {isa = PBXFileReference; lastKnownFileType = image.png; path = "send-button-instate.png"; sourceTree = "<group>"; };
		6273BC281A093B58001F0C71 /* send-field-landscape.png */ = {isa = PBXFileReference; lastKnownFileType = image.png; path = "send-field-landscape.png"; sourceTree = "<group>"; };
		62889D2319AFDA37005EE75F /* powerUp.wav */ = {isa = PBXFileReference; lastKnownFileType = audio.wav; path = powerUp.wav; sourceTree = "<group>"; };
		62889D2519AFEACD005EE75F /* bubble-pop1.wav */ = {isa = PBXFileReference; lastKnownFileType = audio.wav; path = "bubble-pop1.wav"; sourceTree = "<group>"; };
		62889D2B19B30205005EE75F /* DimboRegular.ttf */ = {isa = PBXFileReference; lastKnownFileType = file; path = DimboRegular.ttf; sourceTree = "<group>"; };
		628A6BA21A095C3F00A496AC /* beats.wav */ = {isa = PBXFileReference; lastKnownFileType = audio.wav; path = beats.wav; sourceTree = "<group>"; };
		629019941994FA4F00ADF4DD /* PauseMenu.h */ = {isa = PBXFileReference; fileEncoding = 4; lastKnownFileType = sourcecode.c.h; name = PauseMenu.h; path = Source/PauseMenu.h; sourceTree = "<group>"; };
		629019951994FA4F00ADF4DD /* PauseMenu.m */ = {isa = PBXFileReference; fileEncoding = 4; lastKnownFileType = sourcecode.c.objc; name = PauseMenu.m; path = Source/PauseMenu.m; sourceTree = "<group>"; };
		629AA3661977017C003FA512 /* CATchy.wav */ = {isa = PBXFileReference; lastKnownFileType = audio.wav; path = CATchy.wav; sourceTree = "<group>"; };
		62A74A441A5CBA2E00FB0D65 /* ABGameKitHelper.h */ = {isa = PBXFileReference; lastKnownFileType = sourcecode.c.h; name = ABGameKitHelper.h; path = Source/ABGameKitHelper.h; sourceTree = "<group>"; };
		62A74A451A5CBA4E00FB0D65 /* ABGameKitHelper.m */ = {isa = PBXFileReference; fileEncoding = 4; lastKnownFileType = sourcecode.c.objc; name = ABGameKitHelper.m; path = Source/ABGameKitHelper.m; sourceTree = "<group>"; };
		62A74A471A5CBB8600FB0D65 /* GameKit.framework */ = {isa = PBXFileReference; lastKnownFileType = wrapper.framework; name = GameKit.framework; path = System/Library/Frameworks/GameKit.framework; sourceTree = SDKROOT; };
		62A74A491A5CBC4E00FB0D65 /* CFNetwork.framework */ = {isa = PBXFileReference; lastKnownFileType = wrapper.framework; name = CFNetwork.framework; path = System/Library/Frameworks/CFNetwork.framework; sourceTree = SDKROOT; };
		62A74A4B1A5CBC6600FB0D65 /* Security.framework */ = {isa = PBXFileReference; lastKnownFileType = wrapper.framework; name = Security.framework; path = System/Library/Frameworks/Security.framework; sourceTree = SDKROOT; };
		62A74A4D1A5CBF0000FB0D65 /* StoreKit.framework */ = {isa = PBXFileReference; lastKnownFileType = wrapper.framework; name = StoreKit.framework; path = System/Library/Frameworks/StoreKit.framework; sourceTree = SDKROOT; };
		62C89898199D9327007E6CD2 /* Images.xcassets */ = {isa = PBXFileReference; lastKnownFileType = folder.assetcatalog; name = Images.xcassets; path = "Dicecream Sandwich/Images.xcassets"; sourceTree = SOURCE_ROOT; };
		62C8989A199DA915007E6CD2 /* libz.dylib */ = {isa = PBXFileReference; lastKnownFileType = "compiled.mach-o.dylib"; name = libz.dylib; path = usr/lib/libz.dylib; sourceTree = SDKROOT; };
		62C8989C199DA920007E6CD2 /* MessageUI.framework */ = {isa = PBXFileReference; lastKnownFileType = wrapper.framework; name = MessageUI.framework; path = System/Library/Frameworks/MessageUI.framework; sourceTree = SDKROOT; };
		62C8989E199DA929007E6CD2 /* Social.framework */ = {isa = PBXFileReference; lastKnownFileType = wrapper.framework; name = Social.framework; path = System/Library/Frameworks/Social.framework; sourceTree = SDKROOT; };
		62C898A2199DA973007E6CD2 /* SystemConfiguration.framework */ = {isa = PBXFileReference; lastKnownFileType = wrapper.framework; name = SystemConfiguration.framework; path = System/Library/Frameworks/SystemConfiguration.framework; sourceTree = SDKROOT; };
		62C898A4199DA98D007E6CD2 /* Twitter.framework */ = {isa = PBXFileReference; lastKnownFileType = wrapper.framework; name = Twitter.framework; path = System/Library/Frameworks/Twitter.framework; sourceTree = SDKROOT; };
		62C91DA719997D69008A6C9D /* GameEnd.h */ = {isa = PBXFileReference; fileEncoding = 4; lastKnownFileType = sourcecode.c.h; name = GameEnd.h; path = Source/GameEnd.h; sourceTree = "<group>"; };
		62C91DA819997D69008A6C9D /* GameEnd.m */ = {isa = PBXFileReference; fileEncoding = 4; lastKnownFileType = sourcecode.c.objc; name = GameEnd.m; path = Source/GameEnd.m; sourceTree = "<group>"; };
		62C91DAB1999F4D9008A6C9D /* StatsMenu.h */ = {isa = PBXFileReference; fileEncoding = 4; lastKnownFileType = sourcecode.c.h; name = StatsMenu.h; path = Source/Resources/StatsMenu.h; sourceTree = "<group>"; };
		62C91DAC1999F4D9008A6C9D /* StatsMenu.m */ = {isa = PBXFileReference; fileEncoding = 4; lastKnownFileType = sourcecode.c.objc; name = StatsMenu.m; path = Source/Resources/StatsMenu.m; sourceTree = "<group>"; };
		62C91DB2199B307A008A6C9D /* HelpMenu.h */ = {isa = PBXFileReference; fileEncoding = 4; lastKnownFileType = sourcecode.c.h; name = HelpMenu.h; path = Source/HelpMenu.h; sourceTree = "<group>"; };
		62E279C01A62178400F003F5 /* Icecream.h */ = {isa = PBXFileReference; fileEncoding = 4; lastKnownFileType = sourcecode.c.h; name = Icecream.h; path = Source/Icecream.h; sourceTree = "<group>"; };
		62E279C11A62178400F003F5 /* Icecream.m */ = {isa = PBXFileReference; fileEncoding = 4; lastKnownFileType = sourcecode.c.objc; name = Icecream.m; path = Source/Icecream.m; sourceTree = "<group>"; };
		62EE9B9119B622FA00935BA2 /* LevelMenu.h */ = {isa = PBXFileReference; fileEncoding = 4; lastKnownFileType = sourcecode.c.h; name = LevelMenu.h; path = Source/LevelMenu.h; sourceTree = "<group>"; };
		62EE9B9219B622FA00935BA2 /* LevelMenu.m */ = {isa = PBXFileReference; fileEncoding = 4; lastKnownFileType = sourcecode.c.objc; name = LevelMenu.m; path = Source/LevelMenu.m; sourceTree = "<group>"; };
		62EF7F2F198814DC001BF598 /* Chain.h */ = {isa = PBXFileReference; fileEncoding = 4; lastKnownFileType = sourcecode.c.h; name = Chain.h; path = Source/Chain.h; sourceTree = "<group>"; };
		62EF7F30198814DC001BF598 /* Chain.m */ = {isa = PBXFileReference; fileEncoding = 4; lastKnownFileType = sourcecode.c.objc; name = Chain.m; path = Source/Chain.m; sourceTree = "<group>"; };
		62FD140A198BEAD8001D87FF /* Levels.plist */ = {isa = PBXFileReference; fileEncoding = 4; lastKnownFileType = text.plist.xml; name = Levels.plist; path = Source/Levels.plist; sourceTree = "<group>"; };
		62FF76C61A60795D008EB8D7 /* Afterglow.wav */ = {isa = PBXFileReference; lastKnownFileType = audio.wav; path = Afterglow.wav; sourceTree = "<group>"; };
		8392007918EE8E3300B6C429 /* GLKit.framework */ = {isa = PBXFileReference; lastKnownFileType = wrapper.framework; name = GLKit.framework; path = System/Library/Frameworks/GLKit.framework; sourceTree = SDKROOT; };
		B71F5907188484E7003F4D28 /* iPad-old.png */ = {isa = PBXFileReference; lastKnownFileType = image.png; name = "iPad-old.png"; path = "Icons/iPad-old.png"; sourceTree = "<group>"; };
		B71F5908188484E7003F4D28 /* iPad-old@2x.png */ = {isa = PBXFileReference; lastKnownFileType = image.png; name = "iPad-old@2x.png"; path = "Icons/iPad-old@2x.png"; sourceTree = "<group>"; };
		B71F5909188484E7003F4D28 /* iPad.png */ = {isa = PBXFileReference; lastKnownFileType = image.png; name = iPad.png; path = Icons/iPad.png; sourceTree = "<group>"; };
		B71F590A188484E7003F4D28 /* iPad@2x.png */ = {isa = PBXFileReference; lastKnownFileType = image.png; name = "iPad@2x.png"; path = "Icons/iPad@2x.png"; sourceTree = "<group>"; };
		B71F590B188484E7003F4D28 /* iPhone-old.png */ = {isa = PBXFileReference; lastKnownFileType = image.png; name = "iPhone-old.png"; path = "Icons/iPhone-old.png"; sourceTree = "<group>"; };
		B71F590C188484E7003F4D28 /* iPhone-old@2x.png */ = {isa = PBXFileReference; lastKnownFileType = image.png; name = "iPhone-old@2x.png"; path = "Icons/iPhone-old@2x.png"; sourceTree = "<group>"; };
		B71F590D188484E7003F4D28 /* iPhone.png */ = {isa = PBXFileReference; lastKnownFileType = image.png; name = iPhone.png; path = Icons/iPhone.png; sourceTree = "<group>"; };
		B71F590E188484E7003F4D28 /* iPhone@2x.png */ = {isa = PBXFileReference; lastKnownFileType = image.png; name = "iPhone@2x.png"; path = "Icons/iPhone@2x.png"; sourceTree = "<group>"; };
		B71F590F188484E7003F4D28 /* Settings.png */ = {isa = PBXFileReference; lastKnownFileType = image.png; name = Settings.png; path = Icons/Settings.png; sourceTree = "<group>"; };
		B71F5910188484E7003F4D28 /* Settings@2x.png */ = {isa = PBXFileReference; lastKnownFileType = image.png; name = "Settings@2x.png"; path = "Icons/Settings@2x.png"; sourceTree = "<group>"; };
		B737893A180761570076A88C /* Published-iOS */ = {isa = PBXFileReference; lastKnownFileType = folder; name = "Published-iOS"; path = "Source/Resources/Published-iOS"; sourceTree = SOURCE_ROOT; };
		B737893D1807617C0076A88C /* AppDelegate.h */ = {isa = PBXFileReference; fileEncoding = 4; lastKnownFileType = sourcecode.c.h; name = AppDelegate.h; path = Source/AppDelegate.h; sourceTree = "<group>"; };
		B737893E1807617C0076A88C /* AppDelegate.m */ = {isa = PBXFileReference; fileEncoding = 4; lastKnownFileType = sourcecode.c.objc; name = AppDelegate.m; path = Source/AppDelegate.m; sourceTree = "<group>"; };
		B7378940180761A80076A88C /* cocos2d-ios.xcodeproj */ = {isa = PBXFileReference; lastKnownFileType = "wrapper.pb-project"; name = "cocos2d-ios.xcodeproj"; path = "Source/libs/cocos2d-iphone/cocos2d-ios.xcodeproj"; sourceTree = SOURCE_ROOT; };
		B737896B180762440076A88C /* Default-568h@2x.png */ = {isa = PBXFileReference; lastKnownFileType = image.png; name = "Default-568h@2x.png"; path = "Source/Resources/Default-568h@2x.png"; sourceTree = SOURCE_ROOT; };
		B737896C180762440076A88C /* Default-Landscape~ipad.png */ = {isa = PBXFileReference; lastKnownFileType = image.png; name = "Default-Landscape~ipad.png"; path = "Source/Resources/Default-Landscape~ipad.png"; sourceTree = SOURCE_ROOT; };
		B737896D180762440076A88C /* Default.png */ = {isa = PBXFileReference; lastKnownFileType = image.png; name = Default.png; path = Source/Resources/Default.png; sourceTree = SOURCE_ROOT; };
		B737896E180762440076A88C /* Default@2x.png */ = {isa = PBXFileReference; lastKnownFileType = image.png; name = "Default@2x.png"; path = "Source/Resources/Default@2x.png"; sourceTree = SOURCE_ROOT; };
		B73789851807631A0076A88C /* main.m */ = {isa = PBXFileReference; fileEncoding = 4; lastKnownFileType = sourcecode.c.objc; name = main.m; path = Source/main.m; sourceTree = SOURCE_ROOT; };
		B73789861807631A0076A88C /* Prefix.pch */ = {isa = PBXFileReference; fileEncoding = 4; lastKnownFileType = sourcecode.c.h; name = Prefix.pch; path = Source/Prefix.pch; sourceTree = SOURCE_ROOT; wrapsLines = 0; };
		B7378992180767190076A88C /* MainScene.h */ = {isa = PBXFileReference; fileEncoding = 4; lastKnownFileType = sourcecode.c.h; name = MainScene.h; path = Source/MainScene.h; sourceTree = "<group>"; };
		B77F1B2E17B978D7009739AE /* Dicewich.app */ = {isa = PBXFileReference; explicitFileType = wrapper.application; includeInIndex = 0; path = Dicewich.app; sourceTree = BUILT_PRODUCTS_DIR; };
		B77F1B3117B978D7009739AE /* QuartzCore.framework */ = {isa = PBXFileReference; lastKnownFileType = wrapper.framework; name = QuartzCore.framework; path = System/Library/Frameworks/QuartzCore.framework; sourceTree = SDKROOT; };
		B77F1B3317B978D7009739AE /* OpenGLES.framework */ = {isa = PBXFileReference; lastKnownFileType = wrapper.framework; name = OpenGLES.framework; path = System/Library/Frameworks/OpenGLES.framework; sourceTree = SDKROOT; };
		B77F1B3517B978D7009739AE /* OpenAL.framework */ = {isa = PBXFileReference; lastKnownFileType = wrapper.framework; name = OpenAL.framework; path = System/Library/Frameworks/OpenAL.framework; sourceTree = SDKROOT; };
		B77F1B3717B978D7009739AE /* AudioToolbox.framework */ = {isa = PBXFileReference; lastKnownFileType = wrapper.framework; name = AudioToolbox.framework; path = System/Library/Frameworks/AudioToolbox.framework; sourceTree = SDKROOT; };
		B77F1B3917B978D7009739AE /* AVFoundation.framework */ = {isa = PBXFileReference; lastKnownFileType = wrapper.framework; name = AVFoundation.framework; path = System/Library/Frameworks/AVFoundation.framework; sourceTree = SDKROOT; };
		B77F1B3B17B978D7009739AE /* UIKit.framework */ = {isa = PBXFileReference; lastKnownFileType = wrapper.framework; name = UIKit.framework; path = System/Library/Frameworks/UIKit.framework; sourceTree = SDKROOT; };
		B77F1B3D17B978D7009739AE /* Foundation.framework */ = {isa = PBXFileReference; lastKnownFileType = wrapper.framework; name = Foundation.framework; path = System/Library/Frameworks/Foundation.framework; sourceTree = SDKROOT; };
		B77F1B3F17B978D7009739AE /* CoreGraphics.framework */ = {isa = PBXFileReference; lastKnownFileType = wrapper.framework; name = CoreGraphics.framework; path = System/Library/Frameworks/CoreGraphics.framework; sourceTree = SDKROOT; };
		B77F1B4117B978D7009739AE /* CoreText.framework */ = {isa = PBXFileReference; lastKnownFileType = wrapper.framework; name = CoreText.framework; path = System/Library/Frameworks/CoreText.framework; sourceTree = SDKROOT; };
		B7B3713D180358F1007369CC /* libObjectiveChipmunk.a */ = {isa = PBXFileReference; lastKnownFileType = archive.ar; name = libObjectiveChipmunk.a; path = "../libs/cocos2d-iphone/external/Chipmunk/xcode/build/Debug-iphoneos/libObjectiveChipmunk.a"; sourceTree = "<group>"; };
/* End PBXFileReference section */

/* Begin PBXFrameworksBuildPhase section */
		B77F1B2B17B978D7009739AE /* Frameworks */ = {
			isa = PBXFrameworksBuildPhase;
			buildActionMask = 2147483647;
			files = (
				62C898A3199DA973007E6CD2 /* SystemConfiguration.framework in Frameworks */,
				62A74A4C1A5CBC6600FB0D65 /* Security.framework in Frameworks */,
				62A74A4A1A5CBC4E00FB0D65 /* CFNetwork.framework in Frameworks */,
				62A74A481A5CBB8600FB0D65 /* GameKit.framework in Frameworks */,
				62C898A5199DA98D007E6CD2 /* Twitter.framework in Frameworks */,
				62C8989F199DA929007E6CD2 /* Social.framework in Frameworks */,
				62C8989D199DA920007E6CD2 /* MessageUI.framework in Frameworks */,
				6273BC291A093B58001F0C71 /* mgwuSDK.framework in Frameworks */,
				62C8989B199DA915007E6CD2 /* libz.dylib in Frameworks */,
				8392007A18EE8E3300B6C429 /* GLKit.framework in Frameworks */,
				B737898A1807642B0076A88C /* libcocos2d.a in Frameworks */,
				B77F1B3217B978D7009739AE /* QuartzCore.framework in Frameworks */,
				B77F1B3417B978D7009739AE /* OpenGLES.framework in Frameworks */,
				B77F1B3617B978D7009739AE /* OpenAL.framework in Frameworks */,
				B77F1B3817B978D7009739AE /* AudioToolbox.framework in Frameworks */,
				62A74A4E1A5CBF0000FB0D65 /* StoreKit.framework in Frameworks */,
				B77F1B3A17B978D7009739AE /* AVFoundation.framework in Frameworks */,
				B77F1B3C17B978D7009739AE /* UIKit.framework in Frameworks */,
				B77F1B3E17B978D7009739AE /* Foundation.framework in Frameworks */,
				B77F1B4017B978D7009739AE /* CoreGraphics.framework in Frameworks */,
				B77F1B4217B978D7009739AE /* CoreText.framework in Frameworks */,
			);
			runOnlyForDeploymentPostprocessing = 0;
		};
/* End PBXFrameworksBuildPhase section */

/* Begin PBXGroup section */
		6273BBE11A093B58001F0C71 /* mgwuSDK.embeddedframework */ = {
			isa = PBXGroup;
			children = (
				6273BBE21A093B58001F0C71 /* mgwuSDK.framework */,
				6273BBE31A093B58001F0C71 /* Resources */,
			);
			path = mgwuSDK.embeddedframework;
			sourceTree = "<group>";
		};
		6273BBE31A093B58001F0C71 /* Resources */ = {
			isa = PBXGroup;
			children = (
				6273BBE41A093B58001F0C71 /* aqua.png */,
				6273BBE51A093B58001F0C71 /* bluechatbubble.png */,
				6273BBE61A093B58001F0C71 /* CrossPromoViewController.nib */,
				6273BBE71A093B58001F0C71 /* FacebookIcon.png */,
				6273BBE81A093B58001F0C71 /* fb_connect.png */,
				6273BBE91A093B58001F0C71 /* FBLoginButton.png */,
				6273BBEA1A093B58001F0C71 /* FBLoginButton@2x.png */,
				6273BBEB1A093B58001F0C71 /* FBLoginButtonPressed.png */,
				6273BBEC1A093B58001F0C71 /* FBLoginButtonPressed@2x.png */,
				6273BBED1A093B58001F0C71 /* FBNoThanksButton.png */,
				6273BBEE1A093B58001F0C71 /* FBNoThanksButton@2x.png */,
				6273BBEF1A093B58001F0C71 /* FBNoThanksButtonPressed.png */,
				6273BBF01A093B58001F0C71 /* FBNoThanksButtonPressed@2x.png */,
				6273BBF11A093B58001F0C71 /* green.png */,
				6273BBF21A093B58001F0C71 /* grey-background.png */,
				6273BBF31A093B58001F0C71 /* hipmob.back.btn.png */,
				6273BBF41A093B58001F0C71 /* hipmob.send.png */,
				6273BBF51A093B58001F0C71 /* hipmobsend_field.png */,
				6273BBF61A093B58001F0C71 /* hipmobsend_field@2x.png */,
				6273BBF71A093B58001F0C71 /* mgwu-gk-notification.png */,
				6273BBF81A093B58001F0C71 /* mgwu-gk-notification@2x.png */,
				6273BBF91A093B58001F0C71 /* mgwu-m.png */,
				6273BBFA1A093B58001F0C71 /* mgwu-m@2x.png */,
				6273BBFB1A093B58001F0C71 /* MGWUAboutFooter-Landscape-568h@2x~iphone.png */,
				6273BBFC1A093B58001F0C71 /* MGWUAboutFooter-Landscape@2x~ipad.png */,
				6273BBFD1A093B58001F0C71 /* MGWUAboutFooter-Landscape@2x~iphone.png */,
				6273BBFE1A093B58001F0C71 /* MGWUAboutFooter-Landscape~ipad.png */,
				6273BBFF1A093B58001F0C71 /* MGWUAboutFooter-Landscape~iphone.png */,
				6273BC001A093B58001F0C71 /* MGWUAboutFooter-Portrait@2x~ipad.png */,
				6273BC011A093B58001F0C71 /* MGWUAboutFooter-Portrait@2x~iphone.png */,
				6273BC021A093B58001F0C71 /* MGWUAboutFooter-Portrait~ipad.png */,
				6273BC031A093B58001F0C71 /* MGWUAboutFooter-Portrait~iphone.png */,
				6273BC041A093B58001F0C71 /* MGWUBackground-Landscape@2x~ipad.png */,
				6273BC051A093B58001F0C71 /* MGWUBackground-Landscape@2x~iphone.png */,
				6273BC061A093B58001F0C71 /* MGWUBackground-Landscape~ipad.png */,
				6273BC071A093B58001F0C71 /* MGWUBackground-Landscape~iphone.png */,
				6273BC081A093B58001F0C71 /* MGWUBackground-Portrait@2x~ipad.png */,
				6273BC091A093B58001F0C71 /* MGWUBackground-Portrait@2x~iphone.png */,
				6273BC0A1A093B58001F0C71 /* MGWUBackground-Portrait~ipad.png */,
				6273BC0B1A093B58001F0C71 /* MGWUBackground-Portrait~iphone.png */,
				6273BC0C1A093B58001F0C71 /* MGWUBackgroundDark-Landscape@2x~ipad.png */,
				6273BC0D1A093B58001F0C71 /* MGWUBackgroundDark-Landscape@2x~iphone.png */,
				6273BC0E1A093B58001F0C71 /* MGWUBackgroundDark-Landscape~ipad.png */,
				6273BC0F1A093B58001F0C71 /* MGWUBackgroundDark-Landscape~iphone.png */,
				6273BC101A093B58001F0C71 /* MGWUBackgroundDark-Portrait@2x~ipad.png */,
				6273BC111A093B58001F0C71 /* MGWUBackgroundDark-Portrait@2x~iphone.png */,
				6273BC121A093B58001F0C71 /* MGWUBackgroundDark-Portrait~ipad.png */,
				6273BC131A093B58001F0C71 /* MGWUBackgroundDark-Portrait~iphone.png */,
				6273BC141A093B58001F0C71 /* MGWUClose.png */,
				6273BC151A093B58001F0C71 /* MGWUClose@2x.png */,
				6273BC161A093B58001F0C71 /* MGWUFacebookLoginLandscape.nib */,
				6273BC171A093B58001F0C71 /* MGWUFacebookLoginLandscapeDark.nib */,
				6273BC181A093B58001F0C71 /* MGWUFacebookLoginPortrait.nib */,
				6273BC191A093B58001F0C71 /* MGWUFacebookLoginPortraitDark.nib */,
				6273BC1A1A093B58001F0C71 /* mgwuLogo.png */,
				6273BC1B1A093B58001F0C71 /* mgwuLogo@2x.png */,
				6273BC1C1A093B58001F0C71 /* mgwuLogoDark.png */,
				6273BC1D1A093B58001F0C71 /* mgwuLogoDark@2x.png */,
				6273BC1E1A093B58001F0C71 /* mgwuPlaceholderIcon.png */,
				6273BC1F1A093B58001F0C71 /* mgwuPlaceholderIcon@2x.png */,
				6273BC201A093B58001F0C71 /* mgwuPlaceholderIconDark.png */,
				6273BC211A093B58001F0C71 /* mgwuPlaceholderIconDark@2x.png */,
				6273BC221A093B58001F0C71 /* operator.available.png */,
				6273BC231A093B58001F0C71 /* operator.connecting.png */,
				6273BC241A093B58001F0C71 /* operator.unavailable.png */,
				6273BC251A093B58001F0C71 /* send-button-active.png */,
				6273BC261A093B58001F0C71 /* send-button-inactive.png */,
				6273BC271A093B58001F0C71 /* send-button-instate.png */,
				6273BC281A093B58001F0C71 /* send-field-landscape.png */,
			);
			path = Resources;
			sourceTree = "<group>";
		};
		9222E2B918734FF800A246C7 /* libs */ = {
			isa = PBXGroup;
			children = (
				B7378940180761A80076A88C /* cocos2d-ios.xcodeproj */,
			);
			name = libs;
			sourceTree = "<group>";
		};
		B737893C1807616C0076A88C /* Source */ = {
			isa = PBXGroup;
			children = (
				B737893D1807617C0076A88C /* AppDelegate.h */,
				B737893E1807617C0076A88C /* AppDelegate.m */,
				62A74A441A5CBA2E00FB0D65 /* ABGameKitHelper.h */,
				62A74A451A5CBA4E00FB0D65 /* ABGameKitHelper.m */,
				6260CB7D1A6449A3007A3B46 /* GameAudio.h */,
				6260CB7E1A6449A3007A3B46 /* GameAudio.m */,
				624577E419955C700017D267 /* GameState.h */,
				624577E519955C700017D267 /* GameState.m */,
				B7378992180767190076A88C /* MainScene.h */,
				6260CB811A644A37007A3B46 /* MainScene.m */,
				62E279C01A62178400F003F5 /* Icecream.h */,
				62E279C11A62178400F003F5 /* Icecream.m */,
				62C91DB2199B307A008A6C9D /* HelpMenu.h */,
				6260CB801A644A37007A3B46 /* HelpMenu.m */,
				6264682E199EC55C00E4FAE2 /* Credits.h */,
				6264682F199EC55C00E4FAE2 /* Credits.m */,
				62EE9B9119B622FA00935BA2 /* LevelMenu.h */,
				62EE9B9219B622FA00935BA2 /* LevelMenu.m */,
				623F5D6A196F0C7000DC3EA5 /* Gameplay.h */,
				623F5D6B196F0C7000DC3EA5 /* Gameplay.m */,
				623F5D5E196EDB0400DC3EA5 /* Grid.h */,
				623F5D5F196EDB0400DC3EA5 /* Grid.m */,
				623F5D6F196F128100DC3EA5 /* Dice.h */,
				623F5D70196F128100DC3EA5 /* Dice.m */,
				62EF7F2F198814DC001BF598 /* Chain.h */,
				62EF7F30198814DC001BF598 /* Chain.m */,
				629019941994FA4F00ADF4DD /* PauseMenu.h */,
				629019951994FA4F00ADF4DD /* PauseMenu.m */,
				62C91DA719997D69008A6C9D /* GameEnd.h */,
				62C91DA819997D69008A6C9D /* GameEnd.m */,
				62C91DAB1999F4D9008A6C9D /* StatsMenu.h */,
				62C91DAC1999F4D9008A6C9D /* StatsMenu.m */,
				62FD140A198BEAD8001D87FF /* Levels.plist */,
			);
			name = Source;
			sourceTree = "<group>";
		};
		B7378941180761A80076A88C /* Products */ = {
			isa = PBXGroup;
			children = (
				B737894B180761A90076A88C /* libcocos2d.a */,
				62FF76C11A5FA2D3008EB8D7 /* libcocos2dAndroid.a */,
				62FF76C51A5FA2D3008EB8D7 /* libcocos2d-mac.a */,
				6227AB771ABD13AB00C14A0B /* cocos2dMacFramework.framework */,
			);
			name = Products;
			sourceTree = "<group>";
		};
		B73789911807667A0076A88C /* Icons */ = {
			isa = PBXGroup;
			children = (
				B71F5907188484E7003F4D28 /* iPad-old.png */,
				B71F5908188484E7003F4D28 /* iPad-old@2x.png */,
				B71F5909188484E7003F4D28 /* iPad.png */,
				B71F590A188484E7003F4D28 /* iPad@2x.png */,
				B71F590B188484E7003F4D28 /* iPhone-old.png */,
				B71F590C188484E7003F4D28 /* iPhone-old@2x.png */,
				B71F590D188484E7003F4D28 /* iPhone.png */,
				B71F590E188484E7003F4D28 /* iPhone@2x.png */,
				B71F590F188484E7003F4D28 /* Settings.png */,
				B71F5910188484E7003F4D28 /* Settings@2x.png */,
				B737896B180762440076A88C /* Default-568h@2x.png */,
				B737896C180762440076A88C /* Default-Landscape~ipad.png */,
				B737896D180762440076A88C /* Default.png */,
				B737896E180762440076A88C /* Default@2x.png */,
			);
			name = Icons;
			sourceTree = "<group>";
		};
		B77F1B2517B978D7009739AE = {
			isa = PBXGroup;
			children = (
				B737893C1807616C0076A88C /* Source */,
				B77F1B4617B978D7009739AE /* Resources */,
				9222E2B918734FF800A246C7 /* libs */,
				B77F1CCF17B978D8009739AE /* Supporting Files */,
				B77F1B3017B978D7009739AE /* Frameworks */,
				B77F1B2F17B978D7009739AE /* Products */,
				6227AC0B1ABD168400C14A0B /* Dicewich copy-Info.plist */,
			);
			sourceTree = "<group>";
		};
		B77F1B2F17B978D7009739AE /* Products */ = {
			isa = PBXGroup;
			children = (
				B77F1B2E17B978D7009739AE /* Dicewich.app */,
			);
			name = Products;
			sourceTree = "<group>";
		};
		B77F1B3017B978D7009739AE /* Frameworks */ = {
			isa = PBXGroup;
			children = (
				62A74A4D1A5CBF0000FB0D65 /* StoreKit.framework */,
				62A74A4B1A5CBC6600FB0D65 /* Security.framework */,
				62A74A491A5CBC4E00FB0D65 /* CFNetwork.framework */,
				62A74A471A5CBB8600FB0D65 /* GameKit.framework */,
				6273BBE11A093B58001F0C71 /* mgwuSDK.embeddedframework */,
				62C898A4199DA98D007E6CD2 /* Twitter.framework */,
				62C898A2199DA973007E6CD2 /* SystemConfiguration.framework */,
				62C8989E199DA929007E6CD2 /* Social.framework */,
				62C8989C199DA920007E6CD2 /* MessageUI.framework */,
				62C8989A199DA915007E6CD2 /* libz.dylib */,
				8392007918EE8E3300B6C429 /* GLKit.framework */,
				B7B3713D180358F1007369CC /* libObjectiveChipmunk.a */,
				B77F1B3117B978D7009739AE /* QuartzCore.framework */,
				B77F1B3317B978D7009739AE /* OpenGLES.framework */,
				B77F1B3517B978D7009739AE /* OpenAL.framework */,
				B77F1B3717B978D7009739AE /* AudioToolbox.framework */,
				B77F1B3917B978D7009739AE /* AVFoundation.framework */,
				B77F1B3B17B978D7009739AE /* UIKit.framework */,
				B77F1B3D17B978D7009739AE /* Foundation.framework */,
				B77F1B3F17B978D7009739AE /* CoreGraphics.framework */,
				B77F1B4117B978D7009739AE /* CoreText.framework */,
			);
			name = Frameworks;
			sourceTree = "<group>";
		};
		B77F1B4617B978D7009739AE /* Resources */ = {
			isa = PBXGroup;
			children = (
				62889D2B19B30205005EE75F /* DimboRegular.ttf */,
				6264683919A1450C00E4FAE2 /* oneBlastWhistle.wav */,
				62646831199F9C7300E4FAE2 /* GameOver.wav */,
				62889D2519AFEACD005EE75F /* bubble-pop1.wav */,
				62646827199EAB8E00E4FAE2 /* click2.wav */,
				628A6BA21A095C3F00A496AC /* beats.wav */,
				62889D2319AFDA37005EE75F /* powerUp.wav */,
				62646833199F9C8A00E4FAE2 /* 8-bit-boing.wav */,
				62646837199F9CB000E4FAE2 /* levelUp.wav */,
				62646828199EAB8E00E4FAE2 /* pop5.wav */,
				62646829199EAB8E00E4FAE2 /* success.wav */,
				62C89898199D9327007E6CD2 /* Images.xcassets */,
				629AA3661977017C003FA512 /* CATchy.wav */,
				62FF76C61A60795D008EB8D7 /* Afterglow.wav */,
				B73789911807667A0076A88C /* Icons */,
				B737893A180761570076A88C /* Published-iOS */,
			);
			name = Resources;
			path = Source/Resources;
			sourceTree = "<group>";
		};
		B77F1CCF17B978D8009739AE /* Supporting Files */ = {
			isa = PBXGroup;
			children = (
				B73789851807631A0076A88C /* main.m */,
				B73789861807631A0076A88C /* Prefix.pch */,
			);
			name = "Supporting Files";
			sourceTree = "<group>";
		};
/* End PBXGroup section */

/* Begin PBXNativeTarget section */
		B77F1B2D17B978D7009739AE /* Dicewich */ = {
			isa = PBXNativeTarget;
			buildConfigurationList = B77F1CDE17B978D8009739AE /* Build configuration list for PBXNativeTarget "Dicewich" */;
			buildPhases = (
				D2E0167A18D782EC00927430 /* Run Script */,
				B77F1B2A17B978D7009739AE /* Sources */,
				B77F1B2B17B978D7009739AE /* Frameworks */,
				B77F1B2C17B978D7009739AE /* Resources */,
			);
			buildRules = (
			);
			dependencies = (
				B7378989180764180076A88C /* PBXTargetDependency */,
			);
			name = Dicewich;
			productName = Example;
			productReference = B77F1B2E17B978D7009739AE /* Dicewich.app */;
			productType = "com.apple.product-type.application";
		};
/* End PBXNativeTarget section */

/* Begin PBXProject section */
		B77F1B2617B978D7009739AE /* Project object */ = {
			isa = PBXProject;
			attributes = {
				LastUpgradeCheck = 0610;
				ORGANIZATIONNAME = Apportable;
				TargetAttributes = {
					B77F1B2D17B978D7009739AE = {
						DevelopmentTeam = ZJ2APTZC7T;
						SystemCapabilities = {
							com.apple.GameCenter = {
								enabled = 1;
							};
							com.apple.InAppPurchase = {
								enabled = 1;
							};
						};
					};
				};
			};
			buildConfigurationList = B77F1B2917B978D7009739AE /* Build configuration list for PBXProject "Dicewich" */;
			compatibilityVersion = "Xcode 3.2";
			developmentRegion = English;
			hasScannedForEncodings = 0;
			knownRegions = (
				en,
			);
			mainGroup = B77F1B2517B978D7009739AE;
			productRefGroup = B77F1B2F17B978D7009739AE /* Products */;
			projectDirPath = "";
			projectReferences = (
				{
					ProductGroup = B7378941180761A80076A88C /* Products */;
					ProjectRef = B7378940180761A80076A88C /* cocos2d-ios.xcodeproj */;
				},
			);
			projectRoot = "";
			targets = (
				B77F1B2D17B978D7009739AE /* Dicewich */,
			);
		};
/* End PBXProject section */

/* Begin PBXReferenceProxy section */
		6227AB771ABD13AB00C14A0B /* cocos2dMacFramework.framework */ = {
			isa = PBXReferenceProxy;
			fileType = wrapper.framework;
			path = cocos2dMacFramework.framework;
			remoteRef = 6227AB761ABD13AB00C14A0B /* PBXContainerItemProxy */;
			sourceTree = BUILT_PRODUCTS_DIR;
		};
		62FF76C11A5FA2D3008EB8D7 /* libcocos2dAndroid.a */ = {
			isa = PBXReferenceProxy;
			fileType = archive.ar;
			path = libcocos2dAndroid.a;
			remoteRef = 62FF76C01A5FA2D3008EB8D7 /* PBXContainerItemProxy */;
			sourceTree = BUILT_PRODUCTS_DIR;
		};
		62FF76C51A5FA2D3008EB8D7 /* libcocos2d-mac.a */ = {
			isa = PBXReferenceProxy;
			fileType = archive.ar;
			path = "libcocos2d-mac.a";
			remoteRef = 62FF76C41A5FA2D3008EB8D7 /* PBXContainerItemProxy */;
			sourceTree = BUILT_PRODUCTS_DIR;
		};
		B737894B180761A90076A88C /* libcocos2d.a */ = {
			isa = PBXReferenceProxy;
			fileType = archive.ar;
			path = libcocos2d.a;
			remoteRef = B737894A180761A90076A88C /* PBXContainerItemProxy */;
			sourceTree = BUILT_PRODUCTS_DIR;
		};
/* End PBXReferenceProxy section */

/* Begin PBXResourcesBuildPhase section */
		B77F1B2C17B978D7009739AE /* Resources */ = {
			isa = PBXResourcesBuildPhase;
			buildActionMask = 2147483647;
			files = (
				6273BC421A093B58001F0C71 /* MGWUAboutFooter-Landscape@2x~ipad.png in Resources */,
				B71F5919188484E7003F4D28 /* Settings.png in Resources */,
				6273BC611A093B58001F0C71 /* mgwuLogo@2x.png in Resources */,
				6273BC2F1A093B58001F0C71 /* FBLoginButton.png in Resources */,
				6273BC491A093B58001F0C71 /* MGWUAboutFooter-Portrait~iphone.png in Resources */,
				62646832199F9C7300E4FAE2 /* GameOver.wav in Resources */,
				6273BC5B1A093B58001F0C71 /* MGWUClose@2x.png in Resources */,
				6273BC551A093B58001F0C71 /* MGWUBackgroundDark-Landscape~iphone.png in Resources */,
				B7378978180762440076A88C /* Default@2x.png in Resources */,
				6273BC2A1A093B58001F0C71 /* aqua.png in Resources */,
				6273BC531A093B58001F0C71 /* MGWUBackgroundDark-Landscape@2x~iphone.png in Resources */,
				629AA3671977017C003FA512 /* CATchy.wav in Resources */,
				B71F5914188484E7003F4D28 /* iPad@2x.png in Resources */,
				6264682A199EAB8E00E4FAE2 /* click2.wav in Resources */,
				6273BC411A093B58001F0C71 /* MGWUAboutFooter-Landscape-568h@2x~iphone.png in Resources */,
				62646834199F9C8A00E4FAE2 /* 8-bit-boing.wav in Resources */,
				6273BC331A093B58001F0C71 /* FBNoThanksButton.png in Resources */,
				6264682B199EAB8E00E4FAE2 /* pop5.wav in Resources */,
				6273BC621A093B58001F0C71 /* mgwuLogoDark.png in Resources */,
				6273BC501A093B58001F0C71 /* MGWUBackground-Portrait~ipad.png in Resources */,
				6273BC4E1A093B58001F0C71 /* MGWUBackground-Portrait@2x~ipad.png in Resources */,
				6273BC511A093B58001F0C71 /* MGWUBackground-Portrait~iphone.png in Resources */,
				6273BC5F1A093B58001F0C71 /* MGWUFacebookLoginPortraitDark.nib in Resources */,
				B71F5913188484E7003F4D28 /* iPad.png in Resources */,
				6273BC591A093B58001F0C71 /* MGWUBackgroundDark-Portrait~iphone.png in Resources */,
				6273BC6D1A093B58001F0C71 /* send-button-instate.png in Resources */,
				6273BC561A093B58001F0C71 /* MGWUBackgroundDark-Portrait@2x~ipad.png in Resources */,
				B71F5912188484E7003F4D28 /* iPad-old@2x.png in Resources */,
				6273BC2B1A093B58001F0C71 /* bluechatbubble.png in Resources */,
				6273BC3F1A093B58001F0C71 /* mgwu-m.png in Resources */,
				6273BC6E1A093B58001F0C71 /* send-field-landscape.png in Resources */,
				B71F5916188484E7003F4D28 /* iPhone-old@2x.png in Resources */,
				6273BC671A093B58001F0C71 /* mgwuPlaceholderIconDark@2x.png in Resources */,
				6273BC391A093B58001F0C71 /* hipmob.back.btn.png in Resources */,
				62FF76C71A60795E008EB8D7 /* Afterglow.wav in Resources */,
				6273BC5E1A093B58001F0C71 /* MGWUFacebookLoginPortrait.nib in Resources */,
				628A6BA31A095C3F00A496AC /* beats.wav in Resources */,
				6273BC451A093B58001F0C71 /* MGWUAboutFooter-Landscape~iphone.png in Resources */,
				62889D2619AFEACD005EE75F /* bubble-pop1.wav in Resources */,
				6273BC371A093B58001F0C71 /* green.png in Resources */,
				6264682C199EAB8E00E4FAE2 /* success.wav in Resources */,
				6273BC4F1A093B58001F0C71 /* MGWUBackground-Portrait@2x~iphone.png in Resources */,
				62646838199F9CB000E4FAE2 /* levelUp.wav in Resources */,
				6273BC691A093B58001F0C71 /* operator.connecting.png in Resources */,
				B737893B180761570076A88C /* Published-iOS in Resources */,
				6273BC461A093B58001F0C71 /* MGWUAboutFooter-Portrait@2x~ipad.png in Resources */,
				B71F591A188484E7003F4D28 /* Settings@2x.png in Resources */,
				6273BC681A093B58001F0C71 /* operator.available.png in Resources */,
				6273BC2E1A093B58001F0C71 /* fb_connect.png in Resources */,
				6273BC601A093B58001F0C71 /* mgwuLogo.png in Resources */,
				6273BC431A093B58001F0C71 /* MGWUAboutFooter-Landscape@2x~iphone.png in Resources */,
				6264683A19A1450C00E4FAE2 /* oneBlastWhistle.wav in Resources */,
				62C89899199D9327007E6CD2 /* Images.xcassets in Resources */,
				6273BC5C1A093B58001F0C71 /* MGWUFacebookLoginLandscape.nib in Resources */,
				6273BC631A093B58001F0C71 /* mgwuLogoDark@2x.png in Resources */,
				B7378976180762440076A88C /* Default-Landscape~ipad.png in Resources */,
				6273BC3D1A093B58001F0C71 /* mgwu-gk-notification.png in Resources */,
				6273BC571A093B58001F0C71 /* MGWUBackgroundDark-Portrait@2x~iphone.png in Resources */,
				6273BC471A093B58001F0C71 /* MGWUAboutFooter-Portrait@2x~iphone.png in Resources */,
				B71F5915188484E7003F4D28 /* iPhone-old.png in Resources */,
				6273BC2D1A093B58001F0C71 /* FacebookIcon.png in Resources */,
				B71F5917188484E7003F4D28 /* iPhone.png in Resources */,
				B7378975180762440076A88C /* Default-568h@2x.png in Resources */,
				62FD140B198BEAD8001D87FF /* Levels.plist in Resources */,
				B71F5918188484E7003F4D28 /* iPhone@2x.png in Resources */,
				6273BC6A1A093B58001F0C71 /* operator.unavailable.png in Resources */,
				6273BC6C1A093B58001F0C71 /* send-button-inactive.png in Resources */,
				6273BC4B1A093B58001F0C71 /* MGWUBackground-Landscape@2x~iphone.png in Resources */,
				6273BC3C1A093B58001F0C71 /* hipmobsend_field@2x.png in Resources */,
				6273BC6B1A093B58001F0C71 /* send-button-active.png in Resources */,
				B7378977180762440076A88C /* Default.png in Resources */,
				6273BC351A093B58001F0C71 /* FBNoThanksButtonPressed.png in Resources */,
				6273BC301A093B58001F0C71 /* FBLoginButton@2x.png in Resources */,
				6273BC4C1A093B58001F0C71 /* MGWUBackground-Landscape~ipad.png in Resources */,
				6273BC481A093B58001F0C71 /* MGWUAboutFooter-Portrait~ipad.png in Resources */,
				6273BC441A093B58001F0C71 /* MGWUAboutFooter-Landscape~ipad.png in Resources */,
				6273BC5D1A093B58001F0C71 /* MGWUFacebookLoginLandscapeDark.nib in Resources */,
				6273BC5A1A093B58001F0C71 /* MGWUClose.png in Resources */,
				6273BC661A093B58001F0C71 /* mgwuPlaceholderIconDark.png in Resources */,
				6273BC341A093B58001F0C71 /* FBNoThanksButton@2x.png in Resources */,
				6273BC3B1A093B58001F0C71 /* hipmobsend_field.png in Resources */,
				6273BC4D1A093B58001F0C71 /* MGWUBackground-Landscape~iphone.png in Resources */,
				62889D2419AFDA37005EE75F /* powerUp.wav in Resources */,
				6273BC641A093B58001F0C71 /* mgwuPlaceholderIcon.png in Resources */,
				6273BC581A093B58001F0C71 /* MGWUBackgroundDark-Portrait~ipad.png in Resources */,
				6273BC361A093B58001F0C71 /* FBNoThanksButtonPressed@2x.png in Resources */,
				6273BC651A093B58001F0C71 /* mgwuPlaceholderIcon@2x.png in Resources */,
				6273BC311A093B58001F0C71 /* FBLoginButtonPressed.png in Resources */,
				6273BC521A093B58001F0C71 /* MGWUBackgroundDark-Landscape@2x~ipad.png in Resources */,
				6273BC381A093B58001F0C71 /* grey-background.png in Resources */,
				6273BC4A1A093B58001F0C71 /* MGWUBackground-Landscape@2x~ipad.png in Resources */,
				6273BC401A093B58001F0C71 /* mgwu-m@2x.png in Resources */,
				6273BC3E1A093B58001F0C71 /* mgwu-gk-notification@2x.png in Resources */,
				B71F5911188484E7003F4D28 /* iPad-old.png in Resources */,
				6273BC3A1A093B58001F0C71 /* hipmob.send.png in Resources */,
				6273BC2C1A093B58001F0C71 /* CrossPromoViewController.nib in Resources */,
				6273BC541A093B58001F0C71 /* MGWUBackgroundDark-Landscape~ipad.png in Resources */,
				6273BC321A093B58001F0C71 /* FBLoginButtonPressed@2x.png in Resources */,
			);
			runOnlyForDeploymentPostprocessing = 0;
		};
/* End PBXResourcesBuildPhase section */

/* Begin PBXShellScriptBuildPhase section */
		D2E0167A18D782EC00927430 /* Run Script */ = {
			isa = PBXShellScriptBuildPhase;
			buildActionMask = 2147483647;
			files = (
			);
			inputPaths = (
			);
			name = "Run Script";
			outputPaths = (
			);
			runOnlyForDeploymentPostprocessing = 0;
			shellPath = /bin/sh;
			shellScript = "osascript -e 'tell application \"System Events\"' -e 'set ProcessList to name of every process' -e 'if \"SpriteBuilder\" is in ProcessList then' -e 'tell application \"SpriteBuilder\" to publish' -e 'end if' -e 'end tell'";
		};
/* End PBXShellScriptBuildPhase section */

/* Begin PBXSourcesBuildPhase section */
		B77F1B2A17B978D7009739AE /* Sources */ = {
			isa = PBXSourcesBuildPhase;
			buildActionMask = 2147483647;
			files = (
				6260CB831A644A37007A3B46 /* MainScene.m in Sources */,
				623F5D71196F128100DC3EA5 /* Dice.m in Sources */,
				629019961994FA4F00ADF4DD /* PauseMenu.m in Sources */,
				62646830199EC55C00E4FAE2 /* Credits.m in Sources */,
				6260CB821A644A37007A3B46 /* HelpMenu.m in Sources */,
				62EE9B9319B622FA00935BA2 /* LevelMenu.m in Sources */,
				B737893F1807617C0076A88C /* AppDelegate.m in Sources */,
				62C91DA919997D69008A6C9D /* GameEnd.m in Sources */,
				62C91DAD1999F4D9008A6C9D /* StatsMenu.m in Sources */,
				624577E619955C700017D267 /* GameState.m in Sources */,
				62A74A461A5CBA4F00FB0D65 /* ABGameKitHelper.m in Sources */,
				623F5D6C196F0C7000DC3EA5 /* Gameplay.m in Sources */,
				62EF7F31198814DC001BF598 /* Chain.m in Sources */,
				6260CB7F1A6449A3007A3B46 /* GameAudio.m in Sources */,
				B73789871807631A0076A88C /* main.m in Sources */,
				62E279C21A62178400F003F5 /* Icecream.m in Sources */,
				623F5D60196EDB0400DC3EA5 /* Grid.m in Sources */,
			);
			runOnlyForDeploymentPostprocessing = 0;
		};
/* End PBXSourcesBuildPhase section */

/* Begin PBXTargetDependency section */
		B7378989180764180076A88C /* PBXTargetDependency */ = {
			isa = PBXTargetDependency;
			name = cocos2d;
			targetProxy = B7378988180764180076A88C /* PBXContainerItemProxy */;
		};
/* End PBXTargetDependency section */

/* Begin XCBuildConfiguration section */
		B77F1CDC17B978D8009739AE /* Debug */ = {
			isa = XCBuildConfiguration;
			buildSettings = {
				CLANG_WARN_BOOL_CONVERSION = YES;
				CLANG_WARN_CONSTANT_CONVERSION = YES;
				CLANG_WARN_EMPTY_BODY = YES;
				CLANG_WARN_ENUM_CONVERSION = YES;
				CLANG_WARN_INT_CONVERSION = YES;
				CLANG_WARN_UNREACHABLE_CODE = YES;
				CLANG_WARN__DUPLICATE_METHOD_MATCH = YES;
				"CODE_SIGN_IDENTITY[sdk=iphoneos*]" = "iPhone Developer";
				ENABLE_STRICT_OBJC_MSGSEND = YES;
				GCC_C_LANGUAGE_STANDARD = gnu99;
				GCC_OPTIMIZATION_LEVEL = 0;
				GCC_PREPROCESSOR_DEFINITIONS = (
					DEBUG,
					"COCOS2D_DEBUG=1",
				);
				GCC_SYMBOLS_PRIVATE_EXTERN = NO;
				GCC_VERSION = com.apple.compilers.llvm.clang.1_0;
				GCC_WARN_64_TO_32_BIT_CONVERSION = YES;
				GCC_WARN_ABOUT_RETURN_TYPE = YES;
				GCC_WARN_UNDECLARED_SELECTOR = YES;
				GCC_WARN_UNINITIALIZED_AUTOS = YES;
				GCC_WARN_UNUSED_FUNCTION = YES;
				GCC_WARN_UNUSED_VARIABLE = YES;
				IPHONEOS_DEPLOYMENT_TARGET = 6.0;
				ONLY_ACTIVE_ARCH = YES;
				SDKROOT = iphoneos;
				TARGETED_DEVICE_FAMILY = "1,2";
			};
			name = Debug;
		};
		B77F1CDD17B978D8009739AE /* Release */ = {
			isa = XCBuildConfiguration;
			buildSettings = {
				CLANG_WARN_BOOL_CONVERSION = YES;
				CLANG_WARN_CONSTANT_CONVERSION = YES;
				CLANG_WARN_EMPTY_BODY = YES;
				CLANG_WARN_ENUM_CONVERSION = YES;
				CLANG_WARN_INT_CONVERSION = YES;
				CLANG_WARN_UNREACHABLE_CODE = YES;
				CLANG_WARN__DUPLICATE_METHOD_MATCH = YES;
				"CODE_SIGN_IDENTITY[sdk=iphoneos*]" = "iPhone Developer";
				ENABLE_STRICT_OBJC_MSGSEND = YES;
				GCC_C_LANGUAGE_STANDARD = gnu99;
				GCC_PREPROCESSOR_DEFINITIONS = (
					NDEBUG,
					"NS_BLOCK_ASSERTIONS=1",
				);
				GCC_VERSION = com.apple.compilers.llvm.clang.1_0;
				GCC_WARN_64_TO_32_BIT_CONVERSION = YES;
				GCC_WARN_ABOUT_RETURN_TYPE = YES;
				GCC_WARN_UNDECLARED_SELECTOR = YES;
				GCC_WARN_UNINITIALIZED_AUTOS = YES;
				GCC_WARN_UNUSED_FUNCTION = YES;
				GCC_WARN_UNUSED_VARIABLE = YES;
				IPHONEOS_DEPLOYMENT_TARGET = 6.0;
				SDKROOT = iphoneos;
				TARGETED_DEVICE_FAMILY = "1,2";
			};
			name = Release;
		};
		B77F1CDF17B978D8009739AE /* Debug */ = {
			isa = XCBuildConfiguration;
			buildSettings = {
				ALWAYS_SEARCH_USER_PATHS = NO;
				ASSETCATALOG_COMPILER_APPICON_NAME = AppIcon;
				ASSETCATALOG_COMPILER_LAUNCHIMAGE_NAME = LaunchImage;
				CLANG_ENABLE_OBJC_ARC = YES;
				CODE_SIGN_IDENTITY = "iPhone Developer: Nina Baculinao (989BQC9KYV)";
				"CODE_SIGN_IDENTITY[sdk=iphoneos*]" = "iPhone Developer: Nina Baculinao (989BQC9KYV)";
				COPY_PHASE_STRIP = NO;
				FRAMEWORK_SEARCH_PATHS = (
					"$(inherited)",
					"$(PROJECT_DIR)/mgwuSDK.embeddedframework",
				);
				GCC_DYNAMIC_NO_PIC = NO;
				GCC_PRECOMPILE_PREFIX_HEADER = YES;
				GCC_PREFIX_HEADER = Source/Prefix.pch;
				HEADER_SEARCH_PATHS = (
					"\"Source/libs/cocos2d-iphone/external/kazmath/include\"/**",
					"\"Source/libs/cocos2d-iphone/cocos2d\"/**",
					"Source/libs/cocos2d-iphone/external/Chipmunk/objectivec/include",
					"Source/libs/cocos2d-iphone/external/Chipmunk/include",
					"\"Source/libs/cocos2d-iphone/cocos2d-ui\"/**",
					"\"Source/libs/cocos2d-iphone/external/ObjectAL\"/**",
				);
				INFOPLIST_FILE = Source/Resources/Info.plist;
				IPHONEOS_DEPLOYMENT_TARGET = 8.1;
				ONLY_ACTIVE_ARCH = YES;
				OTHER_LDFLAGS = (
					"-lz",
					"-lsqlite3",
					"-ObjC",
				);
				PRODUCT_NAME = Dicewich;
				PROVISIONING_PROFILE = "b69cd4cb-bb97-4044-a988-3a40bb82de7b";
				TARGETED_DEVICE_FAMILY = "1,2";
				WRAPPER_EXTENSION = app;
			};
			name = Debug;
		};
		B77F1CE017B978D8009739AE /* Release */ = {
			isa = XCBuildConfiguration;
			buildSettings = {
				ALWAYS_SEARCH_USER_PATHS = NO;
				ASSETCATALOG_COMPILER_APPICON_NAME = AppIcon;
				ASSETCATALOG_COMPILER_LAUNCHIMAGE_NAME = LaunchImage;
				CLANG_ENABLE_OBJC_ARC = YES;
				CODE_SIGN_IDENTITY = "iPhone Developer: Nina Baculinao (989BQC9KYV)";
				"CODE_SIGN_IDENTITY[sdk=iphoneos*]" = "iPhone Developer: Nina Baculinao (989BQC9KYV)";
				COPY_PHASE_STRIP = YES;
				FRAMEWORK_SEARCH_PATHS = (
					"$(inherited)",
					"$(PROJECT_DIR)/mgwuSDK.embeddedframework",
				);
				GCC_PRECOMPILE_PREFIX_HEADER = YES;
				GCC_PREFIX_HEADER = Source/Prefix.pch;
				HEADER_SEARCH_PATHS = (
					"\"Source/libs/cocos2d-iphone/external/kazmath/include\"/**",
					"\"Source/libs/cocos2d-iphone/cocos2d\"/**",
					"Source/libs/cocos2d-iphone/external/Chipmunk/objectivec/include",
					"Source/libs/cocos2d-iphone/external/Chipmunk/include",
					"\"Source/libs/cocos2d-iphone/cocos2d-ui\"/**",
					"\"Source/libs/cocos2d-iphone/external/ObjectAL\"/**",
				);
				INFOPLIST_FILE = Source/Resources/Info.plist;
				IPHONEOS_DEPLOYMENT_TARGET = 8.1;
				OTHER_LDFLAGS = (
					"-lz",
					"-lsqlite3",
					"-ObjC",
				);
				PRODUCT_NAME = Dicewich;
				PROVISIONING_PROFILE = "b69cd4cb-bb97-4044-a988-3a40bb82de7b";
				TARGETED_DEVICE_FAMILY = "1,2";
				VALIDATE_PRODUCT = YES;
				WRAPPER_EXTENSION = app;
			};
			name = Release;
		};
/* End XCBuildConfiguration section */

/* Begin XCConfigurationList section */
		B77F1B2917B978D7009739AE /* Build configuration list for PBXProject "Dicewich" */ = {
			isa = XCConfigurationList;
			buildConfigurations = (
				B77F1CDC17B978D8009739AE /* Debug */,
				B77F1CDD17B978D8009739AE /* Release */,
			);
			defaultConfigurationIsVisible = 0;
			defaultConfigurationName = Release;
		};
		B77F1CDE17B978D8009739AE /* Build configuration list for PBXNativeTarget "Dicewich" */ = {
			isa = XCConfigurationList;
			buildConfigurations = (
				B77F1CDF17B978D8009739AE /* Debug */,
				B77F1CE017B978D8009739AE /* Release */,
			);
			defaultConfigurationIsVisible = 0;
			defaultConfigurationName = Release;
		};
/* End XCConfigurationList section */
	};
	rootObject = B77F1B2617B978D7009739AE /* Project object */;
}
